PODS:
  - GodEye (2.0.3):
    - GodEye/ANREye (= 2.0.3)
    - GodEye/AppBaseKit (= 2.0.3)
    - GodEye/ASLEye (= 2.0.3)
    - GodEye/CrashEye (= 2.0.3)
    - GodEye/LeakEye (= 2.0.3)
    - GodEye/Log4G (= 2.0.3)
    - GodEye/NetworkEye (= 2.0.3)
    - GodEye/SystemEye (= 2.0.3)
    - GodEye/UIThreadEye (= 2.0.3)
    - SQLite.swift
  - GodEye/ANREye (2.0.3):
    - SQLite.swift
  - GodEye/AppBaseKit (2.0.3):
    - SQLite.swift
  - GodEye/ASLEye (2.0.3):
    - SQLite.swift
  - GodEye/CrashEye (2.0.3):
    - SQLite.swift
  - GodEye/LeakEye (2.0.3):
    - SQLite.swift
  - GodEye/Log4G (2.0.3):
    - SQLite.swift
  - GodEye/NetworkEye (2.0.3):
    - SQLite.swift
  - GodEye/SystemEye (2.0.3):
    - SQLite.swift
  - GodEye/UIThreadEye (2.0.3):
    - SQLite.swift
  - SQLite.swift (0.14.1):
    - SQLite.swift/standard (= 0.14.1)
  - SQLite.swift/standard (0.14.1)

DEPENDENCIES:
  - GodEye (from `../`)

SPEC REPOS:
  trunk:
    - SQLite.swift

EXTERNAL SOURCES:
  GodEye:
    :path: "../"

SPEC CHECKSUMS:
  GodEye: 23cbfee1456b5b17a78fb8a0c5c7caaa427c7517
  SQLite.swift: 2992550ebf3c5b268bf4352603e3df87d2a4ed72

PODFILE CHECKSUM: 1e3cc37e34a95e7b24b1946d6f44623e9ba4f950

COCOAPODS: 1.15.2
