// !$*UTF8*$!
{
	archiveVersion = 1;
	classes = {
	};
	objectVersion = 46;
	objects = {

/* Begin PBXBuildFile section */
		607FACD61AFB9204008FA782 /* AppDelegate.swift in Sources */ = {isa = PBXBuildFile; fileRef = 607FACD51AFB9204008FA782 /* AppDelegate.swift */; };
		607FACD81AFB9204008FA782 /* ViewController.swift in Sources */ = {isa = PBXBuildFile; fileRef = 607FACD71AFB9204008FA782 /* ViewController.swift */; };
		607FACDB1AFB9204008FA782 /* Main.storyboard in Resources */ = {isa = PBXBuildFile; fileRef = 607FACD91AFB9204008FA782 /* Main.storyboard */; };
		607FACDD1AFB9204008FA782 /* Images.xcassets in Resources */ = {isa = PBXBuildFile; fileRef = 607FACDC1AFB9204008FA782 /* Images.xcassets */; };
		607FACE01AFB9204008FA782 /* LaunchScreen.xib in Resources */ = {isa = PBXBuildFile; fileRef = 607FACDE1AFB9204008FA782 /* LaunchScreen.xib */; };
		607FACEC1AFB9204008FA782 /* Tests.swift in Sources */ = {isa = PBXBuildFile; fileRef = 607FACEB1AFB9204008FA782 /* Tests.swift */; };
		99EF52E446A0B2DD16C5945C /* Pods_GodEye_Tests.framework in Frameworks */ = {isa = PBXBuildFile; fileRef = E8CBB94DCF364B6182266AFF /* Pods_GodEye_Tests.framework */; };
		9E19FE3A1E25072E002A7398 /* DemoModel.swift in Sources */ = {isa = PBXBuildFile; fileRef = 9E19FE391E25072E002A7398 /* DemoModel.swift */; };
		9EA9D81F1E821D330045492A /* GodEye.h in Headers */ = {isa = PBXBuildFile; fileRef = 9EA9D81D1E821D330045492A /* GodEye.h */; settings = {ATTRIBUTES = (Public, ); }; };
		9EA9D8751E821D440045492A /* eye@2x.png in Resources */ = {isa = PBXBuildFile; fileRef = 9EA9D8261E821D440045492A /* eye@2x.png */; };
		9EA9D8761E821D440045492A /* eye@3x.png in Resources */ = {isa = PBXBuildFile; fileRef = 9EA9D8271E821D440045492A /* eye@3x.png */; };
		9EA9D8781E821D440045492A /* CommandConfiguration.swift in Sources */ = {isa = PBXBuildFile; fileRef = 9EA9D82B1E821D440045492A /* CommandConfiguration.swift */; };
		9EA9D8791E821D440045492A /* Configuration.swift in Sources */ = {isa = PBXBuildFile; fileRef = 9EA9D82C1E821D440045492A /* Configuration.swift */; };
		9EA9D87A1E821D440045492A /* ControlConfiguration.swift in Sources */ = {isa = PBXBuildFile; fileRef = 9EA9D82D1E821D440045492A /* ControlConfiguration.swift */; };
		9EA9D87B1E821D440045492A /* SwitchConfiguration.swift in Sources */ = {isa = PBXBuildFile; fileRef = 9EA9D82E1E821D440045492A /* SwitchConfiguration.swift */; };
		9EA9D87C1E821D440045492A /* GodEyeController+Show.swift in Sources */ = {isa = PBXBuildFile; fileRef = 9EA9D8301E821D440045492A /* GodEyeController+Show.swift */; };
		9EA9D87D1E821D440045492A /* GodEyeController.swift in Sources */ = {isa = PBXBuildFile; fileRef = 9EA9D8311E821D440045492A /* GodEyeController.swift */; };
		9EA9D87E1E821D440045492A /* ConsolePrintViewController.swift in Sources */ = {isa = PBXBuildFile; fileRef = 9EA9D8331E821D440045492A /* ConsolePrintViewController.swift */; };
		9EA9D87F1E821D440045492A /* ConsoleController+Eye.swift in Sources */ = {isa = PBXBuildFile; fileRef = 9EA9D8361E821D440045492A /* ConsoleController+Eye.swift */; };
		9EA9D8801E821D440045492A /* ConsoleController+TableView.swift in Sources */ = {isa = PBXBuildFile; fileRef = 9EA9D8371E821D440045492A /* ConsoleController+TableView.swift */; };
		9EA9D8811E821D440045492A /* ConsoleController.swift in Sources */ = {isa = PBXBuildFile; fileRef = 9EA9D8381E821D440045492A /* ConsoleController.swift */; };
		9EA9D8821E821D440045492A /* EyesManager.swift in Sources */ = {isa = PBXBuildFile; fileRef = 9EA9D8391E821D440045492A /* EyesManager.swift */; };
		9EA9D8831E821D440045492A /* FileController.swift in Sources */ = {isa = PBXBuildFile; fileRef = 9EA9D83B1E821D440045492A /* FileController.swift */; };
		9EA9D8841E821D440045492A /* MonitorContainerView.swift in Sources */ = {isa = PBXBuildFile; fileRef = 9EA9D83D1E821D440045492A /* MonitorContainerView.swift */; };
		9EA9D8851E821D440045492A /* MonitorController.swift in Sources */ = {isa = PBXBuildFile; fileRef = 9EA9D83E1E821D440045492A /* MonitorController.swift */; };
		9EA9D8861E821D440045492A /* SettingController.swift in Sources */ = {isa = PBXBuildFile; fileRef = 9EA9D8401E821D440045492A /* SettingController.swift */; };
		9EA9D8871E821D440045492A /* MonitorSystemType.swift in Sources */ = {isa = PBXBuildFile; fileRef = 9EA9D8421E821D440045492A /* MonitorSystemType.swift */; };
		9EA9D8881E821D440045492A /* RecordType.swift in Sources */ = {isa = PBXBuildFile; fileRef = 9EA9D8431E821D440045492A /* RecordType.swift */; };
		9EA9D8891E821D440045492A /* Define.swift in Sources */ = {isa = PBXBuildFile; fileRef = 9EA9D8441E821D440045492A /* Define.swift */; };
		9EA9D88A1E821D440045492A /* GodEye.swift in Sources */ = {isa = PBXBuildFile; fileRef = 9EA9D8451E821D440045492A /* GodEye.swift */; };
		9EA9D88B1E821D440045492A /* ANRRecordModel.swift in Sources */ = {isa = PBXBuildFile; fileRef = 9EA9D8471E821D440045492A /* ANRRecordModel.swift */; };
		9EA9D88C1E821D440045492A /* CommandRecordModel.swift in Sources */ = {isa = PBXBuildFile; fileRef = 9EA9D8481E821D440045492A /* CommandRecordModel.swift */; };
		9EA9D88D1E821D440045492A /* CrashRecordModel.swift in Sources */ = {isa = PBXBuildFile; fileRef = 9EA9D8491E821D440045492A /* CrashRecordModel.swift */; };
		9EA9D88E1E821D440045492A /* LeakRecordModel.swift in Sources */ = {isa = PBXBuildFile; fileRef = 9EA9D84A1E821D440045492A /* LeakRecordModel.swift */; };
		9EA9D88F1E821D440045492A /* LogRecordModel.swift in Sources */ = {isa = PBXBuildFile; fileRef = 9EA9D84B1E821D440045492A /* LogRecordModel.swift */; };
		9EA9D8901E821D440045492A /* NetworkRecordModel.swift in Sources */ = {isa = PBXBuildFile; fileRef = 9EA9D84C1E821D440045492A /* NetworkRecordModel.swift */; };
		9EA9D8911E821D440045492A /* ANRRecordModel+ORM.swift in Sources */ = {isa = PBXBuildFile; fileRef = 9EA9D84E1E821D440045492A /* ANRRecordModel+ORM.swift */; };
		9EA9D8921E821D440045492A /* CommandRecordModel+ORM.swift in Sources */ = {isa = PBXBuildFile; fileRef = 9EA9D84F1E821D440045492A /* CommandRecordModel+ORM.swift */; };
		9EA9D8931E821D440045492A /* CrashRecordModel+ORM.swift in Sources */ = {isa = PBXBuildFile; fileRef = 9EA9D8501E821D440045492A /* CrashRecordModel+ORM.swift */; };
		9EA9D8941E821D440045492A /* LeakRecordModel+ORM.swift in Sources */ = {isa = PBXBuildFile; fileRef = 9EA9D8511E821D440045492A /* LeakRecordModel+ORM.swift */; };
		9EA9D8951E821D440045492A /* LogRecordModel+ORM.swift in Sources */ = {isa = PBXBuildFile; fileRef = 9EA9D8521E821D440045492A /* LogRecordModel+ORM.swift */; };
		9EA9D8961E821D440045492A /* NetworkRecordModel+ORM.swift in Sources */ = {isa = PBXBuildFile; fileRef = 9EA9D8531E821D440045492A /* NetworkRecordModel+ORM.swift */; };
		9EA9D8971E821D440045492A /* ORMProtocol.swift in Sources */ = {isa = PBXBuildFile; fileRef = 9EA9D8541E821D440045492A /* ORMProtocol.swift */; };
		9EA9D8981E821D440045492A /* Store.swift in Sources */ = {isa = PBXBuildFile; fileRef = 9EA9D8561E821D440045492A /* Store.swift */; };
		9EA9D8991E821D440045492A /* UIFont+GodEye.swift in Sources */ = {isa = PBXBuildFile; fileRef = 9EA9D8571E821D440045492A /* UIFont+GodEye.swift */; };
		9EA9D89A1E821D440045492A /* UIWindow+GodEye.swift in Sources */ = {isa = PBXBuildFile; fileRef = 9EA9D8581E821D440045492A /* UIWindow+GodEye.swift */; };
		9EA9D89B1E821D440045492A /* Date+.swift in Sources */ = {isa = PBXBuildFile; fileRef = 9EA9D85B1E821D440045492A /* Date+.swift */; };
		9EA9D89C1E821D440045492A /* String+.swift in Sources */ = {isa = PBXBuildFile; fileRef = 9EA9D85C1E821D440045492A /* String+.swift */; };
		9EA9D89D1E821D440045492A /* Thread.swift in Sources */ = {isa = PBXBuildFile; fileRef = 9EA9D85D1E821D440045492A /* Thread.swift */; };
		9EA9D89E1E821D440045492A /* UITableView+.swift in Sources */ = {isa = PBXBuildFile; fileRef = 9EA9D85E1E821D440045492A /* UITableView+.swift */; };
		9EA9D89F1E821D440045492A /* UITableViewCell+.swift in Sources */ = {isa = PBXBuildFile; fileRef = 9EA9D85F1E821D440045492A /* UITableViewCell+.swift */; };
		9EA9D8A01E821D440045492A /* Double+.swift in Sources */ = {isa = PBXBuildFile; fileRef = 9EA9D8601E821D440045492A /* Double+.swift */; };
		9EA9D8A11E821D440045492A /* UIApplication+GodEye.swift in Sources */ = {isa = PBXBuildFile; fileRef = 9EA9D8611E821D440045492A /* UIApplication+GodEye.swift */; };
		9EA9D8A21E821D440045492A /* UIScreen+GodEye.swift in Sources */ = {isa = PBXBuildFile; fileRef = 9EA9D8621E821D440045492A /* UIScreen+GodEye.swift */; };
		9EA9D8A31E821D440045492A /* UIView+GodEye.swift in Sources */ = {isa = PBXBuildFile; fileRef = 9EA9D8631E821D440045492A /* UIView+GodEye.swift */; };
		9EA9D8A41E821D440045492A /* MonitorBaseView.swift in Sources */ = {isa = PBXBuildFile; fileRef = 9EA9D8661E821D440045492A /* MonitorBaseView.swift */; };
		9EA9D8A51E821D440045492A /* MonitorDeviceView.swift in Sources */ = {isa = PBXBuildFile; fileRef = 9EA9D8671E821D440045492A /* MonitorDeviceView.swift */; };
		9EA9D8A61E821D440045492A /* MonitorSysNetFlowView.swift in Sources */ = {isa = PBXBuildFile; fileRef = 9EA9D8681E821D440045492A /* MonitorSysNetFlowView.swift */; };
		9EA9D8A71E821D440045492A /* RecordTableView.swift in Sources */ = {isa = PBXBuildFile; fileRef = 9EA9D86A1E821D440045492A /* RecordTableView.swift */; };
		9EA9D8A81E821D440045492A /* RecordTableViewCell.swift in Sources */ = {isa = PBXBuildFile; fileRef = 9EA9D86B1E821D440045492A /* RecordTableViewCell.swift */; };
		9EA9D8A91E821D440045492A /* ANRRecordViewModel.swift in Sources */ = {isa = PBXBuildFile; fileRef = 9EA9D86D1E821D440045492A /* ANRRecordViewModel.swift */; };
		9EA9D8AA1E821D440045492A /* BaseRecordViewModel.swift in Sources */ = {isa = PBXBuildFile; fileRef = 9EA9D86E1E821D440045492A /* BaseRecordViewModel.swift */; };
		9EA9D8AB1E821D440045492A /* CommandRecordViewModel.swift in Sources */ = {isa = PBXBuildFile; fileRef = 9EA9D86F1E821D440045492A /* CommandRecordViewModel.swift */; };
		9EA9D8AC1E821D440045492A /* CrashRecordViewModel.swift in Sources */ = {isa = PBXBuildFile; fileRef = 9EA9D8701E821D440045492A /* CrashRecordViewModel.swift */; };
		9EA9D8AD1E821D440045492A /* LeakRecordViewModel.swift in Sources */ = {isa = PBXBuildFile; fileRef = 9EA9D8711E821D440045492A /* LeakRecordViewModel.swift */; };
		9EA9D8AE1E821D440045492A /* LogRecordViewModel.swift in Sources */ = {isa = PBXBuildFile; fileRef = 9EA9D8721E821D440045492A /* LogRecordViewModel.swift */; };
		9EA9D8AF1E821D440045492A /* NetworkRecordViewModel.swift in Sources */ = {isa = PBXBuildFile; fileRef = 9EA9D8731E821D440045492A /* NetworkRecordViewModel.swift */; };
		9EA9D8B11E821DB20045492A /* ANREye.framework in Frameworks */ = {isa = PBXBuildFile; fileRef = 9EA9D8B01E821DB20045492A /* ANREye.framework */; };
		9EA9D8B31E821DB60045492A /* AppBaseKit.framework in Frameworks */ = {isa = PBXBuildFile; fileRef = 9EA9D8B21E821DB60045492A /* AppBaseKit.framework */; };
		9EA9D8B51E821DB90045492A /* AppSwizzle.framework in Frameworks */ = {isa = PBXBuildFile; fileRef = 9EA9D8B41E821DB90045492A /* AppSwizzle.framework */; };
		9EA9D8B71E821DBD0045492A /* ASLEye.framework in Frameworks */ = {isa = PBXBuildFile; fileRef = 9EA9D8B61E821DBD0045492A /* ASLEye.framework */; };
		9EA9D8B91E821DC20045492A /* AssistiveButton.framework in Frameworks */ = {isa = PBXBuildFile; fileRef = 9EA9D8B81E821DC20045492A /* AssistiveButton.framework */; };
		9EA9D8BB1E821DCA0045492A /* CrashEye.framework in Frameworks */ = {isa = PBXBuildFile; fileRef = 9EA9D8BA1E821DCA0045492A /* CrashEye.framework */; };
		9EA9D8BD1E821DD40045492A /* ESPullToRefresh.framework in Frameworks */ = {isa = PBXBuildFile; fileRef = 9EA9D8BC1E821DD40045492A /* ESPullToRefresh.framework */; };
		9EA9D8BF1E821DD80045492A /* FileBrowser.framework in Frameworks */ = {isa = PBXBuildFile; fileRef = 9EA9D8BE1E821DD80045492A /* FileBrowser.framework */; };
		9EA9D8C11E821DDE0045492A /* LeakEye.framework in Frameworks */ = {isa = PBXBuildFile; fileRef = 9EA9D8C01E821DDE0045492A /* LeakEye.framework */; };
		9EA9D8C31E821DE20045492A /* Log4G.framework in Frameworks */ = {isa = PBXBuildFile; fileRef = 9EA9D8C21E821DE20045492A /* Log4G.framework */; };
		9EA9D8C51E821DE60045492A /* NetworkEye.framework in Frameworks */ = {isa = PBXBuildFile; fileRef = 9EA9D8C41E821DE60045492A /* NetworkEye.framework */; };
		9EA9D8C71E821DE90045492A /* SQLite.framework in Frameworks */ = {isa = PBXBuildFile; fileRef = 9EA9D8C61E821DE90045492A /* SQLite.framework */; };
		9EA9D8C91E821DED0045492A /* SwViewCapture.framework in Frameworks */ = {isa = PBXBuildFile; fileRef = 9EA9D8C81E821DED0045492A /* SwViewCapture.framework */; };
		9EA9D8CB1E821DF00045492A /* SystemEye.framework in Frameworks */ = {isa = PBXBuildFile; fileRef = 9EA9D8CA1E821DF00045492A /* SystemEye.framework */; };
		D8BE7E202C2E7281CE37BBF5 /* Pods_GodEye_Example.framework in Frameworks */ = {isa = PBXBuildFile; fileRef = DAD8E22232895D32D06FB834 /* Pods_GodEye_Example.framework */; };
/* End PBXBuildFile section */

/* Begin PBXContainerItemProxy section */
		607FACE61AFB9204008FA782 /* PBXContainerItemProxy */ = {
			isa = PBXContainerItemProxy;
			containerPortal = 607FACC81AFB9204008FA782 /* Project object */;
			proxyType = 1;
			remoteGlobalIDString = 607FACCF1AFB9204008FA782;
			remoteInfo = GodEye;
		};
/* End PBXContainerItemProxy section */

/* Begin PBXFileReference section */
		1D34D129F3BD6BA37E7CACDC /* LICENSE */ = {isa = PBXFileReference; includeInIndex = 1; lastKnownFileType = text; name = LICENSE; path = ../LICENSE; sourceTree = "<group>"; };
		22ABA4C766980F9E6C9EAF28 /* GodEye.podspec */ = {isa = PBXFileReference; includeInIndex = 1; lastKnownFileType = text; name = GodEye.podspec; path = ../GodEye.podspec; sourceTree = "<group>"; };
		4BA1184577F0555FA6D69A53 /* Pods-GodEye_Tests.debug.xcconfig */ = {isa = PBXFileReference; includeInIndex = 1; lastKnownFileType = text.xcconfig; name = "Pods-GodEye_Tests.debug.xcconfig"; path = "Pods/Target Support Files/Pods-GodEye_Tests/Pods-GodEye_Tests.debug.xcconfig"; sourceTree = "<group>"; };
		607FACD01AFB9204008FA782 /* GodEye_Example.app */ = {isa = PBXFileReference; explicitFileType = wrapper.application; includeInIndex = 0; path = GodEye_Example.app; sourceTree = BUILT_PRODUCTS_DIR; };
		607FACD41AFB9204008FA782 /* Info.plist */ = {isa = PBXFileReference; lastKnownFileType = text.plist.xml; path = Info.plist; sourceTree = "<group>"; };
		607FACD51AFB9204008FA782 /* AppDelegate.swift */ = {isa = PBXFileReference; lastKnownFileType = sourcecode.swift; path = AppDelegate.swift; sourceTree = "<group>"; };
		607FACD71AFB9204008FA782 /* ViewController.swift */ = {isa = PBXFileReference; lastKnownFileType = sourcecode.swift; path = ViewController.swift; sourceTree = "<group>"; };
		607FACDA1AFB9204008FA782 /* Base */ = {isa = PBXFileReference; lastKnownFileType = file.storyboard; name = Base; path = Base.lproj/Main.storyboard; sourceTree = "<group>"; };
		607FACDC1AFB9204008FA782 /* Images.xcassets */ = {isa = PBXFileReference; lastKnownFileType = folder.assetcatalog; path = Images.xcassets; sourceTree = "<group>"; };
		607FACDF1AFB9204008FA782 /* Base */ = {isa = PBXFileReference; lastKnownFileType = file.xib; name = Base; path = Base.lproj/LaunchScreen.xib; sourceTree = "<group>"; };
		607FACE51AFB9204008FA782 /* GodEye_Tests.xctest */ = {isa = PBXFileReference; explicitFileType = wrapper.cfbundle; includeInIndex = 0; path = GodEye_Tests.xctest; sourceTree = BUILT_PRODUCTS_DIR; };
		607FACEA1AFB9204008FA782 /* Info.plist */ = {isa = PBXFileReference; lastKnownFileType = text.plist.xml; path = Info.plist; sourceTree = "<group>"; };
		607FACEB1AFB9204008FA782 /* Tests.swift */ = {isa = PBXFileReference; lastKnownFileType = sourcecode.swift; path = Tests.swift; sourceTree = "<group>"; };
		78C2A5A02918EC5DDB2CEB2F /* Pods-GodEye_Example.debug.xcconfig */ = {isa = PBXFileReference; includeInIndex = 1; lastKnownFileType = text.xcconfig; name = "Pods-GodEye_Example.debug.xcconfig"; path = "Pods/Target Support Files/Pods-GodEye_Example/Pods-GodEye_Example.debug.xcconfig"; sourceTree = "<group>"; };
		9E19FE391E25072E002A7398 /* DemoModel.swift */ = {isa = PBXFileReference; fileEncoding = 4; lastKnownFileType = sourcecode.swift; path = DemoModel.swift; sourceTree = "<group>"; };
		9EA9D81B1E821D330045492A /* GodEye.framework */ = {isa = PBXFileReference; explicitFileType = wrapper.framework; includeInIndex = 0; path = GodEye.framework; sourceTree = BUILT_PRODUCTS_DIR; };
		9EA9D81D1E821D330045492A /* GodEye.h */ = {isa = PBXFileReference; lastKnownFileType = sourcecode.c.h; path = GodEye.h; sourceTree = "<group>"; };
		9EA9D81E1E821D330045492A /* Info.plist */ = {isa = PBXFileReference; lastKnownFileType = text.plist.xml; path = Info.plist; sourceTree = "<group>"; };
		9EA9D8261E821D440045492A /* eye@2x.png */ = {isa = PBXFileReference; lastKnownFileType = image.png; path = "eye@2x.png"; sourceTree = "<group>"; };
		9EA9D8271E821D440045492A /* eye@3x.png */ = {isa = PBXFileReference; lastKnownFileType = image.png; path = "eye@3x.png"; sourceTree = "<group>"; };
		9EA9D82B1E821D440045492A /* CommandConfiguration.swift */ = {isa = PBXFileReference; fileEncoding = 4; lastKnownFileType = sourcecode.swift; path = CommandConfiguration.swift; sourceTree = "<group>"; };
		9EA9D82C1E821D440045492A /* Configuration.swift */ = {isa = PBXFileReference; fileEncoding = 4; lastKnownFileType = sourcecode.swift; path = Configuration.swift; sourceTree = "<group>"; };
		9EA9D82D1E821D440045492A /* ControlConfiguration.swift */ = {isa = PBXFileReference; fileEncoding = 4; lastKnownFileType = sourcecode.swift; path = ControlConfiguration.swift; sourceTree = "<group>"; };
		9EA9D82E1E821D440045492A /* SwitchConfiguration.swift */ = {isa = PBXFileReference; fileEncoding = 4; lastKnownFileType = sourcecode.swift; path = SwitchConfiguration.swift; sourceTree = "<group>"; };
		9EA9D8301E821D440045492A /* GodEyeController+Show.swift */ = {isa = PBXFileReference; fileEncoding = 4; lastKnownFileType = sourcecode.swift; path = "GodEyeController+Show.swift"; sourceTree = "<group>"; };
		9EA9D8311E821D440045492A /* GodEyeController.swift */ = {isa = PBXFileReference; fileEncoding = 4; lastKnownFileType = sourcecode.swift; path = GodEyeController.swift; sourceTree = "<group>"; };
		9EA9D8331E821D440045492A /* ConsolePrintViewController.swift */ = {isa = PBXFileReference; fileEncoding = 4; lastKnownFileType = sourcecode.swift; path = ConsolePrintViewController.swift; sourceTree = "<group>"; };
		9EA9D8361E821D440045492A /* ConsoleController+Eye.swift */ = {isa = PBXFileReference; fileEncoding = 4; lastKnownFileType = sourcecode.swift; path = "ConsoleController+Eye.swift"; sourceTree = "<group>"; };
		9EA9D8371E821D440045492A /* ConsoleController+TableView.swift */ = {isa = PBXFileReference; fileEncoding = 4; lastKnownFileType = sourcecode.swift; path = "ConsoleController+TableView.swift"; sourceTree = "<group>"; };
		9EA9D8381E821D440045492A /* ConsoleController.swift */ = {isa = PBXFileReference; fileEncoding = 4; lastKnownFileType = sourcecode.swift; path = ConsoleController.swift; sourceTree = "<group>"; };
		9EA9D8391E821D440045492A /* EyesManager.swift */ = {isa = PBXFileReference; fileEncoding = 4; lastKnownFileType = sourcecode.swift; path = EyesManager.swift; sourceTree = "<group>"; };
		9EA9D83B1E821D440045492A /* FileController.swift */ = {isa = PBXFileReference; fileEncoding = 4; lastKnownFileType = sourcecode.swift; path = FileController.swift; sourceTree = "<group>"; };
		9EA9D83D1E821D440045492A /* MonitorContainerView.swift */ = {isa = PBXFileReference; fileEncoding = 4; lastKnownFileType = sourcecode.swift; path = MonitorContainerView.swift; sourceTree = "<group>"; };
		9EA9D83E1E821D440045492A /* MonitorController.swift */ = {isa = PBXFileReference; fileEncoding = 4; lastKnownFileType = sourcecode.swift; path = MonitorController.swift; sourceTree = "<group>"; };
		9EA9D8401E821D440045492A /* SettingController.swift */ = {isa = PBXFileReference; fileEncoding = 4; lastKnownFileType = sourcecode.swift; path = SettingController.swift; sourceTree = "<group>"; };
		9EA9D8421E821D440045492A /* MonitorSystemType.swift */ = {isa = PBXFileReference; fileEncoding = 4; lastKnownFileType = sourcecode.swift; path = MonitorSystemType.swift; sourceTree = "<group>"; };
		9EA9D8431E821D440045492A /* RecordType.swift */ = {isa = PBXFileReference; fileEncoding = 4; lastKnownFileType = sourcecode.swift; path = RecordType.swift; sourceTree = "<group>"; };
		9EA9D8441E821D440045492A /* Define.swift */ = {isa = PBXFileReference; fileEncoding = 4; lastKnownFileType = sourcecode.swift; path = Define.swift; sourceTree = "<group>"; };
		9EA9D8451E821D440045492A /* GodEye.swift */ = {isa = PBXFileReference; fileEncoding = 4; lastKnownFileType = sourcecode.swift; path = GodEye.swift; sourceTree = "<group>"; };
		9EA9D8471E821D440045492A /* ANRRecordModel.swift */ = {isa = PBXFileReference; fileEncoding = 4; lastKnownFileType = sourcecode.swift; path = ANRRecordModel.swift; sourceTree = "<group>"; };
		9EA9D8481E821D440045492A /* CommandRecordModel.swift */ = {isa = PBXFileReference; fileEncoding = 4; lastKnownFileType = sourcecode.swift; path = CommandRecordModel.swift; sourceTree = "<group>"; };
		9EA9D8491E821D440045492A /* CrashRecordModel.swift */ = {isa = PBXFileReference; fileEncoding = 4; lastKnownFileType = sourcecode.swift; path = CrashRecordModel.swift; sourceTree = "<group>"; };
		9EA9D84A1E821D440045492A /* LeakRecordModel.swift */ = {isa = PBXFileReference; fileEncoding = 4; lastKnownFileType = sourcecode.swift; path = LeakRecordModel.swift; sourceTree = "<group>"; };
		9EA9D84B1E821D440045492A /* LogRecordModel.swift */ = {isa = PBXFileReference; fileEncoding = 4; lastKnownFileType = sourcecode.swift; path = LogRecordModel.swift; sourceTree = "<group>"; };
		9EA9D84C1E821D440045492A /* NetworkRecordModel.swift */ = {isa = PBXFileReference; fileEncoding = 4; lastKnownFileType = sourcecode.swift; path = NetworkRecordModel.swift; sourceTree = "<group>"; };
		9EA9D84E1E821D440045492A /* ANRRecordModel+ORM.swift */ = {isa = PBXFileReference; fileEncoding = 4; lastKnownFileType = sourcecode.swift; path = "ANRRecordModel+ORM.swift"; sourceTree = "<group>"; };
		9EA9D84F1E821D440045492A /* CommandRecordModel+ORM.swift */ = {isa = PBXFileReference; fileEncoding = 4; lastKnownFileType = sourcecode.swift; path = "CommandRecordModel+ORM.swift"; sourceTree = "<group>"; };
		9EA9D8501E821D440045492A /* CrashRecordModel+ORM.swift */ = {isa = PBXFileReference; fileEncoding = 4; lastKnownFileType = sourcecode.swift; path = "CrashRecordModel+ORM.swift"; sourceTree = "<group>"; };
		9EA9D8511E821D440045492A /* LeakRecordModel+ORM.swift */ = {isa = PBXFileReference; fileEncoding = 4; lastKnownFileType = sourcecode.swift; path = "LeakRecordModel+ORM.swift"; sourceTree = "<group>"; };
		9EA9D8521E821D440045492A /* LogRecordModel+ORM.swift */ = {isa = PBXFileReference; fileEncoding = 4; lastKnownFileType = sourcecode.swift; path = "LogRecordModel+ORM.swift"; sourceTree = "<group>"; };
		9EA9D8531E821D440045492A /* NetworkRecordModel+ORM.swift */ = {isa = PBXFileReference; fileEncoding = 4; lastKnownFileType = sourcecode.swift; path = "NetworkRecordModel+ORM.swift"; sourceTree = "<group>"; };
		9EA9D8541E821D440045492A /* ORMProtocol.swift */ = {isa = PBXFileReference; fileEncoding = 4; lastKnownFileType = sourcecode.swift; path = ORMProtocol.swift; sourceTree = "<group>"; };
		9EA9D8561E821D440045492A /* Store.swift */ = {isa = PBXFileReference; fileEncoding = 4; lastKnownFileType = sourcecode.swift; path = Store.swift; sourceTree = "<group>"; };
		9EA9D8571E821D440045492A /* UIFont+GodEye.swift */ = {isa = PBXFileReference; fileEncoding = 4; lastKnownFileType = sourcecode.swift; path = "UIFont+GodEye.swift"; sourceTree = "<group>"; };
		9EA9D8581E821D440045492A /* UIWindow+GodEye.swift */ = {isa = PBXFileReference; fileEncoding = 4; lastKnownFileType = sourcecode.swift; path = "UIWindow+GodEye.swift"; sourceTree = "<group>"; };
		9EA9D85B1E821D440045492A /* Date+.swift */ = {isa = PBXFileReference; fileEncoding = 4; lastKnownFileType = sourcecode.swift; path = "Date+.swift"; sourceTree = "<group>"; };
		9EA9D85C1E821D440045492A /* String+.swift */ = {isa = PBXFileReference; fileEncoding = 4; lastKnownFileType = sourcecode.swift; path = "String+.swift"; sourceTree = "<group>"; };
		9EA9D85D1E821D440045492A /* Thread.swift */ = {isa = PBXFileReference; fileEncoding = 4; lastKnownFileType = sourcecode.swift; path = Thread.swift; sourceTree = "<group>"; };
		9EA9D85E1E821D440045492A /* UITableView+.swift */ = {isa = PBXFileReference; fileEncoding = 4; lastKnownFileType = sourcecode.swift; path = "UITableView+.swift"; sourceTree = "<group>"; };
		9EA9D85F1E821D440045492A /* UITableViewCell+.swift */ = {isa = PBXFileReference; fileEncoding = 4; lastKnownFileType = sourcecode.swift; path = "UITableViewCell+.swift"; sourceTree = "<group>"; };
		9EA9D8601E821D440045492A /* Double+.swift */ = {isa = PBXFileReference; fileEncoding = 4; lastKnownFileType = sourcecode.swift; path = "Double+.swift"; sourceTree = "<group>"; };
		9EA9D8611E821D440045492A /* UIApplication+GodEye.swift */ = {isa = PBXFileReference; fileEncoding = 4; lastKnownFileType = sourcecode.swift; path = "UIApplication+GodEye.swift"; sourceTree = "<group>"; };
		9EA9D8621E821D440045492A /* UIScreen+GodEye.swift */ = {isa = PBXFileReference; fileEncoding = 4; lastKnownFileType = sourcecode.swift; path = "UIScreen+GodEye.swift"; sourceTree = "<group>"; };
		9EA9D8631E821D440045492A /* UIView+GodEye.swift */ = {isa = PBXFileReference; fileEncoding = 4; lastKnownFileType = sourcecode.swift; path = "UIView+GodEye.swift"; sourceTree = "<group>"; };
		9EA9D8661E821D440045492A /* MonitorBaseView.swift */ = {isa = PBXFileReference; fileEncoding = 4; lastKnownFileType = sourcecode.swift; path = MonitorBaseView.swift; sourceTree = "<group>"; };
		9EA9D8671E821D440045492A /* MonitorDeviceView.swift */ = {isa = PBXFileReference; fileEncoding = 4; lastKnownFileType = sourcecode.swift; path = MonitorDeviceView.swift; sourceTree = "<group>"; };
		9EA9D8681E821D440045492A /* MonitorSysNetFlowView.swift */ = {isa = PBXFileReference; fileEncoding = 4; lastKnownFileType = sourcecode.swift; path = MonitorSysNetFlowView.swift; sourceTree = "<group>"; };
		9EA9D86A1E821D440045492A /* RecordTableView.swift */ = {isa = PBXFileReference; fileEncoding = 4; lastKnownFileType = sourcecode.swift; path = RecordTableView.swift; sourceTree = "<group>"; };
		9EA9D86B1E821D440045492A /* RecordTableViewCell.swift */ = {isa = PBXFileReference; fileEncoding = 4; lastKnownFileType = sourcecode.swift; path = RecordTableViewCell.swift; sourceTree = "<group>"; };
		9EA9D86D1E821D440045492A /* ANRRecordViewModel.swift */ = {isa = PBXFileReference; fileEncoding = 4; lastKnownFileType = sourcecode.swift; path = ANRRecordViewModel.swift; sourceTree = "<group>"; };
		9EA9D86E1E821D440045492A /* BaseRecordViewModel.swift */ = {isa = PBXFileReference; fileEncoding = 4; lastKnownFileType = sourcecode.swift; path = BaseRecordViewModel.swift; sourceTree = "<group>"; };
		9EA9D86F1E821D440045492A /* CommandRecordViewModel.swift */ = {isa = PBXFileReference; fileEncoding = 4; lastKnownFileType = sourcecode.swift; path = CommandRecordViewModel.swift; sourceTree = "<group>"; };
		9EA9D8701E821D440045492A /* CrashRecordViewModel.swift */ = {isa = PBXFileReference; fileEncoding = 4; lastKnownFileType = sourcecode.swift; path = CrashRecordViewModel.swift; sourceTree = "<group>"; };
		9EA9D8711E821D440045492A /* LeakRecordViewModel.swift */ = {isa = PBXFileReference; fileEncoding = 4; lastKnownFileType = sourcecode.swift; path = LeakRecordViewModel.swift; sourceTree = "<group>"; };
		9EA9D8721E821D440045492A /* LogRecordViewModel.swift */ = {isa = PBXFileReference; fileEncoding = 4; lastKnownFileType = sourcecode.swift; path = LogRecordViewModel.swift; sourceTree = "<group>"; };
		9EA9D8731E821D440045492A /* NetworkRecordViewModel.swift */ = {isa = PBXFileReference; fileEncoding = 4; lastKnownFileType = sourcecode.swift; path = NetworkRecordViewModel.swift; sourceTree = "<group>"; };
		9EA9D8B01E821DB20045492A /* ANREye.framework */ = {isa = PBXFileReference; lastKnownFileType = wrapper.framework; name = ANREye.framework; path = ../Carthage/Build/iOS/ANREye.framework; sourceTree = "<group>"; };
		9EA9D8B21E821DB60045492A /* AppBaseKit.framework */ = {isa = PBXFileReference; lastKnownFileType = wrapper.framework; name = AppBaseKit.framework; path = ../Carthage/Build/iOS/AppBaseKit.framework; sourceTree = "<group>"; };
		9EA9D8B41E821DB90045492A /* AppSwizzle.framework */ = {isa = PBXFileReference; lastKnownFileType = wrapper.framework; name = AppSwizzle.framework; path = ../Carthage/Build/iOS/AppSwizzle.framework; sourceTree = "<group>"; };
		9EA9D8B61E821DBD0045492A /* ASLEye.framework */ = {isa = PBXFileReference; lastKnownFileType = wrapper.framework; name = ASLEye.framework; path = ../Carthage/Build/iOS/ASLEye.framework; sourceTree = "<group>"; };
		9EA9D8B81E821DC20045492A /* AssistiveButton.framework */ = {isa = PBXFileReference; lastKnownFileType = wrapper.framework; name = AssistiveButton.framework; path = ../Carthage/Build/iOS/AssistiveButton.framework; sourceTree = "<group>"; };
		9EA9D8BA1E821DCA0045492A /* CrashEye.framework */ = {isa = PBXFileReference; lastKnownFileType = wrapper.framework; name = CrashEye.framework; path = ../Carthage/Build/iOS/CrashEye.framework; sourceTree = "<group>"; };
		9EA9D8BC1E821DD40045492A /* ESPullToRefresh.framework */ = {isa = PBXFileReference; lastKnownFileType = wrapper.framework; name = ESPullToRefresh.framework; path = ../Carthage/Build/iOS/ESPullToRefresh.framework; sourceTree = "<group>"; };
		9EA9D8BE1E821DD80045492A /* FileBrowser.framework */ = {isa = PBXFileReference; lastKnownFileType = wrapper.framework; name = FileBrowser.framework; path = ../Carthage/Build/iOS/FileBrowser.framework; sourceTree = "<group>"; };
		9EA9D8C01E821DDE0045492A /* LeakEye.framework */ = {isa = PBXFileReference; lastKnownFileType = wrapper.framework; name = LeakEye.framework; path = ../Carthage/Build/iOS/LeakEye.framework; sourceTree = "<group>"; };
		9EA9D8C21E821DE20045492A /* Log4G.framework */ = {isa = PBXFileReference; lastKnownFileType = wrapper.framework; name = Log4G.framework; path = ../Carthage/Build/iOS/Log4G.framework; sourceTree = "<group>"; };
		9EA9D8C41E821DE60045492A /* NetworkEye.framework */ = {isa = PBXFileReference; lastKnownFileType = wrapper.framework; name = NetworkEye.framework; path = ../Carthage/Build/iOS/NetworkEye.framework; sourceTree = "<group>"; };
		9EA9D8C61E821DE90045492A /* SQLite.framework */ = {isa = PBXFileReference; lastKnownFileType = wrapper.framework; name = SQLite.framework; path = ../Carthage/Build/iOS/SQLite.framework; sourceTree = "<group>"; };
		9EA9D8C81E821DED0045492A /* SwViewCapture.framework */ = {isa = PBXFileReference; lastKnownFileType = wrapper.framework; name = SwViewCapture.framework; path = ../Carthage/Build/iOS/SwViewCapture.framework; sourceTree = "<group>"; };
		9EA9D8CA1E821DF00045492A /* SystemEye.framework */ = {isa = PBXFileReference; lastKnownFileType = wrapper.framework; name = SystemEye.framework; path = ../Carthage/Build/iOS/SystemEye.framework; sourceTree = "<group>"; };
		B7B09398705F2E997E16DF59 /* Pods-GodEye_Tests.release.xcconfig */ = {isa = PBXFileReference; includeInIndex = 1; lastKnownFileType = text.xcconfig; name = "Pods-GodEye_Tests.release.xcconfig"; path = "Pods/Target Support Files/Pods-GodEye_Tests/Pods-GodEye_Tests.release.xcconfig"; sourceTree = "<group>"; };
		C0ABE2AA0DC951C75EC55266 /* Pods-GodEye_Example.release.xcconfig */ = {isa = PBXFileReference; includeInIndex = 1; lastKnownFileType = text.xcconfig; name = "Pods-GodEye_Example.release.xcconfig"; path = "Pods/Target Support Files/Pods-GodEye_Example/Pods-GodEye_Example.release.xcconfig"; sourceTree = "<group>"; };
		DAD8E22232895D32D06FB834 /* Pods_GodEye_Example.framework */ = {isa = PBXFileReference; explicitFileType = wrapper.framework; includeInIndex = 0; path = Pods_GodEye_Example.framework; sourceTree = BUILT_PRODUCTS_DIR; };
		E0AF4627AE4F7902C98997D2 /* README.md */ = {isa = PBXFileReference; includeInIndex = 1; lastKnownFileType = net.daringfireball.markdown; name = README.md; path = ../README.md; sourceTree = "<group>"; };
		E8CBB94DCF364B6182266AFF /* Pods_GodEye_Tests.framework */ = {isa = PBXFileReference; explicitFileType = wrapper.framework; includeInIndex = 0; path = Pods_GodEye_Tests.framework; sourceTree = BUILT_PRODUCTS_DIR; };
/* End PBXFileReference section */

/* Begin PBXFrameworksBuildPhase section */
		607FACCD1AFB9204008FA782 /* Frameworks */ = {
			isa = PBXFrameworksBuildPhase;
			buildActionMask = 2147483647;
			files = (
				D8BE7E202C2E7281CE37BBF5 /* Pods_GodEye_Example.framework in Frameworks */,
			);
			runOnlyForDeploymentPostprocessing = 0;
		};
		607FACE21AFB9204008FA782 /* Frameworks */ = {
			isa = PBXFrameworksBuildPhase;
			buildActionMask = 2147483647;
			files = (
				99EF52E446A0B2DD16C5945C /* Pods_GodEye_Tests.framework in Frameworks */,
			);
			runOnlyForDeploymentPostprocessing = 0;
		};
		9EA9D8171E821D330045492A /* Frameworks */ = {
			isa = PBXFrameworksBuildPhase;
			buildActionMask = 2147483647;
			files = (
				9EA9D8BD1E821DD40045492A /* ESPullToRefresh.framework in Frameworks */,
				9EA9D8B11E821DB20045492A /* ANREye.framework in Frameworks */,
				9EA9D8B31E821DB60045492A /* AppBaseKit.framework in Frameworks */,
				9EA9D8B51E821DB90045492A /* AppSwizzle.framework in Frameworks */,
				9EA9D8B91E821DC20045492A /* AssistiveButton.framework in Frameworks */,
				9EA9D8B71E821DBD0045492A /* ASLEye.framework in Frameworks */,
				9EA9D8BF1E821DD80045492A /* FileBrowser.framework in Frameworks */,
				9EA9D8C31E821DE20045492A /* Log4G.framework in Frameworks */,
				9EA9D8C11E821DDE0045492A /* LeakEye.framework in Frameworks */,
				9EA9D8C71E821DE90045492A /* SQLite.framework in Frameworks */,
				9EA9D8C51E821DE60045492A /* NetworkEye.framework in Frameworks */,
				9EA9D8CB1E821DF00045492A /* SystemEye.framework in Frameworks */,
				9EA9D8C91E821DED0045492A /* SwViewCapture.framework in Frameworks */,
				9EA9D8BB1E821DCA0045492A /* CrashEye.framework in Frameworks */,
			);
			runOnlyForDeploymentPostprocessing = 0;
		};
/* End PBXFrameworksBuildPhase section */

/* Begin PBXGroup section */
		5459B87DAFE08EC274CCF455 /* Pods */ = {
			isa = PBXGroup;
			children = (
				78C2A5A02918EC5DDB2CEB2F /* Pods-GodEye_Example.debug.xcconfig */,
				C0ABE2AA0DC951C75EC55266 /* Pods-GodEye_Example.release.xcconfig */,
				4BA1184577F0555FA6D69A53 /* Pods-GodEye_Tests.debug.xcconfig */,
				B7B09398705F2E997E16DF59 /* Pods-GodEye_Tests.release.xcconfig */,
			);
			name = Pods;
			sourceTree = "<group>";
		};
		607FACC71AFB9204008FA782 = {
			isa = PBXGroup;
			children = (
				607FACF51AFB993E008FA782 /* Podspec Metadata */,
				607FACD21AFB9204008FA782 /* Example for GodEye */,
				607FACE81AFB9204008FA782 /* Tests */,
				9EA9D81C1E821D330045492A /* GodEye */,
				607FACD11AFB9204008FA782 /* Products */,
				5459B87DAFE08EC274CCF455 /* Pods */,
				E4499FB9EECF304E2155F820 /* Frameworks */,
			);
			sourceTree = "<group>";
		};
		607FACD11AFB9204008FA782 /* Products */ = {
			isa = PBXGroup;
			children = (
				607FACD01AFB9204008FA782 /* GodEye_Example.app */,
				607FACE51AFB9204008FA782 /* GodEye_Tests.xctest */,
				9EA9D81B1E821D330045492A /* GodEye.framework */,
			);
			name = Products;
			sourceTree = "<group>";
		};
		607FACD21AFB9204008FA782 /* Example for GodEye */ = {
			isa = PBXGroup;
			children = (
				607FACD51AFB9204008FA782 /* AppDelegate.swift */,
				607FACD71AFB9204008FA782 /* ViewController.swift */,
				9E19FE391E25072E002A7398 /* DemoModel.swift */,
				607FACD91AFB9204008FA782 /* Main.storyboard */,
				607FACDC1AFB9204008FA782 /* Images.xcassets */,
				607FACDE1AFB9204008FA782 /* LaunchScreen.xib */,
				607FACD31AFB9204008FA782 /* Supporting Files */,
			);
			name = "Example for GodEye";
			path = GodEye;
			sourceTree = "<group>";
		};
		607FACD31AFB9204008FA782 /* Supporting Files */ = {
			isa = PBXGroup;
			children = (
				607FACD41AFB9204008FA782 /* Info.plist */,
			);
			name = "Supporting Files";
			sourceTree = "<group>";
		};
		607FACE81AFB9204008FA782 /* Tests */ = {
			isa = PBXGroup;
			children = (
				607FACEB1AFB9204008FA782 /* Tests.swift */,
				607FACE91AFB9204008FA782 /* Supporting Files */,
			);
			path = Tests;
			sourceTree = "<group>";
		};
		607FACE91AFB9204008FA782 /* Supporting Files */ = {
			isa = PBXGroup;
			children = (
				607FACEA1AFB9204008FA782 /* Info.plist */,
			);
			name = "Supporting Files";
			sourceTree = "<group>";
		};
		607FACF51AFB993E008FA782 /* Podspec Metadata */ = {
			isa = PBXGroup;
			children = (
				22ABA4C766980F9E6C9EAF28 /* GodEye.podspec */,
				E0AF4627AE4F7902C98997D2 /* README.md */,
				1D34D129F3BD6BA37E7CACDC /* LICENSE */,
			);
			name = "Podspec Metadata";
			sourceTree = "<group>";
		};
		9EA9D81C1E821D330045492A /* GodEye */ = {
			isa = PBXGroup;
			children = (
				9EA9D8231E821D440045492A /* GodEye */,
				9EA9D81D1E821D330045492A /* GodEye.h */,
				9EA9D81E1E821D330045492A /* Info.plist */,
			);
			path = GodEye;
			sourceTree = "<group>";
		};
		9EA9D8231E821D440045492A /* GodEye */ = {
			isa = PBXGroup;
			children = (
				9EA9D8241E821D440045492A /* Assets */,
				9EA9D8281E821D440045492A /* Classes */,
			);
			name = GodEye;
			path = ../../GodEye;
			sourceTree = "<group>";
		};
		9EA9D8241E821D440045492A /* Assets */ = {
			isa = PBXGroup;
			children = (
				9EA9D8261E821D440045492A /* eye@2x.png */,
				9EA9D8271E821D440045492A /* eye@3x.png */,
			);
			path = Assets;
			sourceTree = "<group>";
		};
		9EA9D8281E821D440045492A /* Classes */ = {
			isa = PBXGroup;
			children = (
				9EA9D82A1E821D440045492A /* Configuration */,
				9EA9D82F1E821D440045492A /* Controller */,
				9EA9D8411E821D440045492A /* Define */,
				9EA9D8441E821D440045492A /* Define.swift */,
				9EA9D8451E821D440045492A /* GodEye.swift */,
				9EA9D8461E821D440045492A /* Model */,
				9EA9D84D1E821D440045492A /* ORM */,
				9EA9D8551E821D440045492A /* Store */,
				9EA9D8571E821D440045492A /* UIFont+GodEye.swift */,
				9EA9D8581E821D440045492A /* UIWindow+GodEye.swift */,
				9EA9D8591E821D440045492A /* Util */,
				9EA9D8641E821D440045492A /* View */,
				9EA9D86C1E821D440045492A /* ViewModel */,
			);
			path = Classes;
			sourceTree = "<group>";
		};
		9EA9D82A1E821D440045492A /* Configuration */ = {
			isa = PBXGroup;
			children = (
				9EA9D82B1E821D440045492A /* CommandConfiguration.swift */,
				9EA9D82C1E821D440045492A /* Configuration.swift */,
				9EA9D82D1E821D440045492A /* ControlConfiguration.swift */,
				9EA9D82E1E821D440045492A /* SwitchConfiguration.swift */,
			);
			path = Configuration;
			sourceTree = "<group>";
		};
		9EA9D82F1E821D440045492A /* Controller */ = {
			isa = PBXGroup;
			children = (
				9EA9D8301E821D440045492A /* GodEyeController+Show.swift */,
				9EA9D8311E821D440045492A /* GodEyeController.swift */,
				9EA9D8321E821D440045492A /* Sub */,
				9EA9D8341E821D440045492A /* TabController */,
			);
			path = Controller;
			sourceTree = "<group>";
		};
		9EA9D8321E821D440045492A /* Sub */ = {
			isa = PBXGroup;
			children = (
				9EA9D8331E821D440045492A /* ConsolePrintViewController.swift */,
			);
			path = Sub;
			sourceTree = "<group>";
		};
		9EA9D8341E821D440045492A /* TabController */ = {
			isa = PBXGroup;
			children = (
				9EA9D8351E821D440045492A /* ConsoleController */,
				9EA9D83A1E821D440045492A /* FileController */,
				9EA9D83C1E821D440045492A /* MonitorController */,
				9EA9D83F1E821D440045492A /* SettingController */,
			);
			path = TabController;
			sourceTree = "<group>";
		};
		9EA9D8351E821D440045492A /* ConsoleController */ = {
			isa = PBXGroup;
			children = (
				9EA9D8361E821D440045492A /* ConsoleController+Eye.swift */,
				9EA9D8371E821D440045492A /* ConsoleController+TableView.swift */,
				9EA9D8381E821D440045492A /* ConsoleController.swift */,
				9EA9D8391E821D440045492A /* EyesManager.swift */,
			);
			path = ConsoleController;
			sourceTree = "<group>";
		};
		9EA9D83A1E821D440045492A /* FileController */ = {
			isa = PBXGroup;
			children = (
				9EA9D83B1E821D440045492A /* FileController.swift */,
			);
			path = FileController;
			sourceTree = "<group>";
		};
		9EA9D83C1E821D440045492A /* MonitorController */ = {
			isa = PBXGroup;
			children = (
				9EA9D83D1E821D440045492A /* MonitorContainerView.swift */,
				9EA9D83E1E821D440045492A /* MonitorController.swift */,
			);
			path = MonitorController;
			sourceTree = "<group>";
		};
		9EA9D83F1E821D440045492A /* SettingController */ = {
			isa = PBXGroup;
			children = (
				9EA9D8401E821D440045492A /* SettingController.swift */,
			);
			path = SettingController;
			sourceTree = "<group>";
		};
		9EA9D8411E821D440045492A /* Define */ = {
			isa = PBXGroup;
			children = (
				9EA9D8421E821D440045492A /* MonitorSystemType.swift */,
				9EA9D8431E821D440045492A /* RecordType.swift */,
			);
			path = Define;
			sourceTree = "<group>";
		};
		9EA9D8461E821D440045492A /* Model */ = {
			isa = PBXGroup;
			children = (
				9EA9D8471E821D440045492A /* ANRRecordModel.swift */,
				9EA9D8481E821D440045492A /* CommandRecordModel.swift */,
				9EA9D8491E821D440045492A /* CrashRecordModel.swift */,
				9EA9D84A1E821D440045492A /* LeakRecordModel.swift */,
				9EA9D84B1E821D440045492A /* LogRecordModel.swift */,
				9EA9D84C1E821D440045492A /* NetworkRecordModel.swift */,
			);
			path = Model;
			sourceTree = "<group>";
		};
		9EA9D84D1E821D440045492A /* ORM */ = {
			isa = PBXGroup;
			children = (
				9EA9D84E1E821D440045492A /* ANRRecordModel+ORM.swift */,
				9EA9D84F1E821D440045492A /* CommandRecordModel+ORM.swift */,
				9EA9D8501E821D440045492A /* CrashRecordModel+ORM.swift */,
				9EA9D8511E821D440045492A /* LeakRecordModel+ORM.swift */,
				9EA9D8521E821D440045492A /* LogRecordModel+ORM.swift */,
				9EA9D8531E821D440045492A /* NetworkRecordModel+ORM.swift */,
				9EA9D8541E821D440045492A /* ORMProtocol.swift */,
			);
			path = ORM;
			sourceTree = "<group>";
		};
		9EA9D8551E821D440045492A /* Store */ = {
			isa = PBXGroup;
			children = (
				9EA9D8561E821D440045492A /* Store.swift */,
			);
			path = Store;
			sourceTree = "<group>";
		};
		9EA9D8591E821D440045492A /* Util */ = {
			isa = PBXGroup;
			children = (
				9EA9D85A1E821D440045492A /* Base */,
				9EA9D8601E821D440045492A /* Double+.swift */,
				9EA9D8611E821D440045492A /* UIApplication+GodEye.swift */,
				9EA9D8621E821D440045492A /* UIScreen+GodEye.swift */,
				9EA9D8631E821D440045492A /* UIView+GodEye.swift */,
			);
			path = Util;
			sourceTree = "<group>";
		};
		9EA9D85A1E821D440045492A /* Base */ = {
			isa = PBXGroup;
			children = (
				9EA9D85B1E821D440045492A /* Date+.swift */,
				9EA9D85C1E821D440045492A /* String+.swift */,
				9EA9D85D1E821D440045492A /* Thread.swift */,
				9EA9D85E1E821D440045492A /* UITableView+.swift */,
				9EA9D85F1E821D440045492A /* UITableViewCell+.swift */,
			);
			path = Base;
			sourceTree = "<group>";
		};
		9EA9D8641E821D440045492A /* View */ = {
			isa = PBXGroup;
			children = (
				9EA9D8651E821D440045492A /* Monitor */,
				9EA9D8691E821D440045492A /* RecordTableView */,
			);
			path = View;
			sourceTree = "<group>";
		};
		9EA9D8651E821D440045492A /* Monitor */ = {
			isa = PBXGroup;
			children = (
				9EA9D8661E821D440045492A /* MonitorBaseView.swift */,
				9EA9D8671E821D440045492A /* MonitorDeviceView.swift */,
				9EA9D8681E821D440045492A /* MonitorSysNetFlowView.swift */,
			);
			path = Monitor;
			sourceTree = "<group>";
		};
		9EA9D8691E821D440045492A /* RecordTableView */ = {
			isa = PBXGroup;
			children = (
				9EA9D86A1E821D440045492A /* RecordTableView.swift */,
				9EA9D86B1E821D440045492A /* RecordTableViewCell.swift */,
			);
			path = RecordTableView;
			sourceTree = "<group>";
		};
		9EA9D86C1E821D440045492A /* ViewModel */ = {
			isa = PBXGroup;
			children = (
				9EA9D86D1E821D440045492A /* ANRRecordViewModel.swift */,
				9EA9D86E1E821D440045492A /* BaseRecordViewModel.swift */,
				9EA9D86F1E821D440045492A /* CommandRecordViewModel.swift */,
				9EA9D8701E821D440045492A /* CrashRecordViewModel.swift */,
				9EA9D8711E821D440045492A /* LeakRecordViewModel.swift */,
				9EA9D8721E821D440045492A /* LogRecordViewModel.swift */,
				9EA9D8731E821D440045492A /* NetworkRecordViewModel.swift */,
			);
			path = ViewModel;
			sourceTree = "<group>";
		};
		E4499FB9EECF304E2155F820 /* Frameworks */ = {
			isa = PBXGroup;
			children = (
				9EA9D8CA1E821DF00045492A /* SystemEye.framework */,
				9EA9D8C81E821DED0045492A /* SwViewCapture.framework */,
				9EA9D8C61E821DE90045492A /* SQLite.framework */,
				9EA9D8C41E821DE60045492A /* NetworkEye.framework */,
				9EA9D8C21E821DE20045492A /* Log4G.framework */,
				9EA9D8C01E821DDE0045492A /* LeakEye.framework */,
				9EA9D8BE1E821DD80045492A /* FileBrowser.framework */,
				9EA9D8BC1E821DD40045492A /* ESPullToRefresh.framework */,
				9EA9D8BA1E821DCA0045492A /* CrashEye.framework */,
				9EA9D8B81E821DC20045492A /* AssistiveButton.framework */,
				9EA9D8B61E821DBD0045492A /* ASLEye.framework */,
				9EA9D8B41E821DB90045492A /* AppSwizzle.framework */,
				9EA9D8B21E821DB60045492A /* AppBaseKit.framework */,
				9EA9D8B01E821DB20045492A /* ANREye.framework */,
				DAD8E22232895D32D06FB834 /* Pods_GodEye_Example.framework */,
				E8CBB94DCF364B6182266AFF /* Pods_GodEye_Tests.framework */,
			);
			name = Frameworks;
			sourceTree = "<group>";
		};
/* End PBXGroup section */

/* Begin PBXHeadersBuildPhase section */
		9EA9D8181E821D330045492A /* Headers */ = {
			isa = PBXHeadersBuildPhase;
			buildActionMask = 2147483647;
			files = (
				9EA9D81F1E821D330045492A /* GodEye.h in Headers */,
			);
			runOnlyForDeploymentPostprocessing = 0;
		};
/* End PBXHeadersBuildPhase section */

/* Begin PBXNativeTarget section */
		607FACCF1AFB9204008FA782 /* GodEye_Example */ = {
			isa = PBXNativeTarget;
			buildConfigurationList = 607FACEF1AFB9204008FA782 /* Build configuration list for PBXNativeTarget "GodEye_Example" */;
			buildPhases = (
				E0EED5BA944D3A814569511E /* [CP] Check Pods Manifest.lock */,
				607FACCC1AFB9204008FA782 /* Sources */,
				607FACCD1AFB9204008FA782 /* Frameworks */,
				607FACCE1AFB9204008FA782 /* Resources */,
				0D1C20E4C89A29DF43EAAE63 /* [CP] Embed Pods Frameworks */,
				36EE495423A647AA3911AD63 /* [CP] Copy Pods Resources */,
			);
			buildRules = (
			);
			dependencies = (
			);
			name = GodEye_Example;
			productName = GodEye;
			productReference = 607FACD01AFB9204008FA782 /* GodEye_Example.app */;
			productType = "com.apple.product-type.application";
		};
		607FACE41AFB9204008FA782 /* GodEye_Tests */ = {
			isa = PBXNativeTarget;
			buildConfigurationList = 607FACF21AFB9204008FA782 /* Build configuration list for PBXNativeTarget "GodEye_Tests" */;
			buildPhases = (
				D338EB86C330D7964F049BF8 /* [CP] Check Pods Manifest.lock */,
				607FACE11AFB9204008FA782 /* Sources */,
				607FACE21AFB9204008FA782 /* Frameworks */,
				607FACE31AFB9204008FA782 /* Resources */,
				DB53496F7C6BFD54A37FB844 /* [CP] Embed Pods Frameworks */,
				DCA1206B0749A9E583A869C5 /* [CP] Copy Pods Resources */,
			);
			buildRules = (
			);
			dependencies = (
				607FACE71AFB9204008FA782 /* PBXTargetDependency */,
			);
			name = GodEye_Tests;
			productName = Tests;
			productReference = 607FACE51AFB9204008FA782 /* GodEye_Tests.xctest */;
			productType = "com.apple.product-type.bundle.unit-test";
		};
		9EA9D81A1E821D330045492A /* GodEye */ = {
			isa = PBXNativeTarget;
			buildConfigurationList = 9EA9D8221E821D330045492A /* Build configuration list for PBXNativeTarget "GodEye" */;
			buildPhases = (
				9EA9D8161E821D330045492A /* Sources */,
				9EA9D8171E821D330045492A /* Frameworks */,
				9EA9D8181E821D330045492A /* Headers */,
				9EA9D8191E821D330045492A /* Resources */,
				9EA9D8CC1E821DFE0045492A /* ShellScript */,
			);
			buildRules = (
			);
			dependencies = (
			);
			name = GodEye;
			productName = GodEye;
			productReference = 9EA9D81B1E821D330045492A /* GodEye.framework */;
			productType = "com.apple.product-type.framework";
		};
/* End PBXNativeTarget section */

/* Begin PBXProject section */
		607FACC81AFB9204008FA782 /* Project object */ = {
			isa = PBXProject;
			attributes = {
				LastSwiftUpdateCheck = 0720;
				LastUpgradeCheck = 0720;
				ORGANIZATIONNAME = CocoaPods;
				TargetAttributes = {
					607FACCF1AFB9204008FA782 = {
						CreatedOnToolsVersion = 6.3.1;
						DevelopmentTeam = L35WZWVC98;
						LastSwiftMigration = 0810;
					};
					607FACE41AFB9204008FA782 = {
						CreatedOnToolsVersion = 6.3.1;
						DevelopmentTeam = L35WZWVC98;
						LastSwiftMigration = 0810;
						TestTargetID = 607FACCF1AFB9204008FA782;
					};
					9EA9D81A1E821D330045492A = {
						CreatedOnToolsVersion = 8.2.1;
						DevelopmentTeam = L35WZWVC98;
						ProvisioningStyle = Automatic;
					};
				};
			};
			buildConfigurationList = 607FACCB1AFB9204008FA782 /* Build configuration list for PBXProject "GodEye" */;
			compatibilityVersion = "Xcode 3.2";
			developmentRegion = English;
			hasScannedForEncodings = 0;
			knownRegions = (
				en,
				Base,
			);
			mainGroup = 607FACC71AFB9204008FA782;
			productRefGroup = 607FACD11AFB9204008FA782 /* Products */;
			projectDirPath = "";
			projectRoot = "";
			targets = (
				607FACCF1AFB9204008FA782 /* GodEye_Example */,
				607FACE41AFB9204008FA782 /* GodEye_Tests */,
				9EA9D81A1E821D330045492A /* GodEye */,
			);
		};
/* End PBXProject section */

/* Begin PBXResourcesBuildPhase section */
		607FACCE1AFB9204008FA782 /* Resources */ = {
			isa = PBXResourcesBuildPhase;
			buildActionMask = 2147483647;
			files = (
				607FACDB1AFB9204008FA782 /* Main.storyboard in Resources */,
				607FACE01AFB9204008FA782 /* LaunchScreen.xib in Resources */,
				607FACDD1AFB9204008FA782 /* Images.xcassets in Resources */,
			);
			runOnlyForDeploymentPostprocessing = 0;
		};
		607FACE31AFB9204008FA782 /* Resources */ = {
			isa = PBXResourcesBuildPhase;
			buildActionMask = 2147483647;
			files = (
			);
			runOnlyForDeploymentPostprocessing = 0;
		};
		9EA9D8191E821D330045492A /* Resources */ = {
			isa = PBXResourcesBuildPhase;
			buildActionMask = 2147483647;
			files = (
				9EA9D8751E821D440045492A /* eye@2x.png in Resources */,
				9EA9D8761E821D440045492A /* eye@3x.png in Resources */,
			);
			runOnlyForDeploymentPostprocessing = 0;
		};
/* End PBXResourcesBuildPhase section */

/* Begin PBXShellScriptBuildPhase section */
		0D1C20E4C89A29DF43EAAE63 /* [CP] Embed Pods Frameworks */ = {
			isa = PBXShellScriptBuildPhase;
			buildActionMask = 2147483647;
			files = (
			);
			inputPaths = (
			);
			name = "[CP] Embed Pods Frameworks";
			outputPaths = (
			);
			runOnlyForDeploymentPostprocessing = 0;
			shellPath = /bin/sh;
			shellScript = "\"${SRCROOT}/Pods/Target Support Files/Pods-GodEye_Example/Pods-GodEye_Example-frameworks.sh\"\n";
			showEnvVarsInLog = 0;
		};
		36EE495423A647AA3911AD63 /* [CP] Copy Pods Resources */ = {
			isa = PBXShellScriptBuildPhase;
			buildActionMask = 2147483647;
			files = (
			);
			inputPaths = (
			);
			name = "[CP] Copy Pods Resources";
			outputPaths = (
			);
			runOnlyForDeploymentPostprocessing = 0;
			shellPath = /bin/sh;
			shellScript = "\"${SRCROOT}/Pods/Target Support Files/Pods-GodEye_Example/Pods-GodEye_Example-resources.sh\"\n";
			showEnvVarsInLog = 0;
		};
		9EA9D8CC1E821DFE0045492A /* ShellScript */ = {
			isa = PBXShellScriptBuildPhase;
			buildActionMask = 2147483647;
			files = (
			);
			inputPaths = (
				"$(SRCROOT)/../Carthage/Build/iOS/ESPullToRefresh.framework",
				"$(SRCROOT)/../Carthage/Build/iOS/ANREye.framework",
				"$(SRCROOT)/../Carthage/Build/iOS/AppBaseKit.framework",
				"$(SRCROOT)/../Carthage/Build/iOS/AppSwizzle.framework",
				"$(SRCROOT)/../Carthage/Build/iOS/AssistiveButton.framework",
				"$(SRCROOT)/../Carthage/Build/iOS/ASLEye.framework",
				"$(SRCROOT)/../Carthage/Build/iOS/FileBrowser.framework",
				"$(SRCROOT)/../Carthage/Build/iOS/Log4G.framework",
				"$(SRCROOT)/../Carthage/Build/iOS/LeakEye.framework",
				"$(SRCROOT)/../Carthage/Build/iOS/SQLite.framework",
				"$(SRCROOT)/../Carthage/Build/iOS/NetworkEye.framework",
				"$(SRCROOT)/../Carthage/Build/iOS/SystemEye.framework",
				"$(SRCROOT)/../Carthage/Build/iOS/SwViewCapture.framework",
				"$(SRCROOT)/../Carthage/Build/iOS/CrashEye.framework",
			);
			outputPaths = (
			);
			runOnlyForDeploymentPostprocessing = 0;
			shellPath = /bin/sh;
			shellScript = "/usr/local/bin/carthage copy-frameworks";
		};
		D338EB86C330D7964F049BF8 /* [CP] Check Pods Manifest.lock */ = {
			isa = PBXShellScriptBuildPhase;
			buildActionMask = 2147483647;
			files = (
			);
			inputPaths = (
			);
			name = "[CP] Check Pods Manifest.lock";
			outputPaths = (
			);
			runOnlyForDeploymentPostprocessing = 0;
			shellPath = /bin/sh;
			shellScript = "diff \"${PODS_PODFILE_DIR_PATH}/Podfile.lock\" \"${PODS_ROOT}/Manifest.lock\" > /dev/null\nif [ $? != 0 ] ; then\n    # print error to STDERR\n    echo \"error: The sandbox is not in sync with the Podfile.lock. Run 'pod install' or update your CocoaPods installation.\" >&2\n    exit 1\nfi\n";
			showEnvVarsInLog = 0;
		};
		DB53496F7C6BFD54A37FB844 /* [CP] Embed Pods Frameworks */ = {
			isa = PBXShellScriptBuildPhase;
			buildActionMask = 2147483647;
			files = (
			);
			inputPaths = (
			);
			name = "[CP] Embed Pods Frameworks";
			outputPaths = (
			);
			runOnlyForDeploymentPostprocessing = 0;
			shellPath = /bin/sh;
			shellScript = "\"${SRCROOT}/Pods/Target Support Files/Pods-GodEye_Tests/Pods-GodEye_Tests-frameworks.sh\"\n";
			showEnvVarsInLog = 0;
		};
		DCA1206B0749A9E583A869C5 /* [CP] Copy Pods Resources */ = {
			isa = PBXShellScriptBuildPhase;
			buildActionMask = 2147483647;
			files = (
			);
			inputPaths = (
			);
			name = "[CP] Copy Pods Resources";
			outputPaths = (
			);
			runOnlyForDeploymentPostprocessing = 0;
			shellPath = /bin/sh;
			shellScript = "\"${SRCROOT}/Pods/Target Support Files/Pods-GodEye_Tests/Pods-GodEye_Tests-resources.sh\"\n";
			showEnvVarsInLog = 0;
		};
		E0EED5BA944D3A814569511E /* [CP] Check Pods Manifest.lock */ = {
			isa = PBXShellScriptBuildPhase;
			buildActionMask = 2147483647;
			files = (
			);
			inputPaths = (
			);
			name = "[CP] Check Pods Manifest.lock";
			outputPaths = (
			);
			runOnlyForDeploymentPostprocessing = 0;
			shellPath = /bin/sh;
			shellScript = "diff \"${PODS_PODFILE_DIR_PATH}/Podfile.lock\" \"${PODS_ROOT}/Manifest.lock\" > /dev/null\nif [ $? != 0 ] ; then\n    # print error to STDERR\n    echo \"error: The sandbox is not in sync with the Podfile.lock. Run 'pod install' or update your CocoaPods installation.\" >&2\n    exit 1\nfi\n";
			showEnvVarsInLog = 0;
		};
/* End PBXShellScriptBuildPhase section */

/* Begin PBXSourcesBuildPhase section */
		607FACCC1AFB9204008FA782 /* Sources */ = {
			isa = PBXSourcesBuildPhase;
			buildActionMask = 2147483647;
			files = (
				607FACD81AFB9204008FA782 /* ViewController.swift in Sources */,
				9E19FE3A1E25072E002A7398 /* DemoModel.swift in Sources */,
				607FACD61AFB9204008FA782 /* AppDelegate.swift in Sources */,
			);
			runOnlyForDeploymentPostprocessing = 0;
		};
		607FACE11AFB9204008FA782 /* Sources */ = {
			isa = PBXSourcesBuildPhase;
			buildActionMask = 2147483647;
			files = (
				607FACEC1AFB9204008FA782 /* Tests.swift in Sources */,
			);
			runOnlyForDeploymentPostprocessing = 0;
		};
		9EA9D8161E821D330045492A /* Sources */ = {
			isa = PBXSourcesBuildPhase;
			buildActionMask = 2147483647;
			files = (
				9EA9D8861E821D440045492A /* SettingController.swift in Sources */,
				9EA9D88A1E821D440045492A /* GodEye.swift in Sources */,
				9EA9D8871E821D440045492A /* MonitorSystemType.swift in Sources */,
				9EA9D89D1E821D440045492A /* Thread.swift in Sources */,
				9EA9D87A1E821D440045492A /* ControlConfiguration.swift in Sources */,
				9EA9D88B1E821D440045492A /* ANRRecordModel.swift in Sources */,
				9EA9D8A41E821D440045492A /* MonitorBaseView.swift in Sources */,
				9EA9D89C1E821D440045492A /* String+.swift in Sources */,
				9EA9D8791E821D440045492A /* Configuration.swift in Sources */,
				9EA9D8A81E821D440045492A /* RecordTableViewCell.swift in Sources */,
				9EA9D8981E821D440045492A /* Store.swift in Sources */,
				9EA9D88E1E821D440045492A /* LeakRecordModel.swift in Sources */,
				9EA9D8851E821D440045492A /* MonitorController.swift in Sources */,
				9EA9D8AE1E821D440045492A /* LogRecordViewModel.swift in Sources */,
				9EA9D8951E821D440045492A /* LogRecordModel+ORM.swift in Sources */,
				9EA9D8921E821D440045492A /* CommandRecordModel+ORM.swift in Sources */,
				9EA9D89F1E821D440045492A /* UITableViewCell+.swift in Sources */,
				9EA9D87D1E821D440045492A /* GodEyeController.swift in Sources */,
				9EA9D8A31E821D440045492A /* UIView+GodEye.swift in Sources */,
				9EA9D88F1E821D440045492A /* LogRecordModel.swift in Sources */,
				9EA9D8A71E821D440045492A /* RecordTableView.swift in Sources */,
				9EA9D8991E821D440045492A /* UIFont+GodEye.swift in Sources */,
				9EA9D8AA1E821D440045492A /* BaseRecordViewModel.swift in Sources */,
				9EA9D8AD1E821D440045492A /* LeakRecordViewModel.swift in Sources */,
				9EA9D8971E821D440045492A /* ORMProtocol.swift in Sources */,
				9EA9D8A21E821D440045492A /* UIScreen+GodEye.swift in Sources */,
				9EA9D8AC1E821D440045492A /* CrashRecordViewModel.swift in Sources */,
				9EA9D8831E821D440045492A /* FileController.swift in Sources */,
				9EA9D8AB1E821D440045492A /* CommandRecordViewModel.swift in Sources */,
				9EA9D8A11E821D440045492A /* UIApplication+GodEye.swift in Sources */,
				9EA9D8A91E821D440045492A /* ANRRecordViewModel.swift in Sources */,
				9EA9D8961E821D440045492A /* NetworkRecordModel+ORM.swift in Sources */,
				9EA9D8911E821D440045492A /* ANRRecordModel+ORM.swift in Sources */,
				9EA9D8811E821D440045492A /* ConsoleController.swift in Sources */,
				9EA9D88D1E821D440045492A /* CrashRecordModel.swift in Sources */,
				9EA9D8931E821D440045492A /* CrashRecordModel+ORM.swift in Sources */,
				9EA9D89A1E821D440045492A /* UIWindow+GodEye.swift in Sources */,
				9EA9D87F1E821D440045492A /* ConsoleController+Eye.swift in Sources */,
				9EA9D87E1E821D440045492A /* ConsolePrintViewController.swift in Sources */,
				9EA9D8891E821D440045492A /* Define.swift in Sources */,
				9EA9D8941E821D440045492A /* LeakRecordModel+ORM.swift in Sources */,
				9EA9D8A61E821D440045492A /* MonitorSysNetFlowView.swift in Sources */,
				9EA9D8841E821D440045492A /* MonitorContainerView.swift in Sources */,
				9EA9D89B1E821D440045492A /* Date+.swift in Sources */,
				9EA9D8AF1E821D440045492A /* NetworkRecordViewModel.swift in Sources */,
				9EA9D88C1E821D440045492A /* CommandRecordModel.swift in Sources */,
				9EA9D8801E821D440045492A /* ConsoleController+TableView.swift in Sources */,
				9EA9D8A01E821D440045492A /* Double+.swift in Sources */,
				9EA9D8881E821D440045492A /* RecordType.swift in Sources */,
				9EA9D89E1E821D440045492A /* UITableView+.swift in Sources */,
				9EA9D8821E821D440045492A /* EyesManager.swift in Sources */,
				9EA9D8A51E821D440045492A /* MonitorDeviceView.swift in Sources */,
				9EA9D87B1E821D440045492A /* SwitchConfiguration.swift in Sources */,
				9EA9D8901E821D440045492A /* NetworkRecordModel.swift in Sources */,
				9EA9D8781E821D440045492A /* CommandConfiguration.swift in Sources */,
				9EA9D87C1E821D440045492A /* GodEyeController+Show.swift in Sources */,
			);
			runOnlyForDeploymentPostprocessing = 0;
		};
/* End PBXSourcesBuildPhase section */

/* Begin PBXTargetDependency section */
		607FACE71AFB9204008FA782 /* PBXTargetDependency */ = {
			isa = PBXTargetDependency;
			target = 607FACCF1AFB9204008FA782 /* GodEye_Example */;
			targetProxy = 607FACE61AFB9204008FA782 /* PBXContainerItemProxy */;
		};
/* End PBXTargetDependency section */

/* Begin PBXVariantGroup section */
		607FACD91AFB9204008FA782 /* Main.storyboard */ = {
			isa = PBXVariantGroup;
			children = (
				607FACDA1AFB9204008FA782 /* Base */,
			);
			name = Main.storyboard;
			sourceTree = "<group>";
		};
		607FACDE1AFB9204008FA782 /* LaunchScreen.xib */ = {
			isa = PBXVariantGroup;
			children = (
				607FACDF1AFB9204008FA782 /* Base */,
			);
			name = LaunchScreen.xib;
			sourceTree = "<group>";
		};
/* End PBXVariantGroup section */

/* Begin XCBuildConfiguration section */
		607FACED1AFB9204008FA782 /* Debug */ = {
			isa = XCBuildConfiguration;
			buildSettings = {
				ALWAYS_SEARCH_USER_PATHS = NO;
				CLANG_CXX_LANGUAGE_STANDARD = "gnu++0x";
				CLANG_CXX_LIBRARY = "libc++";
				CLANG_ENABLE_MODULES = YES;
				CLANG_ENABLE_OBJC_ARC = YES;
				CLANG_WARN_BOOL_CONVERSION = YES;
				CLANG_WARN_CONSTANT_CONVERSION = YES;
				CLANG_WARN_DIRECT_OBJC_ISA_USAGE = YES_ERROR;
				CLANG_WARN_EMPTY_BODY = YES;
				CLANG_WARN_ENUM_CONVERSION = YES;
				CLANG_WARN_INT_CONVERSION = YES;
				CLANG_WARN_OBJC_ROOT_CLASS = YES_ERROR;
				CLANG_WARN_UNREACHABLE_CODE = YES;
				CLANG_WARN__DUPLICATE_METHOD_MATCH = YES;
				"CODE_SIGN_IDENTITY[sdk=iphoneos*]" = "iPhone Developer";
				COPY_PHASE_STRIP = NO;
				DEBUG_INFORMATION_FORMAT = "dwarf-with-dsym";
				ENABLE_STRICT_OBJC_MSGSEND = YES;
				ENABLE_TESTABILITY = YES;
				GCC_C_LANGUAGE_STANDARD = gnu99;
				GCC_DYNAMIC_NO_PIC = NO;
				GCC_NO_COMMON_BLOCKS = YES;
				GCC_OPTIMIZATION_LEVEL = 0;
				GCC_PREPROCESSOR_DEFINITIONS = (
					"DEBUG=1",
					"$(inherited)",
				);
				GCC_SYMBOLS_PRIVATE_EXTERN = NO;
				GCC_WARN_64_TO_32_BIT_CONVERSION = YES;
				GCC_WARN_ABOUT_RETURN_TYPE = YES_ERROR;
				GCC_WARN_UNDECLARED_SELECTOR = YES;
				GCC_WARN_UNINITIALIZED_AUTOS = YES_AGGRESSIVE;
				GCC_WARN_UNUSED_FUNCTION = YES;
				GCC_WARN_UNUSED_VARIABLE = YES;
				IPHONEOS_DEPLOYMENT_TARGET = 8.0;
				MTL_ENABLE_DEBUG_INFO = YES;
				ONLY_ACTIVE_ARCH = YES;
				SDKROOT = iphoneos;
				SWIFT_OPTIMIZATION_LEVEL = "-Onone";
			};
			name = Debug;
		};
		607FACEE1AFB9204008FA782 /* Release */ = {
			isa = XCBuildConfiguration;
			buildSettings = {
				ALWAYS_SEARCH_USER_PATHS = NO;
				CLANG_CXX_LANGUAGE_STANDARD = "gnu++0x";
				CLANG_CXX_LIBRARY = "libc++";
				CLANG_ENABLE_MODULES = YES;
				CLANG_ENABLE_OBJC_ARC = YES;
				CLANG_WARN_BOOL_CONVERSION = YES;
				CLANG_WARN_CONSTANT_CONVERSION = YES;
				CLANG_WARN_DIRECT_OBJC_ISA_USAGE = YES_ERROR;
				CLANG_WARN_EMPTY_BODY = YES;
				CLANG_WARN_ENUM_CONVERSION = YES;
				CLANG_WARN_INT_CONVERSION = YES;
				CLANG_WARN_OBJC_ROOT_CLASS = YES_ERROR;
				CLANG_WARN_UNREACHABLE_CODE = YES;
				CLANG_WARN__DUPLICATE_METHOD_MATCH = YES;
				"CODE_SIGN_IDENTITY[sdk=iphoneos*]" = "iPhone Developer";
				COPY_PHASE_STRIP = NO;
				DEBUG_INFORMATION_FORMAT = "dwarf-with-dsym";
				ENABLE_NS_ASSERTIONS = NO;
				ENABLE_STRICT_OBJC_MSGSEND = YES;
				GCC_C_LANGUAGE_STANDARD = gnu99;
				GCC_NO_COMMON_BLOCKS = YES;
				GCC_WARN_64_TO_32_BIT_CONVERSION = YES;
				GCC_WARN_ABOUT_RETURN_TYPE = YES_ERROR;
				GCC_WARN_UNDECLARED_SELECTOR = YES;
				GCC_WARN_UNINITIALIZED_AUTOS = YES_AGGRESSIVE;
				GCC_WARN_UNUSED_FUNCTION = YES;
				GCC_WARN_UNUSED_VARIABLE = YES;
				IPHONEOS_DEPLOYMENT_TARGET = 8.0;
				MTL_ENABLE_DEBUG_INFO = NO;
				SDKROOT = iphoneos;
				VALIDATE_PRODUCT = YES;
			};
			name = Release;
		};
		607FACF01AFB9204008FA782 /* Debug */ = {
			isa = XCBuildConfiguration;
			baseConfigurationReference = 78C2A5A02918EC5DDB2CEB2F /* Pods-GodEye_Example.debug.xcconfig */;
			buildSettings = {
				ASSETCATALOG_COMPILER_APPICON_NAME = AppIcon;
				DEVELOPMENT_TEAM = L35WZWVC98;
				INFOPLIST_FILE = GodEye/Info.plist;
				LD_RUNPATH_SEARCH_PATHS = "$(inherited) @executable_path/Frameworks";
				MODULE_NAME = ExampleApp;
				PRODUCT_BUNDLE_IDENTIFIER = "org.cocoapods.demo.$(PRODUCT_NAME:rfc1034identifier)";
				PRODUCT_NAME = "$(TARGET_NAME)";
				SWIFT_VERSION = 3.0;
			};
			name = Debug;
		};
		607FACF11AFB9204008FA782 /* Release */ = {
			isa = XCBuildConfiguration;
			baseConfigurationReference = C0ABE2AA0DC951C75EC55266 /* Pods-GodEye_Example.release.xcconfig */;
			buildSettings = {
				ASSETCATALOG_COMPILER_APPICON_NAME = AppIcon;
				DEVELOPMENT_TEAM = L35WZWVC98;
				INFOPLIST_FILE = GodEye/Info.plist;
				LD_RUNPATH_SEARCH_PATHS = "$(inherited) @executable_path/Frameworks";
				MODULE_NAME = ExampleApp;
				PRODUCT_BUNDLE_IDENTIFIER = "org.cocoapods.demo.$(PRODUCT_NAME:rfc1034identifier)";
				PRODUCT_NAME = "$(TARGET_NAME)";
				SWIFT_VERSION = 3.0;
			};
			name = Release;
		};
		607FACF31AFB9204008FA782 /* Debug */ = {
			isa = XCBuildConfiguration;
			baseConfigurationReference = 4BA1184577F0555FA6D69A53 /* Pods-GodEye_Tests.debug.xcconfig */;
			buildSettings = {
				DEVELOPMENT_TEAM = L35WZWVC98;
				FRAMEWORK_SEARCH_PATHS = (
					"$(SDKROOT)/Developer/Library/Frameworks",
					"$(inherited)",
				);
				GCC_PREPROCESSOR_DEFINITIONS = (
					"DEBUG=1",
					"$(inherited)",
				);
				INFOPLIST_FILE = Tests/Info.plist;
				LD_RUNPATH_SEARCH_PATHS = "$(inherited) @executable_path/Frameworks @loader_path/Frameworks";
				PRODUCT_BUNDLE_IDENTIFIER = "org.cocoapods.$(PRODUCT_NAME:rfc1034identifier)";
				PRODUCT_NAME = "$(TARGET_NAME)";
				SWIFT_VERSION = 3.0;
			};
			name = Debug;
		};
		607FACF41AFB9204008FA782 /* Release */ = {
			isa = XCBuildConfiguration;
			baseConfigurationReference = B7B09398705F2E997E16DF59 /* Pods-GodEye_Tests.release.xcconfig */;
			buildSettings = {
				DEVELOPMENT_TEAM = L35WZWVC98;
				FRAMEWORK_SEARCH_PATHS = (
					"$(SDKROOT)/Developer/Library/Frameworks",
					"$(inherited)",
				);
				INFOPLIST_FILE = Tests/Info.plist;
				LD_RUNPATH_SEARCH_PATHS = "$(inherited) @executable_path/Frameworks @loader_path/Frameworks";
				PRODUCT_BUNDLE_IDENTIFIER = "org.cocoapods.$(PRODUCT_NAME:rfc1034identifier)";
				PRODUCT_NAME = "$(TARGET_NAME)";
				SWIFT_VERSION = 3.0;
			};
			name = Release;
		};
		9EA9D8201E821D330045492A /* Debug */ = {
			isa = XCBuildConfiguration;
			buildSettings = {
				CLANG_ANALYZER_NONNULL = YES;
				CLANG_WARN_DOCUMENTATION_COMMENTS = YES;
				CLANG_WARN_INFINITE_RECURSION = YES;
				CLANG_WARN_SUSPICIOUS_MOVE = YES;
				CODE_SIGN_IDENTITY = "";
				CURRENT_PROJECT_VERSION = 1;
				DEBUG_INFORMATION_FORMAT = dwarf;
				DEFINES_MODULE = YES;
				DEVELOPMENT_TEAM = L35WZWVC98;
				DYLIB_COMPATIBILITY_VERSION = 1;
				DYLIB_CURRENT_VERSION = 1;
				DYLIB_INSTALL_NAME_BASE = "@rpath";
				FRAMEWORK_SEARCH_PATHS = "$(SRCROOT)/../Carthage/Build/iOS/**";
				INFOPLIST_FILE = GodEye/Info.plist;
				INSTALL_PATH = "$(LOCAL_LIBRARY_DIR)/Frameworks";
				IPHONEOS_DEPLOYMENT_TARGET = 8.0;
				LD_RUNPATH_SEARCH_PATHS = "$(inherited) @executable_path/Frameworks @loader_path/Frameworks";
				PRODUCT_BUNDLE_IDENTIFIER = com.zixun.GodEye;
				PRODUCT_NAME = "$(TARGET_NAME)";
				SKIP_INSTALL = YES;
				SWIFT_ACTIVE_COMPILATION_CONDITIONS = DEBUG;
				SWIFT_VERSION = 3.0;
				TARGETED_DEVICE_FAMILY = "1,2";
				VERSIONING_SYSTEM = "apple-generic";
				VERSION_INFO_PREFIX = "";
			};
			name = Debug;
		};
		9EA9D8211E821D330045492A /* Release */ = {
			isa = XCBuildConfiguration;
			buildSettings = {
				CLANG_ANALYZER_NONNULL = YES;
				CLANG_WARN_DOCUMENTATION_COMMENTS = YES;
				CLANG_WARN_INFINITE_RECURSION = YES;
				CLANG_WARN_SUSPICIOUS_MOVE = YES;
				CODE_SIGN_IDENTITY = "";
				CURRENT_PROJECT_VERSION = 1;
				DEFINES_MODULE = YES;
				DEVELOPMENT_TEAM = L35WZWVC98;
				DYLIB_COMPATIBILITY_VERSION = 1;
				DYLIB_CURRENT_VERSION = 1;
				DYLIB_INSTALL_NAME_BASE = "@rpath";
				FRAMEWORK_SEARCH_PATHS = "$(SRCROOT)/../Carthage/Build/iOS/**";
				INFOPLIST_FILE = GodEye/Info.plist;
				INSTALL_PATH = "$(LOCAL_LIBRARY_DIR)/Frameworks";
				IPHONEOS_DEPLOYMENT_TARGET = 8.0;
				LD_RUNPATH_SEARCH_PATHS = "$(inherited) @executable_path/Frameworks @loader_path/Frameworks";
				PRODUCT_BUNDLE_IDENTIFIER = com.zixun.GodEye;
				PRODUCT_NAME = "$(TARGET_NAME)";
				SKIP_INSTALL = YES;
				SWIFT_OPTIMIZATION_LEVEL = "-Owholemodule";
				SWIFT_VERSION = 3.0;
				TARGETED_DEVICE_FAMILY = "1,2";
				VERSIONING_SYSTEM = "apple-generic";
				VERSION_INFO_PREFIX = "";
			};
			name = Release;
		};
/* End XCBuildConfiguration section */

/* Begin XCConfigurationList section */
		607FACCB1AFB9204008FA782 /* Build configuration list for PBXProject "GodEye" */ = {
			isa = XCConfigurationList;
			buildConfigurations = (
				607FACED1AFB9204008FA782 /* Debug */,
				607FACEE1AFB9204008FA782 /* Release */,
			);
			defaultConfigurationIsVisible = 0;
			defaultConfigurationName = Release;
		};
		607FACEF1AFB9204008FA782 /* Build configuration list for PBXNativeTarget "GodEye_Example" */ = {
			isa = XCConfigurationList;
			buildConfigurations = (
				607FACF01AFB9204008FA782 /* Debug */,
				607FACF11AFB9204008FA782 /* Release */,
			);
			defaultConfigurationIsVisible = 0;
			defaultConfigurationName = Release;
		};
		607FACF21AFB9204008FA782 /* Build configuration list for PBXNativeTarget "GodEye_Tests" */ = {
			isa = XCConfigurationList;
			buildConfigurations = (
				607FACF31AFB9204008FA782 /* Debug */,
				607FACF41AFB9204008FA782 /* Release */,
			);
			defaultConfigurationIsVisible = 0;
			defaultConfigurationName = Release;
		};
		9EA9D8221E821D330045492A /* Build configuration list for PBXNativeTarget "GodEye" */ = {
			isa = XCConfigurationList;
			buildConfigurations = (
				9EA9D8201E821D330045492A /* Debug */,
				9EA9D8211E821D330045492A /* Release */,
			);
			defaultConfigurationIsVisible = 0;
			defaultConfigurationName = Release;
		};
/* End XCConfigurationList section */
	};
	rootObject = 607FACC81AFB9204008FA782 /* Project object */;
}
