// !$*UTF8*$!
{
	archiveVersion = 1;
	classes = {
	};
	objectVersion = 46;
	objects = {

/* Begin PBXBuildFile section */
		394BA34D1C71B6BF0012FCB5 /* SwViewCapture.framework in Frameworks */ = {isa = PBXBuildFile; fileRef = 39D667C51BE2053600BF0BD7 /* SwViewCapture.framework */; };
		394BA34F1C71B7300012FCB5 /* SwViewCapture.framework in Embed Frameworks */ = {isa = PBXBuildFile; fileRef = 39D667C51BE2053600BF0BD7 /* SwViewCapture.framework */; settings = {ATTRIBUTES = (CodeSignOnCopy, RemoveHeadersOnCopy, ); }; };
		394BA3541C71D1120012FCB5 /* STUIWebViewDemoController.swift in Sources */ = {isa = PBXBuildFile; fileRef = 394BA3531C71D1120012FCB5 /* STUIWebViewDemoController.swift */; };
		394BA3611C7461880012FCB5 /* ImageViewController.swift in Sources */ = {isa = PBXBuildFile; fileRef = 394BA3601C7461880012FCB5 /* ImageViewController.swift */; };
		39D667A11BE202AC00BF0BD7 /* STDemoAppDelegate.swift in Sources */ = {isa = PBXBuildFile; fileRef = 39D667A01BE202AC00BF0BD7 /* STDemoAppDelegate.swift */; };
		39D667A81BE202AC00BF0BD7 /* Assets.xcassets in Resources */ = {isa = PBXBuildFile; fileRef = 39D667A71BE202AC00BF0BD7 /* Assets.xcassets */; };
		39D667AB1BE202AC00BF0BD7 /* LaunchScreen.storyboard in Resources */ = {isa = PBXBuildFile; fileRef = 39D667A91BE202AC00BF0BD7 /* LaunchScreen.storyboard */; };
		39D667B91BE202FE00BF0BD7 /* STMenuDemoViewController.swift in Sources */ = {isa = PBXBuildFile; fileRef = 39D667B41BE202FE00BF0BD7 /* STMenuDemoViewController.swift */; };
		39D667BA1BE202FE00BF0BD7 /* STScrollViewDemoController.swift in Sources */ = {isa = PBXBuildFile; fileRef = 39D667B51BE202FE00BF0BD7 /* STScrollViewDemoController.swift */; };
		39D667BB1BE202FE00BF0BD7 /* STTableViewDemoController.swift in Sources */ = {isa = PBXBuildFile; fileRef = 39D667B61BE202FE00BF0BD7 /* STTableViewDemoController.swift */; };
		39D667BC1BE202FE00BF0BD7 /* STViewDemoController.swift in Sources */ = {isa = PBXBuildFile; fileRef = 39D667B71BE202FE00BF0BD7 /* STViewDemoController.swift */; };
		39D667BD1BE202FE00BF0BD7 /* STWKWebViewDemoController.swift in Sources */ = {isa = PBXBuildFile; fileRef = 39D667B81BE202FE00BF0BD7 /* STWKWebViewDemoController.swift */; };
/* End PBXBuildFile section */

/* Begin PBXContainerItemProxy section */
		394BA34A1C71B6A30012FCB5 /* PBXContainerItemProxy */ = {
			isa = PBXContainerItemProxy;
			containerPortal = 39D667C01BE2053600BF0BD7 /* SwViewCapture.xcodeproj */;
			proxyType = 1;
			remoteGlobalIDString = 39D667881BE2024900BF0BD7;
			remoteInfo = SwViewCapture;
		};
		394BA3501C71B7300012FCB5 /* PBXContainerItemProxy */ = {
			isa = PBXContainerItemProxy;
			containerPortal = 39D667C01BE2053600BF0BD7 /* SwViewCapture.xcodeproj */;
			proxyType = 1;
			remoteGlobalIDString = 39D667881BE2024900BF0BD7;
			remoteInfo = SwViewCapture;
		};
		39D667C41BE2053600BF0BD7 /* PBXContainerItemProxy */ = {
			isa = PBXContainerItemProxy;
			containerPortal = 39D667C01BE2053600BF0BD7 /* SwViewCapture.xcodeproj */;
			proxyType = 2;
			remoteGlobalIDString = 39D667891BE2024900BF0BD7;
			remoteInfo = SwViewCapture;
		};
/* End PBXContainerItemProxy section */

/* Begin PBXCopyFilesBuildPhase section */
		394BA3521C71B7300012FCB5 /* Embed Frameworks */ = {
			isa = PBXCopyFilesBuildPhase;
			buildActionMask = 2147483647;
			dstPath = "";
			dstSubfolderSpec = 10;
			files = (
				394BA34F1C71B7300012FCB5 /* SwViewCapture.framework in Embed Frameworks */,
			);
			name = "Embed Frameworks";
			runOnlyForDeploymentPostprocessing = 0;
		};
/* End PBXCopyFilesBuildPhase section */

/* Begin PBXFileReference section */
		394BA3531C71D1120012FCB5 /* STUIWebViewDemoController.swift */ = {isa = PBXFileReference; fileEncoding = 4; lastKnownFileType = sourcecode.swift; path = STUIWebViewDemoController.swift; sourceTree = "<group>"; };
		394BA3601C7461880012FCB5 /* ImageViewController.swift */ = {isa = PBXFileReference; fileEncoding = 4; lastKnownFileType = sourcecode.swift; path = ImageViewController.swift; sourceTree = "<group>"; };
		39D6679D1BE202AC00BF0BD7 /* Example.app */ = {isa = PBXFileReference; explicitFileType = wrapper.application; includeInIndex = 0; path = Example.app; sourceTree = BUILT_PRODUCTS_DIR; };
		39D667A01BE202AC00BF0BD7 /* STDemoAppDelegate.swift */ = {isa = PBXFileReference; lastKnownFileType = sourcecode.swift; path = STDemoAppDelegate.swift; sourceTree = "<group>"; };
		39D667A71BE202AC00BF0BD7 /* Assets.xcassets */ = {isa = PBXFileReference; lastKnownFileType = folder.assetcatalog; path = Assets.xcassets; sourceTree = "<group>"; };
		39D667AA1BE202AC00BF0BD7 /* Base */ = {isa = PBXFileReference; lastKnownFileType = file.storyboard; name = Base; path = Base.lproj/LaunchScreen.storyboard; sourceTree = "<group>"; };
		39D667AC1BE202AC00BF0BD7 /* Info.plist */ = {isa = PBXFileReference; lastKnownFileType = text.plist.xml; path = Info.plist; sourceTree = "<group>"; };
		39D667B41BE202FE00BF0BD7 /* STMenuDemoViewController.swift */ = {isa = PBXFileReference; fileEncoding = 4; lastKnownFileType = sourcecode.swift; path = STMenuDemoViewController.swift; sourceTree = "<group>"; };
		39D667B51BE202FE00BF0BD7 /* STScrollViewDemoController.swift */ = {isa = PBXFileReference; fileEncoding = 4; lastKnownFileType = sourcecode.swift; path = STScrollViewDemoController.swift; sourceTree = "<group>"; };
		39D667B61BE202FE00BF0BD7 /* STTableViewDemoController.swift */ = {isa = PBXFileReference; fileEncoding = 4; lastKnownFileType = sourcecode.swift; path = STTableViewDemoController.swift; sourceTree = "<group>"; };
		39D667B71BE202FE00BF0BD7 /* STViewDemoController.swift */ = {isa = PBXFileReference; fileEncoding = 4; lastKnownFileType = sourcecode.swift; path = STViewDemoController.swift; sourceTree = "<group>"; };
		39D667B81BE202FE00BF0BD7 /* STWKWebViewDemoController.swift */ = {isa = PBXFileReference; fileEncoding = 4; lastKnownFileType = sourcecode.swift; path = STWKWebViewDemoController.swift; sourceTree = "<group>"; };
		39D667C01BE2053600BF0BD7 /* SwViewCapture.xcodeproj */ = {isa = PBXFileReference; lastKnownFileType = "wrapper.pb-project"; name = SwViewCapture.xcodeproj; path = ../SwViewCapture.xcodeproj; sourceTree = "<group>"; };
/* End PBXFileReference section */

/* Begin PBXFrameworksBuildPhase section */
		39D6679A1BE202AC00BF0BD7 /* Frameworks */ = {
			isa = PBXFrameworksBuildPhase;
			buildActionMask = 2147483647;
			files = (
				394BA34D1C71B6BF0012FCB5 /* SwViewCapture.framework in Frameworks */,
			);
			runOnlyForDeploymentPostprocessing = 0;
		};
/* End PBXFrameworksBuildPhase section */

/* Begin PBXGroup section */
		39D667941BE202AC00BF0BD7 = {
			isa = PBXGroup;
			children = (
				39D667C01BE2053600BF0BD7 /* SwViewCapture.xcodeproj */,
				39D6679F1BE202AC00BF0BD7 /* Example */,
				39D6679E1BE202AC00BF0BD7 /* Products */,
			);
			sourceTree = "<group>";
		};
		39D6679E1BE202AC00BF0BD7 /* Products */ = {
			isa = PBXGroup;
			children = (
				39D6679D1BE202AC00BF0BD7 /* Example.app */,
			);
			name = Products;
			sourceTree = "<group>";
		};
		39D6679F1BE202AC00BF0BD7 /* Example */ = {
			isa = PBXGroup;
			children = (
				39D667A01BE202AC00BF0BD7 /* STDemoAppDelegate.swift */,
				39D667B41BE202FE00BF0BD7 /* STMenuDemoViewController.swift */,
				39D667B51BE202FE00BF0BD7 /* STScrollViewDemoController.swift */,
				39D667B61BE202FE00BF0BD7 /* STTableViewDemoController.swift */,
				39D667B71BE202FE00BF0BD7 /* STViewDemoController.swift */,
				39D667B81BE202FE00BF0BD7 /* STWKWebViewDemoController.swift */,
				394BA3531C71D1120012FCB5 /* STUIWebViewDemoController.swift */,
				394BA3601C7461880012FCB5 /* ImageViewController.swift */,
				39D667A71BE202AC00BF0BD7 /* Assets.xcassets */,
				39D667A91BE202AC00BF0BD7 /* LaunchScreen.storyboard */,
				39D667AC1BE202AC00BF0BD7 /* Info.plist */,
			);
			path = Example;
			sourceTree = "<group>";
		};
		39D667C11BE2053600BF0BD7 /* Products */ = {
			isa = PBXGroup;
			children = (
				39D667C51BE2053600BF0BD7 /* SwViewCapture.framework */,
			);
			name = Products;
			sourceTree = "<group>";
		};
/* End PBXGroup section */

/* Begin PBXNativeTarget section */
		39D6679C1BE202AC00BF0BD7 /* Example */ = {
			isa = PBXNativeTarget;
			buildConfigurationList = 39D667AF1BE202AC00BF0BD7 /* Build configuration list for PBXNativeTarget "Example" */;
			buildPhases = (
				39D667991BE202AC00BF0BD7 /* Sources */,
				39D6679A1BE202AC00BF0BD7 /* Frameworks */,
				39D6679B1BE202AC00BF0BD7 /* Resources */,
				394BA3521C71B7300012FCB5 /* Embed Frameworks */,
			);
			buildRules = (
			);
			dependencies = (
				394BA34B1C71B6A30012FCB5 /* PBXTargetDependency */,
				394BA3511C71B7300012FCB5 /* PBXTargetDependency */,
			);
			name = Example;
			productName = Example;
			productReference = 39D6679D1BE202AC00BF0BD7 /* Example.app */;
			productType = "com.apple.product-type.application";
		};
/* End PBXNativeTarget section */

/* Begin PBXProject section */
		39D667951BE202AC00BF0BD7 /* Project object */ = {
			isa = PBXProject;
			attributes = {
				LastSwiftUpdateCheck = 0710;
				LastUpgradeCheck = 0710;
				ORGANIZATIONNAME = Startry;
				TargetAttributes = {
					39D6679C1BE202AC00BF0BD7 = {
						CreatedOnToolsVersion = 7.1;
						LastSwiftMigration = 0800;
					};
				};
			};
			buildConfigurationList = 39D667981BE202AC00BF0BD7 /* Build configuration list for PBXProject "Example" */;
			compatibilityVersion = "Xcode 3.2";
			developmentRegion = English;
			hasScannedForEncodings = 0;
			knownRegions = (
				en,
				Base,
			);
			mainGroup = 39D667941BE202AC00BF0BD7;
			productRefGroup = 39D6679E1BE202AC00BF0BD7 /* Products */;
			projectDirPath = "";
			projectReferences = (
				{
					ProductGroup = 39D667C11BE2053600BF0BD7 /* Products */;
					ProjectRef = 39D667C01BE2053600BF0BD7 /* SwViewCapture.xcodeproj */;
				},
			);
			projectRoot = "";
			targets = (
				39D6679C1BE202AC00BF0BD7 /* Example */,
			);
		};
/* End PBXProject section */

/* Begin PBXReferenceProxy section */
		39D667C51BE2053600BF0BD7 /* SwViewCapture.framework */ = {
			isa = PBXReferenceProxy;
			fileType = wrapper.framework;
			path = SwViewCapture.framework;
			remoteRef = 39D667C41BE2053600BF0BD7 /* PBXContainerItemProxy */;
			sourceTree = BUILT_PRODUCTS_DIR;
		};
/* End PBXReferenceProxy section */

/* Begin PBXResourcesBuildPhase section */
		39D6679B1BE202AC00BF0BD7 /* Resources */ = {
			isa = PBXResourcesBuildPhase;
			buildActionMask = 2147483647;
			files = (
				39D667AB1BE202AC00BF0BD7 /* LaunchScreen.storyboard in Resources */,
				39D667A81BE202AC00BF0BD7 /* Assets.xcassets in Resources */,
			);
			runOnlyForDeploymentPostprocessing = 0;
		};
/* End PBXResourcesBuildPhase section */

/* Begin PBXSourcesBuildPhase section */
		39D667991BE202AC00BF0BD7 /* Sources */ = {
			isa = PBXSourcesBuildPhase;
			buildActionMask = 2147483647;
			files = (
				39D667BC1BE202FE00BF0BD7 /* STViewDemoController.swift in Sources */,
				39D667BD1BE202FE00BF0BD7 /* STWKWebViewDemoController.swift in Sources */,
				394BA3541C71D1120012FCB5 /* STUIWebViewDemoController.swift in Sources */,
				39D667A11BE202AC00BF0BD7 /* STDemoAppDelegate.swift in Sources */,
				39D667BA1BE202FE00BF0BD7 /* STScrollViewDemoController.swift in Sources */,
				39D667B91BE202FE00BF0BD7 /* STMenuDemoViewController.swift in Sources */,
				394BA3611C7461880012FCB5 /* ImageViewController.swift in Sources */,
				39D667BB1BE202FE00BF0BD7 /* STTableViewDemoController.swift in Sources */,
			);
			runOnlyForDeploymentPostprocessing = 0;
		};
/* End PBXSourcesBuildPhase section */

/* Begin PBXTargetDependency section */
		394BA34B1C71B6A30012FCB5 /* PBXTargetDependency */ = {
			isa = PBXTargetDependency;
			name = SwViewCapture;
			targetProxy = 394BA34A1C71B6A30012FCB5 /* PBXContainerItemProxy */;
		};
		394BA3511C71B7300012FCB5 /* PBXTargetDependency */ = {
			isa = PBXTargetDependency;
			name = SwViewCapture;
			targetProxy = 394BA3501C71B7300012FCB5 /* PBXContainerItemProxy */;
		};
/* End PBXTargetDependency section */

/* Begin PBXVariantGroup section */
		39D667A91BE202AC00BF0BD7 /* LaunchScreen.storyboard */ = {
			isa = PBXVariantGroup;
			children = (
				39D667AA1BE202AC00BF0BD7 /* Base */,
			);
			name = LaunchScreen.storyboard;
			sourceTree = "<group>";
		};
/* End PBXVariantGroup section */

/* Begin XCBuildConfiguration section */
		39D667AD1BE202AC00BF0BD7 /* Debug */ = {
			isa = XCBuildConfiguration;
			buildSettings = {
				ALWAYS_SEARCH_USER_PATHS = NO;
				CLANG_CXX_LANGUAGE_STANDARD = "gnu++0x";
				CLANG_CXX_LIBRARY = "libc++";
				CLANG_ENABLE_MODULES = YES;
				CLANG_ENABLE_OBJC_ARC = YES;
				CLANG_WARN_BOOL_CONVERSION = YES;
				CLANG_WARN_CONSTANT_CONVERSION = YES;
				CLANG_WARN_DIRECT_OBJC_ISA_USAGE = YES_ERROR;
				CLANG_WARN_EMPTY_BODY = YES;
				CLANG_WARN_ENUM_CONVERSION = YES;
				CLANG_WARN_INT_CONVERSION = YES;
				CLANG_WARN_OBJC_ROOT_CLASS = YES_ERROR;
				CLANG_WARN_UNREACHABLE_CODE = YES;
				CLANG_WARN__DUPLICATE_METHOD_MATCH = YES;
				"CODE_SIGN_IDENTITY[sdk=iphoneos*]" = "iPhone Developer";
				COPY_PHASE_STRIP = NO;
				DEBUG_INFORMATION_FORMAT = dwarf;
				ENABLE_STRICT_OBJC_MSGSEND = YES;
				ENABLE_TESTABILITY = YES;
				GCC_C_LANGUAGE_STANDARD = gnu99;
				GCC_DYNAMIC_NO_PIC = NO;
				GCC_NO_COMMON_BLOCKS = YES;
				GCC_OPTIMIZATION_LEVEL = 0;
				GCC_PREPROCESSOR_DEFINITIONS = (
					"DEBUG=1",
					"$(inherited)",
				);
				GCC_WARN_64_TO_32_BIT_CONVERSION = YES;
				GCC_WARN_ABOUT_RETURN_TYPE = YES_ERROR;
				GCC_WARN_UNDECLARED_SELECTOR = YES;
				GCC_WARN_UNINITIALIZED_AUTOS = YES_AGGRESSIVE;
				GCC_WARN_UNUSED_FUNCTION = YES;
				GCC_WARN_UNUSED_VARIABLE = YES;
				IPHONEOS_DEPLOYMENT_TARGET = 9.1;
				MTL_ENABLE_DEBUG_INFO = YES;
				ONLY_ACTIVE_ARCH = YES;
				SDKROOT = iphoneos;
				SWIFT_OPTIMIZATION_LEVEL = "-Onone";
				TARGETED_DEVICE_FAMILY = "1,2";
			};
			name = Debug;
		};
		39D667AE1BE202AC00BF0BD7 /* Release */ = {
			isa = XCBuildConfiguration;
			buildSettings = {
				ALWAYS_SEARCH_USER_PATHS = NO;
				CLANG_CXX_LANGUAGE_STANDARD = "gnu++0x";
				CLANG_CXX_LIBRARY = "libc++";
				CLANG_ENABLE_MODULES = YES;
				CLANG_ENABLE_OBJC_ARC = YES;
				CLANG_WARN_BOOL_CONVERSION = YES;
				CLANG_WARN_CONSTANT_CONVERSION = YES;
				CLANG_WARN_DIRECT_OBJC_ISA_USAGE = YES_ERROR;
				CLANG_WARN_EMPTY_BODY = YES;
				CLANG_WARN_ENUM_CONVERSION = YES;
				CLANG_WARN_INT_CONVERSION = YES;
				CLANG_WARN_OBJC_ROOT_CLASS = YES_ERROR;
				CLANG_WARN_UNREACHABLE_CODE = YES;
				CLANG_WARN__DUPLICATE_METHOD_MATCH = YES;
				"CODE_SIGN_IDENTITY[sdk=iphoneos*]" = "iPhone Developer";
				COPY_PHASE_STRIP = NO;
				DEBUG_INFORMATION_FORMAT = "dwarf-with-dsym";
				ENABLE_NS_ASSERTIONS = NO;
				ENABLE_STRICT_OBJC_MSGSEND = YES;
				GCC_C_LANGUAGE_STANDARD = gnu99;
				GCC_NO_COMMON_BLOCKS = YES;
				GCC_WARN_64_TO_32_BIT_CONVERSION = YES;
				GCC_WARN_ABOUT_RETURN_TYPE = YES_ERROR;
				GCC_WARN_UNDECLARED_SELECTOR = YES;
				GCC_WARN_UNINITIALIZED_AUTOS = YES_AGGRESSIVE;
				GCC_WARN_UNUSED_FUNCTION = YES;
				GCC_WARN_UNUSED_VARIABLE = YES;
				IPHONEOS_DEPLOYMENT_TARGET = 9.1;
				MTL_ENABLE_DEBUG_INFO = NO;
				SDKROOT = iphoneos;
				TARGETED_DEVICE_FAMILY = "1,2";
				VALIDATE_PRODUCT = YES;
			};
			name = Release;
		};
		39D667B01BE202AC00BF0BD7 /* Debug */ = {
			isa = XCBuildConfiguration;
			buildSettings = {
				ASSETCATALOG_COMPILER_APPICON_NAME = AppIcon;
				CODE_SIGN_IDENTITY = "iPhone Developer";
				DEVELOPMENT_TEAM = "";
				EMBEDDED_CONTENT_CONTAINS_SWIFT = YES;
				INFOPLIST_FILE = Example/Info.plist;
				IPHONEOS_DEPLOYMENT_TARGET = 8.0;
				LD_RUNPATH_SEARCH_PATHS = "$(inherited) @executable_path/Frameworks";
				PRODUCT_BUNDLE_IDENTIFIER = com.startry.SwViewCapture.Example;
				PRODUCT_NAME = "$(TARGET_NAME)";
				SWIFT_VERSION = 3.0;
			};
			name = Debug;
		};
		39D667B11BE202AC00BF0BD7 /* Release */ = {
			isa = XCBuildConfiguration;
			buildSettings = {
				ASSETCATALOG_COMPILER_APPICON_NAME = AppIcon;
				CODE_SIGN_IDENTITY = "iPhone Developer";
				DEVELOPMENT_TEAM = "";
				EMBEDDED_CONTENT_CONTAINS_SWIFT = YES;
				INFOPLIST_FILE = Example/Info.plist;
				IPHONEOS_DEPLOYMENT_TARGET = 8.0;
				LD_RUNPATH_SEARCH_PATHS = "$(inherited) @executable_path/Frameworks";
				PRODUCT_BUNDLE_IDENTIFIER = com.startry.SwViewCapture.Example;
				PRODUCT_NAME = "$(TARGET_NAME)";
				SWIFT_VERSION = 3.0;
			};
			name = Release;
		};
/* End XCBuildConfiguration section */

/* Begin XCConfigurationList section */
		39D667981BE202AC00BF0BD7 /* Build configuration list for PBXProject "Example" */ = {
			isa = XCConfigurationList;
			buildConfigurations = (
				39D667AD1BE202AC00BF0BD7 /* Debug */,
				39D667AE1BE202AC00BF0BD7 /* Release */,
			);
			defaultConfigurationIsVisible = 0;
			defaultConfigurationName = Release;
		};
		39D667AF1BE202AC00BF0BD7 /* Build configuration list for PBXNativeTarget "Example" */ = {
			isa = XCConfigurationList;
			buildConfigurations = (
				39D667B01BE202AC00BF0BD7 /* Debug */,
				39D667B11BE202AC00BF0BD7 /* Release */,
			);
			defaultConfigurationIsVisible = 0;
			defaultConfigurationName = Release;
		};
/* End XCConfigurationList section */
	};
	rootObject = 39D667951BE202AC00BF0BD7 /* Project object */;
}
