// !$*UTF8*$!
{
	archiveVersion = 1;
	classes = {
	};
	objectVersion = 46;
	objects = {

/* Begin PBXBuildFile section */
		5ECE86BAB9C981CA122D038B /* Pods_LeakEye_Example.framework in Frameworks */ = {isa = PBXBuildFile; fileRef = 972B21E2412B46D814D1FD2B /* Pods_LeakEye_Example.framework */; };
		607FACD61AFB9204008FA782 /* AppDelegate.swift in Sources */ = {isa = PBXBuildFile; fileRef = 607FACD51AFB9204008FA782 /* AppDelegate.swift */; };
		607FACD81AFB9204008FA782 /* ViewController.swift in Sources */ = {isa = PBXBuildFile; fileRef = 607FACD71AFB9204008FA782 /* ViewController.swift */; };
		607FACDB1AFB9204008FA782 /* Main.storyboard in Resources */ = {isa = PBXBuildFile; fileRef = 607FACD91AFB9204008FA782 /* Main.storyboard */; };
		607FACDD1AFB9204008FA782 /* Images.xcassets in Resources */ = {isa = PBXBuildFile; fileRef = 607FACDC1AFB9204008FA782 /* Images.xcassets */; };
		607FACE01AFB9204008FA782 /* LaunchScreen.xib in Resources */ = {isa = PBXBuildFile; fileRef = 607FACDE1AFB9204008FA782 /* LaunchScreen.xib */; };
		607FACEC1AFB9204008FA782 /* Tests.swift in Sources */ = {isa = PBXBuildFile; fileRef = 607FACEB1AFB9204008FA782 /* Tests.swift */; };
		9E24FA811E81165D001AD0D7 /* LeakEye.h in Headers */ = {isa = PBXBuildFile; fileRef = 9E24FA7F1E81165D001AD0D7 /* LeakEye.h */; settings = {ATTRIBUTES = (Public, ); }; };
		9E24FA841E81165D001AD0D7 /* LeakEye.framework in Frameworks */ = {isa = PBXBuildFile; fileRef = 9E24FA7D1E81165D001AD0D7 /* LeakEye.framework */; };
		9E24FA851E81165D001AD0D7 /* LeakEye.framework in Embed Frameworks */ = {isa = PBXBuildFile; fileRef = 9E24FA7D1E81165D001AD0D7 /* LeakEye.framework */; settings = {ATTRIBUTES = (CodeSignOnCopy, RemoveHeadersOnCopy, ); }; };
		9E24FA9D1E81166C001AD0D7 /* ObjectAgent.swift in Sources */ = {isa = PBXBuildFile; fileRef = 9E24FA901E81166C001AD0D7 /* ObjectAgent.swift */; };
		9E24FA9E1E81166C001AD0D7 /* LeakEye.swift in Sources */ = {isa = PBXBuildFile; fileRef = 9E24FA911E81166C001AD0D7 /* LeakEye.swift */; };
		9E24FA9F1E81166C001AD0D7 /* NSObject+Alive.swift in Sources */ = {isa = PBXBuildFile; fileRef = 9E24FA931E81166C001AD0D7 /* NSObject+Alive.swift */; };
		9E24FAA01E81166C001AD0D7 /* NSObject+Eye.swift in Sources */ = {isa = PBXBuildFile; fileRef = 9E24FA941E81166C001AD0D7 /* NSObject+Eye.swift */; };
		9E24FAA11E81166C001AD0D7 /* Preparer.swift in Sources */ = {isa = PBXBuildFile; fileRef = 9E24FA951E81166C001AD0D7 /* Preparer.swift */; };
		9E24FAA21E81166C001AD0D7 /* NSNotification+LeakEye.swift in Sources */ = {isa = PBXBuildFile; fileRef = 9E24FA961E81166C001AD0D7 /* NSNotification+LeakEye.swift */; };
		9E24FAA31E81166C001AD0D7 /* DispatchQueue+.swift in Sources */ = {isa = PBXBuildFile; fileRef = 9E24FA981E81166C001AD0D7 /* DispatchQueue+.swift */; };
		9E24FAA41E81166C001AD0D7 /* String+.swift in Sources */ = {isa = PBXBuildFile; fileRef = 9E24FA991E81166C001AD0D7 /* String+.swift */; };
		9E24FAA51E81166C001AD0D7 /* Variable.swift in Sources */ = {isa = PBXBuildFile; fileRef = 9E24FA9A1E81166C001AD0D7 /* Variable.swift */; };
		9E24FAA71E812E54001AD0D7 /* AppSwizzle.framework in Frameworks */ = {isa = PBXBuildFile; fileRef = 9E24FAA61E812E54001AD0D7 /* AppSwizzle.framework */; };
		9E32F5531E102BC8005C7850 /* SecondViewController.swift in Sources */ = {isa = PBXBuildFile; fileRef = 9E32F5521E102BC8005C7850 /* SecondViewController.swift */; };
		B92C4D2AE881797F9F839515 /* Pods_LeakEye_Tests.framework in Frameworks */ = {isa = PBXBuildFile; fileRef = A5A031E8773354D107B0FFE4 /* Pods_LeakEye_Tests.framework */; };
/* End PBXBuildFile section */

/* Begin PBXContainerItemProxy section */
		607FACE61AFB9204008FA782 /* PBXContainerItemProxy */ = {
			isa = PBXContainerItemProxy;
			containerPortal = 607FACC81AFB9204008FA782 /* Project object */;
			proxyType = 1;
			remoteGlobalIDString = 607FACCF1AFB9204008FA782;
			remoteInfo = LeakEye;
		};
		9E24FA821E81165D001AD0D7 /* PBXContainerItemProxy */ = {
			isa = PBXContainerItemProxy;
			containerPortal = 607FACC81AFB9204008FA782 /* Project object */;
			proxyType = 1;
			remoteGlobalIDString = 9E24FA7C1E81165D001AD0D7;
			remoteInfo = LeakEye;
		};
/* End PBXContainerItemProxy section */

/* Begin PBXCopyFilesBuildPhase section */
		9E24FA891E81165D001AD0D7 /* Embed Frameworks */ = {
			isa = PBXCopyFilesBuildPhase;
			buildActionMask = 2147483647;
			dstPath = "";
			dstSubfolderSpec = 10;
			files = (
				9E24FA851E81165D001AD0D7 /* LeakEye.framework in Embed Frameworks */,
			);
			name = "Embed Frameworks";
			runOnlyForDeploymentPostprocessing = 0;
		};
/* End PBXCopyFilesBuildPhase section */

/* Begin PBXFileReference section */
		0FB1D0765284FEEA825C5038 /* Pods-LeakEye_Example.debug.xcconfig */ = {isa = PBXFileReference; includeInIndex = 1; lastKnownFileType = text.xcconfig; name = "Pods-LeakEye_Example.debug.xcconfig"; path = "Pods/Target Support Files/Pods-LeakEye_Example/Pods-LeakEye_Example.debug.xcconfig"; sourceTree = "<group>"; };
		155AC52870DD02971EAFBE90 /* LICENSE */ = {isa = PBXFileReference; includeInIndex = 1; lastKnownFileType = text; name = LICENSE; path = ../LICENSE; sourceTree = "<group>"; };
		573A2902F825A85A93560459 /* LeakEye.podspec */ = {isa = PBXFileReference; includeInIndex = 1; lastKnownFileType = text; name = LeakEye.podspec; path = ../LeakEye.podspec; sourceTree = "<group>"; };
		607FACD01AFB9204008FA782 /* LeakEye_Example.app */ = {isa = PBXFileReference; explicitFileType = wrapper.application; includeInIndex = 0; path = LeakEye_Example.app; sourceTree = BUILT_PRODUCTS_DIR; };
		607FACD41AFB9204008FA782 /* Info.plist */ = {isa = PBXFileReference; lastKnownFileType = text.plist.xml; path = Info.plist; sourceTree = "<group>"; };
		607FACD51AFB9204008FA782 /* AppDelegate.swift */ = {isa = PBXFileReference; lastKnownFileType = sourcecode.swift; path = AppDelegate.swift; sourceTree = "<group>"; };
		607FACD71AFB9204008FA782 /* ViewController.swift */ = {isa = PBXFileReference; lastKnownFileType = sourcecode.swift; path = ViewController.swift; sourceTree = "<group>"; };
		607FACDA1AFB9204008FA782 /* Base */ = {isa = PBXFileReference; lastKnownFileType = file.storyboard; name = Base; path = Base.lproj/Main.storyboard; sourceTree = "<group>"; };
		607FACDC1AFB9204008FA782 /* Images.xcassets */ = {isa = PBXFileReference; lastKnownFileType = folder.assetcatalog; path = Images.xcassets; sourceTree = "<group>"; };
		607FACDF1AFB9204008FA782 /* Base */ = {isa = PBXFileReference; lastKnownFileType = file.xib; name = Base; path = Base.lproj/LaunchScreen.xib; sourceTree = "<group>"; };
		607FACE51AFB9204008FA782 /* LeakEye_Tests.xctest */ = {isa = PBXFileReference; explicitFileType = wrapper.cfbundle; includeInIndex = 0; path = LeakEye_Tests.xctest; sourceTree = BUILT_PRODUCTS_DIR; };
		607FACEA1AFB9204008FA782 /* Info.plist */ = {isa = PBXFileReference; lastKnownFileType = text.plist.xml; path = Info.plist; sourceTree = "<group>"; };
		607FACEB1AFB9204008FA782 /* Tests.swift */ = {isa = PBXFileReference; lastKnownFileType = sourcecode.swift; path = Tests.swift; sourceTree = "<group>"; };
		972B21E2412B46D814D1FD2B /* Pods_LeakEye_Example.framework */ = {isa = PBXFileReference; explicitFileType = wrapper.framework; includeInIndex = 0; path = Pods_LeakEye_Example.framework; sourceTree = BUILT_PRODUCTS_DIR; };
		9E24FA7D1E81165D001AD0D7 /* LeakEye.framework */ = {isa = PBXFileReference; explicitFileType = wrapper.framework; includeInIndex = 0; path = LeakEye.framework; sourceTree = BUILT_PRODUCTS_DIR; };
		9E24FA7F1E81165D001AD0D7 /* LeakEye.h */ = {isa = PBXFileReference; lastKnownFileType = sourcecode.c.h; path = LeakEye.h; sourceTree = "<group>"; };
		9E24FA801E81165D001AD0D7 /* Info.plist */ = {isa = PBXFileReference; lastKnownFileType = text.plist.xml; path = Info.plist; sourceTree = "<group>"; };
		9E24FA901E81166C001AD0D7 /* ObjectAgent.swift */ = {isa = PBXFileReference; fileEncoding = 4; lastKnownFileType = sourcecode.swift; path = ObjectAgent.swift; sourceTree = "<group>"; };
		9E24FA911E81166C001AD0D7 /* LeakEye.swift */ = {isa = PBXFileReference; fileEncoding = 4; lastKnownFileType = sourcecode.swift; path = LeakEye.swift; sourceTree = "<group>"; };
		9E24FA931E81166C001AD0D7 /* NSObject+Alive.swift */ = {isa = PBXFileReference; fileEncoding = 4; lastKnownFileType = sourcecode.swift; path = "NSObject+Alive.swift"; sourceTree = "<group>"; };
		9E24FA941E81166C001AD0D7 /* NSObject+Eye.swift */ = {isa = PBXFileReference; fileEncoding = 4; lastKnownFileType = sourcecode.swift; path = "NSObject+Eye.swift"; sourceTree = "<group>"; };
		9E24FA951E81166C001AD0D7 /* Preparer.swift */ = {isa = PBXFileReference; fileEncoding = 4; lastKnownFileType = sourcecode.swift; path = Preparer.swift; sourceTree = "<group>"; };
		9E24FA961E81166C001AD0D7 /* NSNotification+LeakEye.swift */ = {isa = PBXFileReference; fileEncoding = 4; lastKnownFileType = sourcecode.swift; path = "NSNotification+LeakEye.swift"; sourceTree = "<group>"; };
		9E24FA981E81166C001AD0D7 /* DispatchQueue+.swift */ = {isa = PBXFileReference; fileEncoding = 4; lastKnownFileType = sourcecode.swift; path = "DispatchQueue+.swift"; sourceTree = "<group>"; };
		9E24FA991E81166C001AD0D7 /* String+.swift */ = {isa = PBXFileReference; fileEncoding = 4; lastKnownFileType = sourcecode.swift; path = "String+.swift"; sourceTree = "<group>"; };
		9E24FA9A1E81166C001AD0D7 /* Variable.swift */ = {isa = PBXFileReference; fileEncoding = 4; lastKnownFileType = sourcecode.swift; path = Variable.swift; sourceTree = "<group>"; };
		9E24FAA61E812E54001AD0D7 /* AppSwizzle.framework */ = {isa = PBXFileReference; lastKnownFileType = wrapper.framework; name = AppSwizzle.framework; path = ../Carthage/Build/iOS/AppSwizzle.framework; sourceTree = "<group>"; };
		9E32F5521E102BC8005C7850 /* SecondViewController.swift */ = {isa = PBXFileReference; fileEncoding = 4; lastKnownFileType = sourcecode.swift; path = SecondViewController.swift; sourceTree = "<group>"; };
		A5A031E8773354D107B0FFE4 /* Pods_LeakEye_Tests.framework */ = {isa = PBXFileReference; explicitFileType = wrapper.framework; includeInIndex = 0; path = Pods_LeakEye_Tests.framework; sourceTree = BUILT_PRODUCTS_DIR; };
		A94C92F5EAAB34F7E971D115 /* Pods-LeakEye_Example.release.xcconfig */ = {isa = PBXFileReference; includeInIndex = 1; lastKnownFileType = text.xcconfig; name = "Pods-LeakEye_Example.release.xcconfig"; path = "Pods/Target Support Files/Pods-LeakEye_Example/Pods-LeakEye_Example.release.xcconfig"; sourceTree = "<group>"; };
		B1B72E5E5CB387C8574EEE9E /* README.md */ = {isa = PBXFileReference; includeInIndex = 1; lastKnownFileType = net.daringfireball.markdown; name = README.md; path = ../README.md; sourceTree = "<group>"; };
		CE8136BAB9CA3AD58411632D /* Pods-LeakEye_Tests.debug.xcconfig */ = {isa = PBXFileReference; includeInIndex = 1; lastKnownFileType = text.xcconfig; name = "Pods-LeakEye_Tests.debug.xcconfig"; path = "Pods/Target Support Files/Pods-LeakEye_Tests/Pods-LeakEye_Tests.debug.xcconfig"; sourceTree = "<group>"; };
		DDB4991320C018B9E28E0C4A /* Pods-LeakEye_Tests.release.xcconfig */ = {isa = PBXFileReference; includeInIndex = 1; lastKnownFileType = text.xcconfig; name = "Pods-LeakEye_Tests.release.xcconfig"; path = "Pods/Target Support Files/Pods-LeakEye_Tests/Pods-LeakEye_Tests.release.xcconfig"; sourceTree = "<group>"; };
/* End PBXFileReference section */

/* Begin PBXFrameworksBuildPhase section */
		607FACCD1AFB9204008FA782 /* Frameworks */ = {
			isa = PBXFrameworksBuildPhase;
			buildActionMask = 2147483647;
			files = (
				5ECE86BAB9C981CA122D038B /* Pods_LeakEye_Example.framework in Frameworks */,
				9E24FA841E81165D001AD0D7 /* LeakEye.framework in Frameworks */,
			);
			runOnlyForDeploymentPostprocessing = 0;
		};
		607FACE21AFB9204008FA782 /* Frameworks */ = {
			isa = PBXFrameworksBuildPhase;
			buildActionMask = 2147483647;
			files = (
				B92C4D2AE881797F9F839515 /* Pods_LeakEye_Tests.framework in Frameworks */,
			);
			runOnlyForDeploymentPostprocessing = 0;
		};
		9E24FA791E81165D001AD0D7 /* Frameworks */ = {
			isa = PBXFrameworksBuildPhase;
			buildActionMask = 2147483647;
			files = (
				9E24FAA71E812E54001AD0D7 /* AppSwizzle.framework in Frameworks */,
			);
			runOnlyForDeploymentPostprocessing = 0;
		};
/* End PBXFrameworksBuildPhase section */

/* Begin PBXGroup section */
		40664E4FB5570DC5D64D118F /* Frameworks */ = {
			isa = PBXGroup;
			children = (
				9E24FAA61E812E54001AD0D7 /* AppSwizzle.framework */,
				972B21E2412B46D814D1FD2B /* Pods_LeakEye_Example.framework */,
				A5A031E8773354D107B0FFE4 /* Pods_LeakEye_Tests.framework */,
			);
			name = Frameworks;
			sourceTree = "<group>";
		};
		607FACC71AFB9204008FA782 = {
			isa = PBXGroup;
			children = (
				607FACF51AFB993E008FA782 /* Podspec Metadata */,
				607FACD21AFB9204008FA782 /* Example for LeakEye */,
				607FACE81AFB9204008FA782 /* Tests */,
				9E24FA7E1E81165D001AD0D7 /* LeakEye */,
				607FACD11AFB9204008FA782 /* Products */,
				EFC20B349700825A675B90F3 /* Pods */,
				40664E4FB5570DC5D64D118F /* Frameworks */,
			);
			sourceTree = "<group>";
		};
		607FACD11AFB9204008FA782 /* Products */ = {
			isa = PBXGroup;
			children = (
				607FACD01AFB9204008FA782 /* LeakEye_Example.app */,
				607FACE51AFB9204008FA782 /* LeakEye_Tests.xctest */,
				9E24FA7D1E81165D001AD0D7 /* LeakEye.framework */,
			);
			name = Products;
			sourceTree = "<group>";
		};
		607FACD21AFB9204008FA782 /* Example for LeakEye */ = {
			isa = PBXGroup;
			children = (
				607FACD51AFB9204008FA782 /* AppDelegate.swift */,
				607FACD71AFB9204008FA782 /* ViewController.swift */,
				9E32F5521E102BC8005C7850 /* SecondViewController.swift */,
				607FACD91AFB9204008FA782 /* Main.storyboard */,
				607FACDC1AFB9204008FA782 /* Images.xcassets */,
				607FACDE1AFB9204008FA782 /* LaunchScreen.xib */,
				607FACD31AFB9204008FA782 /* Supporting Files */,
			);
			name = "Example for LeakEye";
			path = LeakEye;
			sourceTree = "<group>";
		};
		607FACD31AFB9204008FA782 /* Supporting Files */ = {
			isa = PBXGroup;
			children = (
				607FACD41AFB9204008FA782 /* Info.plist */,
			);
			name = "Supporting Files";
			sourceTree = "<group>";
		};
		607FACE81AFB9204008FA782 /* Tests */ = {
			isa = PBXGroup;
			children = (
				607FACEB1AFB9204008FA782 /* Tests.swift */,
				607FACE91AFB9204008FA782 /* Supporting Files */,
			);
			path = Tests;
			sourceTree = "<group>";
		};
		607FACE91AFB9204008FA782 /* Supporting Files */ = {
			isa = PBXGroup;
			children = (
				607FACEA1AFB9204008FA782 /* Info.plist */,
			);
			name = "Supporting Files";
			sourceTree = "<group>";
		};
		607FACF51AFB993E008FA782 /* Podspec Metadata */ = {
			isa = PBXGroup;
			children = (
				573A2902F825A85A93560459 /* LeakEye.podspec */,
				B1B72E5E5CB387C8574EEE9E /* README.md */,
				155AC52870DD02971EAFBE90 /* LICENSE */,
			);
			name = "Podspec Metadata";
			sourceTree = "<group>";
		};
		9E24FA7E1E81165D001AD0D7 /* LeakEye */ = {
			isa = PBXGroup;
			children = (
				9E24FA8A1E81166C001AD0D7 /* LeakEye */,
				9E24FA7F1E81165D001AD0D7 /* LeakEye.h */,
				9E24FA801E81165D001AD0D7 /* Info.plist */,
			);
			path = LeakEye;
			sourceTree = "<group>";
		};
		9E24FA8A1E81166C001AD0D7 /* LeakEye */ = {
			isa = PBXGroup;
			children = (
				9E24FA8D1E81166C001AD0D7 /* Classes */,
			);
			name = LeakEye;
			path = ../../LeakEye;
			sourceTree = "<group>";
		};
		9E24FA8D1E81166C001AD0D7 /* Classes */ = {
			isa = PBXGroup;
			children = (
				9E24FA8F1E81166C001AD0D7 /* Agent */,
				9E24FA911E81166C001AD0D7 /* LeakEye.swift */,
				9E24FA921E81166C001AD0D7 /* Monitor */,
				9E24FA961E81166C001AD0D7 /* NSNotification+LeakEye.swift */,
				9E24FA971E81166C001AD0D7 /* Util */,
				9E24FA9A1E81166C001AD0D7 /* Variable.swift */,
			);
			path = Classes;
			sourceTree = "<group>";
		};
		9E24FA8F1E81166C001AD0D7 /* Agent */ = {
			isa = PBXGroup;
			children = (
				9E24FA901E81166C001AD0D7 /* ObjectAgent.swift */,
			);
			path = Agent;
			sourceTree = "<group>";
		};
		9E24FA921E81166C001AD0D7 /* Monitor */ = {
			isa = PBXGroup;
			children = (
				9E24FA931E81166C001AD0D7 /* NSObject+Alive.swift */,
				9E24FA941E81166C001AD0D7 /* NSObject+Eye.swift */,
				9E24FA951E81166C001AD0D7 /* Preparer.swift */,
			);
			path = Monitor;
			sourceTree = "<group>";
		};
		9E24FA971E81166C001AD0D7 /* Util */ = {
			isa = PBXGroup;
			children = (
				9E24FA981E81166C001AD0D7 /* DispatchQueue+.swift */,
				9E24FA991E81166C001AD0D7 /* String+.swift */,
			);
			path = Util;
			sourceTree = "<group>";
		};
		EFC20B349700825A675B90F3 /* Pods */ = {
			isa = PBXGroup;
			children = (
				0FB1D0765284FEEA825C5038 /* Pods-LeakEye_Example.debug.xcconfig */,
				A94C92F5EAAB34F7E971D115 /* Pods-LeakEye_Example.release.xcconfig */,
				CE8136BAB9CA3AD58411632D /* Pods-LeakEye_Tests.debug.xcconfig */,
				DDB4991320C018B9E28E0C4A /* Pods-LeakEye_Tests.release.xcconfig */,
			);
			name = Pods;
			sourceTree = "<group>";
		};
/* End PBXGroup section */

/* Begin PBXHeadersBuildPhase section */
		9E24FA7A1E81165D001AD0D7 /* Headers */ = {
			isa = PBXHeadersBuildPhase;
			buildActionMask = 2147483647;
			files = (
				9E24FA811E81165D001AD0D7 /* LeakEye.h in Headers */,
			);
			runOnlyForDeploymentPostprocessing = 0;
		};
/* End PBXHeadersBuildPhase section */

/* Begin PBXNativeTarget section */
		607FACCF1AFB9204008FA782 /* LeakEye_Example */ = {
			isa = PBXNativeTarget;
			buildConfigurationList = 607FACEF1AFB9204008FA782 /* Build configuration list for PBXNativeTarget "LeakEye_Example" */;
			buildPhases = (
				294A69E7AD836F4084D4B1FF /* [CP] Check Pods Manifest.lock */,
				607FACCC1AFB9204008FA782 /* Sources */,
				607FACCD1AFB9204008FA782 /* Frameworks */,
				607FACCE1AFB9204008FA782 /* Resources */,
				303CC2F41D1300BEEBD6067F /* [CP] Embed Pods Frameworks */,
				E8F0D3E8CFF7D428E52C2FA3 /* [CP] Copy Pods Resources */,
				9E24FA891E81165D001AD0D7 /* Embed Frameworks */,
			);
			buildRules = (
			);
			dependencies = (
				9E24FA831E81165D001AD0D7 /* PBXTargetDependency */,
			);
			name = LeakEye_Example;
			productName = LeakEye;
			productReference = 607FACD01AFB9204008FA782 /* LeakEye_Example.app */;
			productType = "com.apple.product-type.application";
		};
		607FACE41AFB9204008FA782 /* LeakEye_Tests */ = {
			isa = PBXNativeTarget;
			buildConfigurationList = 607FACF21AFB9204008FA782 /* Build configuration list for PBXNativeTarget "LeakEye_Tests" */;
			buildPhases = (
				C6FFD762E2699A1232764C32 /* [CP] Check Pods Manifest.lock */,
				607FACE11AFB9204008FA782 /* Sources */,
				607FACE21AFB9204008FA782 /* Frameworks */,
				607FACE31AFB9204008FA782 /* Resources */,
				07FCD37D6B062C190B218EC7 /* [CP] Embed Pods Frameworks */,
				A8CBFA9F32C65B983790E626 /* [CP] Copy Pods Resources */,
			);
			buildRules = (
			);
			dependencies = (
				607FACE71AFB9204008FA782 /* PBXTargetDependency */,
			);
			name = LeakEye_Tests;
			productName = Tests;
			productReference = 607FACE51AFB9204008FA782 /* LeakEye_Tests.xctest */;
			productType = "com.apple.product-type.bundle.unit-test";
		};
		9E24FA7C1E81165D001AD0D7 /* LeakEye */ = {
			isa = PBXNativeTarget;
			buildConfigurationList = 9E24FA881E81165D001AD0D7 /* Build configuration list for PBXNativeTarget "LeakEye" */;
			buildPhases = (
				9E24FA781E81165D001AD0D7 /* Sources */,
				9E24FA791E81165D001AD0D7 /* Frameworks */,
				9E24FA7A1E81165D001AD0D7 /* Headers */,
				9E24FA7B1E81165D001AD0D7 /* Resources */,
				9E24FAA81E812E57001AD0D7 /* ShellScript */,
			);
			buildRules = (
			);
			dependencies = (
			);
			name = LeakEye;
			productName = LeakEye;
			productReference = 9E24FA7D1E81165D001AD0D7 /* LeakEye.framework */;
			productType = "com.apple.product-type.framework";
		};
/* End PBXNativeTarget section */

/* Begin PBXProject section */
		607FACC81AFB9204008FA782 /* Project object */ = {
			isa = PBXProject;
			attributes = {
				LastSwiftUpdateCheck = 0720;
				LastUpgradeCheck = 0720;
				ORGANIZATIONNAME = CocoaPods;
				TargetAttributes = {
					607FACCF1AFB9204008FA782 = {
						CreatedOnToolsVersion = 6.3.1;
						LastSwiftMigration = 0810;
					};
					607FACE41AFB9204008FA782 = {
						CreatedOnToolsVersion = 6.3.1;
						LastSwiftMigration = 0810;
						TestTargetID = 607FACCF1AFB9204008FA782;
					};
					9E24FA7C1E81165D001AD0D7 = {
						CreatedOnToolsVersion = 8.2.1;
						LastSwiftMigration = 0820;
						ProvisioningStyle = Automatic;
					};
				};
			};
			buildConfigurationList = 607FACCB1AFB9204008FA782 /* Build configuration list for PBXProject "LeakEye" */;
			compatibilityVersion = "Xcode 3.2";
			developmentRegion = English;
			hasScannedForEncodings = 0;
			knownRegions = (
				en,
				Base,
			);
			mainGroup = 607FACC71AFB9204008FA782;
			productRefGroup = 607FACD11AFB9204008FA782 /* Products */;
			projectDirPath = "";
			projectRoot = "";
			targets = (
				607FACCF1AFB9204008FA782 /* LeakEye_Example */,
				607FACE41AFB9204008FA782 /* LeakEye_Tests */,
				9E24FA7C1E81165D001AD0D7 /* LeakEye */,
			);
		};
/* End PBXProject section */

/* Begin PBXResourcesBuildPhase section */
		607FACCE1AFB9204008FA782 /* Resources */ = {
			isa = PBXResourcesBuildPhase;
			buildActionMask = 2147483647;
			files = (
				607FACDB1AFB9204008FA782 /* Main.storyboard in Resources */,
				607FACE01AFB9204008FA782 /* LaunchScreen.xib in Resources */,
				607FACDD1AFB9204008FA782 /* Images.xcassets in Resources */,
			);
			runOnlyForDeploymentPostprocessing = 0;
		};
		607FACE31AFB9204008FA782 /* Resources */ = {
			isa = PBXResourcesBuildPhase;
			buildActionMask = 2147483647;
			files = (
			);
			runOnlyForDeploymentPostprocessing = 0;
		};
		9E24FA7B1E81165D001AD0D7 /* Resources */ = {
			isa = PBXResourcesBuildPhase;
			buildActionMask = 2147483647;
			files = (
			);
			runOnlyForDeploymentPostprocessing = 0;
		};
/* End PBXResourcesBuildPhase section */

/* Begin PBXShellScriptBuildPhase section */
		07FCD37D6B062C190B218EC7 /* [CP] Embed Pods Frameworks */ = {
			isa = PBXShellScriptBuildPhase;
			buildActionMask = 2147483647;
			files = (
			);
			inputPaths = (
			);
			name = "[CP] Embed Pods Frameworks";
			outputPaths = (
			);
			runOnlyForDeploymentPostprocessing = 0;
			shellPath = /bin/sh;
			shellScript = "\"${SRCROOT}/Pods/Target Support Files/Pods-LeakEye_Tests/Pods-LeakEye_Tests-frameworks.sh\"\n";
			showEnvVarsInLog = 0;
		};
		294A69E7AD836F4084D4B1FF /* [CP] Check Pods Manifest.lock */ = {
			isa = PBXShellScriptBuildPhase;
			buildActionMask = 2147483647;
			files = (
			);
			inputPaths = (
			);
			name = "[CP] Check Pods Manifest.lock";
			outputPaths = (
			);
			runOnlyForDeploymentPostprocessing = 0;
			shellPath = /bin/sh;
			shellScript = "diff \"${PODS_ROOT}/../Podfile.lock\" \"${PODS_ROOT}/Manifest.lock\" > /dev/null\nif [ $? != 0 ] ; then\n    # print error to STDERR\n    echo \"error: The sandbox is not in sync with the Podfile.lock. Run 'pod install' or update your CocoaPods installation.\" >&2\n    exit 1\nfi\n";
			showEnvVarsInLog = 0;
		};
		303CC2F41D1300BEEBD6067F /* [CP] Embed Pods Frameworks */ = {
			isa = PBXShellScriptBuildPhase;
			buildActionMask = 2147483647;
			files = (
			);
			inputPaths = (
			);
			name = "[CP] Embed Pods Frameworks";
			outputPaths = (
			);
			runOnlyForDeploymentPostprocessing = 0;
			shellPath = /bin/sh;
			shellScript = "\"${SRCROOT}/Pods/Target Support Files/Pods-LeakEye_Example/Pods-LeakEye_Example-frameworks.sh\"\n";
			showEnvVarsInLog = 0;
		};
		9E24FAA81E812E57001AD0D7 /* ShellScript */ = {
			isa = PBXShellScriptBuildPhase;
			buildActionMask = 2147483647;
			files = (
			);
			inputPaths = (
				"$(SRCROOT)/../Carthage/Build/iOS/AppSwizzle.framework",
			);
			outputPaths = (
			);
			runOnlyForDeploymentPostprocessing = 0;
			shellPath = /bin/sh;
			shellScript = "/usr/local/bin/carthage copy-frameworks";
		};
		A8CBFA9F32C65B983790E626 /* [CP] Copy Pods Resources */ = {
			isa = PBXShellScriptBuildPhase;
			buildActionMask = 2147483647;
			files = (
			);
			inputPaths = (
			);
			name = "[CP] Copy Pods Resources";
			outputPaths = (
			);
			runOnlyForDeploymentPostprocessing = 0;
			shellPath = /bin/sh;
			shellScript = "\"${SRCROOT}/Pods/Target Support Files/Pods-LeakEye_Tests/Pods-LeakEye_Tests-resources.sh\"\n";
			showEnvVarsInLog = 0;
		};
		C6FFD762E2699A1232764C32 /* [CP] Check Pods Manifest.lock */ = {
			isa = PBXShellScriptBuildPhase;
			buildActionMask = 2147483647;
			files = (
			);
			inputPaths = (
			);
			name = "[CP] Check Pods Manifest.lock";
			outputPaths = (
			);
			runOnlyForDeploymentPostprocessing = 0;
			shellPath = /bin/sh;
			shellScript = "diff \"${PODS_ROOT}/../Podfile.lock\" \"${PODS_ROOT}/Manifest.lock\" > /dev/null\nif [ $? != 0 ] ; then\n    # print error to STDERR\n    echo \"error: The sandbox is not in sync with the Podfile.lock. Run 'pod install' or update your CocoaPods installation.\" >&2\n    exit 1\nfi\n";
			showEnvVarsInLog = 0;
		};
		E8F0D3E8CFF7D428E52C2FA3 /* [CP] Copy Pods Resources */ = {
			isa = PBXShellScriptBuildPhase;
			buildActionMask = 2147483647;
			files = (
			);
			inputPaths = (
			);
			name = "[CP] Copy Pods Resources";
			outputPaths = (
			);
			runOnlyForDeploymentPostprocessing = 0;
			shellPath = /bin/sh;
			shellScript = "\"${SRCROOT}/Pods/Target Support Files/Pods-LeakEye_Example/Pods-LeakEye_Example-resources.sh\"\n";
			showEnvVarsInLog = 0;
		};
/* End PBXShellScriptBuildPhase section */

/* Begin PBXSourcesBuildPhase section */
		607FACCC1AFB9204008FA782 /* Sources */ = {
			isa = PBXSourcesBuildPhase;
			buildActionMask = 2147483647;
			files = (
				9E32F5531E102BC8005C7850 /* SecondViewController.swift in Sources */,
				607FACD81AFB9204008FA782 /* ViewController.swift in Sources */,
				607FACD61AFB9204008FA782 /* AppDelegate.swift in Sources */,
			);
			runOnlyForDeploymentPostprocessing = 0;
		};
		607FACE11AFB9204008FA782 /* Sources */ = {
			isa = PBXSourcesBuildPhase;
			buildActionMask = 2147483647;
			files = (
				607FACEC1AFB9204008FA782 /* Tests.swift in Sources */,
			);
			runOnlyForDeploymentPostprocessing = 0;
		};
		9E24FA781E81165D001AD0D7 /* Sources */ = {
			isa = PBXSourcesBuildPhase;
			buildActionMask = 2147483647;
			files = (
				9E24FAA21E81166C001AD0D7 /* NSNotification+LeakEye.swift in Sources */,
				9E24FAA51E81166C001AD0D7 /* Variable.swift in Sources */,
				9E24FA9F1E81166C001AD0D7 /* NSObject+Alive.swift in Sources */,
				9E24FAA41E81166C001AD0D7 /* String+.swift in Sources */,
				9E24FAA11E81166C001AD0D7 /* Preparer.swift in Sources */,
				9E24FA9E1E81166C001AD0D7 /* LeakEye.swift in Sources */,
				9E24FAA31E81166C001AD0D7 /* DispatchQueue+.swift in Sources */,
				9E24FA9D1E81166C001AD0D7 /* ObjectAgent.swift in Sources */,
				9E24FAA01E81166C001AD0D7 /* NSObject+Eye.swift in Sources */,
			);
			runOnlyForDeploymentPostprocessing = 0;
		};
/* End PBXSourcesBuildPhase section */

/* Begin PBXTargetDependency section */
		607FACE71AFB9204008FA782 /* PBXTargetDependency */ = {
			isa = PBXTargetDependency;
			target = 607FACCF1AFB9204008FA782 /* LeakEye_Example */;
			targetProxy = 607FACE61AFB9204008FA782 /* PBXContainerItemProxy */;
		};
		9E24FA831E81165D001AD0D7 /* PBXTargetDependency */ = {
			isa = PBXTargetDependency;
			target = 9E24FA7C1E81165D001AD0D7 /* LeakEye */;
			targetProxy = 9E24FA821E81165D001AD0D7 /* PBXContainerItemProxy */;
		};
/* End PBXTargetDependency section */

/* Begin PBXVariantGroup section */
		607FACD91AFB9204008FA782 /* Main.storyboard */ = {
			isa = PBXVariantGroup;
			children = (
				607FACDA1AFB9204008FA782 /* Base */,
			);
			name = Main.storyboard;
			sourceTree = "<group>";
		};
		607FACDE1AFB9204008FA782 /* LaunchScreen.xib */ = {
			isa = PBXVariantGroup;
			children = (
				607FACDF1AFB9204008FA782 /* Base */,
			);
			name = LaunchScreen.xib;
			sourceTree = "<group>";
		};
/* End PBXVariantGroup section */

/* Begin XCBuildConfiguration section */
		607FACED1AFB9204008FA782 /* Debug */ = {
			isa = XCBuildConfiguration;
			buildSettings = {
				ALWAYS_SEARCH_USER_PATHS = NO;
				CLANG_CXX_LANGUAGE_STANDARD = "gnu++0x";
				CLANG_CXX_LIBRARY = "libc++";
				CLANG_ENABLE_MODULES = YES;
				CLANG_ENABLE_OBJC_ARC = YES;
				CLANG_WARN_BOOL_CONVERSION = YES;
				CLANG_WARN_CONSTANT_CONVERSION = YES;
				CLANG_WARN_DIRECT_OBJC_ISA_USAGE = YES_ERROR;
				CLANG_WARN_EMPTY_BODY = YES;
				CLANG_WARN_ENUM_CONVERSION = YES;
				CLANG_WARN_INT_CONVERSION = YES;
				CLANG_WARN_OBJC_ROOT_CLASS = YES_ERROR;
				CLANG_WARN_UNREACHABLE_CODE = YES;
				CLANG_WARN__DUPLICATE_METHOD_MATCH = YES;
				"CODE_SIGN_IDENTITY[sdk=iphoneos*]" = "iPhone Developer";
				COPY_PHASE_STRIP = NO;
				DEBUG_INFORMATION_FORMAT = "dwarf-with-dsym";
				ENABLE_STRICT_OBJC_MSGSEND = YES;
				ENABLE_TESTABILITY = YES;
				GCC_C_LANGUAGE_STANDARD = gnu99;
				GCC_DYNAMIC_NO_PIC = NO;
				GCC_NO_COMMON_BLOCKS = YES;
				GCC_OPTIMIZATION_LEVEL = 0;
				GCC_PREPROCESSOR_DEFINITIONS = (
					"DEBUG=1",
					"$(inherited)",
				);
				GCC_SYMBOLS_PRIVATE_EXTERN = NO;
				GCC_WARN_64_TO_32_BIT_CONVERSION = YES;
				GCC_WARN_ABOUT_RETURN_TYPE = YES_ERROR;
				GCC_WARN_UNDECLARED_SELECTOR = YES;
				GCC_WARN_UNINITIALIZED_AUTOS = YES_AGGRESSIVE;
				GCC_WARN_UNUSED_FUNCTION = YES;
				GCC_WARN_UNUSED_VARIABLE = YES;
				IPHONEOS_DEPLOYMENT_TARGET = 8.3;
				MTL_ENABLE_DEBUG_INFO = YES;
				ONLY_ACTIVE_ARCH = YES;
				SDKROOT = iphoneos;
				SWIFT_OPTIMIZATION_LEVEL = "-Onone";
			};
			name = Debug;
		};
		607FACEE1AFB9204008FA782 /* Release */ = {
			isa = XCBuildConfiguration;
			buildSettings = {
				ALWAYS_SEARCH_USER_PATHS = NO;
				CLANG_CXX_LANGUAGE_STANDARD = "gnu++0x";
				CLANG_CXX_LIBRARY = "libc++";
				CLANG_ENABLE_MODULES = YES;
				CLANG_ENABLE_OBJC_ARC = YES;
				CLANG_WARN_BOOL_CONVERSION = YES;
				CLANG_WARN_CONSTANT_CONVERSION = YES;
				CLANG_WARN_DIRECT_OBJC_ISA_USAGE = YES_ERROR;
				CLANG_WARN_EMPTY_BODY = YES;
				CLANG_WARN_ENUM_CONVERSION = YES;
				CLANG_WARN_INT_CONVERSION = YES;
				CLANG_WARN_OBJC_ROOT_CLASS = YES_ERROR;
				CLANG_WARN_UNREACHABLE_CODE = YES;
				CLANG_WARN__DUPLICATE_METHOD_MATCH = YES;
				"CODE_SIGN_IDENTITY[sdk=iphoneos*]" = "iPhone Developer";
				COPY_PHASE_STRIP = NO;
				DEBUG_INFORMATION_FORMAT = "dwarf-with-dsym";
				ENABLE_NS_ASSERTIONS = NO;
				ENABLE_STRICT_OBJC_MSGSEND = YES;
				GCC_C_LANGUAGE_STANDARD = gnu99;
				GCC_NO_COMMON_BLOCKS = YES;
				GCC_WARN_64_TO_32_BIT_CONVERSION = YES;
				GCC_WARN_ABOUT_RETURN_TYPE = YES_ERROR;
				GCC_WARN_UNDECLARED_SELECTOR = YES;
				GCC_WARN_UNINITIALIZED_AUTOS = YES_AGGRESSIVE;
				GCC_WARN_UNUSED_FUNCTION = YES;
				GCC_WARN_UNUSED_VARIABLE = YES;
				IPHONEOS_DEPLOYMENT_TARGET = 8.3;
				MTL_ENABLE_DEBUG_INFO = NO;
				SDKROOT = iphoneos;
				VALIDATE_PRODUCT = YES;
			};
			name = Release;
		};
		607FACF01AFB9204008FA782 /* Debug */ = {
			isa = XCBuildConfiguration;
			baseConfigurationReference = 0FB1D0765284FEEA825C5038 /* Pods-LeakEye_Example.debug.xcconfig */;
			buildSettings = {
				ALWAYS_EMBED_SWIFT_STANDARD_LIBRARIES = YES;
				ASSETCATALOG_COMPILER_APPICON_NAME = AppIcon;
				INFOPLIST_FILE = LeakEye/Info.plist;
				LD_RUNPATH_SEARCH_PATHS = "$(inherited) @executable_path/Frameworks";
				MODULE_NAME = ExampleApp;
				PRODUCT_BUNDLE_IDENTIFIER = "org.cocoapods.demo.$(PRODUCT_NAME:rfc1034identifier)";
				PRODUCT_NAME = "$(TARGET_NAME)";
				SWIFT_VERSION = 3.0;
			};
			name = Debug;
		};
		607FACF11AFB9204008FA782 /* Release */ = {
			isa = XCBuildConfiguration;
			baseConfigurationReference = A94C92F5EAAB34F7E971D115 /* Pods-LeakEye_Example.release.xcconfig */;
			buildSettings = {
				ALWAYS_EMBED_SWIFT_STANDARD_LIBRARIES = YES;
				ASSETCATALOG_COMPILER_APPICON_NAME = AppIcon;
				INFOPLIST_FILE = LeakEye/Info.plist;
				LD_RUNPATH_SEARCH_PATHS = "$(inherited) @executable_path/Frameworks";
				MODULE_NAME = ExampleApp;
				PRODUCT_BUNDLE_IDENTIFIER = "org.cocoapods.demo.$(PRODUCT_NAME:rfc1034identifier)";
				PRODUCT_NAME = "$(TARGET_NAME)";
				SWIFT_VERSION = 3.0;
			};
			name = Release;
		};
		607FACF31AFB9204008FA782 /* Debug */ = {
			isa = XCBuildConfiguration;
			baseConfigurationReference = CE8136BAB9CA3AD58411632D /* Pods-LeakEye_Tests.debug.xcconfig */;
			buildSettings = {
				FRAMEWORK_SEARCH_PATHS = (
					"$(SDKROOT)/Developer/Library/Frameworks",
					"$(inherited)",
				);
				GCC_PREPROCESSOR_DEFINITIONS = (
					"DEBUG=1",
					"$(inherited)",
				);
				INFOPLIST_FILE = Tests/Info.plist;
				LD_RUNPATH_SEARCH_PATHS = "$(inherited) @executable_path/Frameworks @loader_path/Frameworks";
				PRODUCT_BUNDLE_IDENTIFIER = "org.cocoapods.$(PRODUCT_NAME:rfc1034identifier)";
				PRODUCT_NAME = "$(TARGET_NAME)";
				SWIFT_VERSION = 3.0;
			};
			name = Debug;
		};
		607FACF41AFB9204008FA782 /* Release */ = {
			isa = XCBuildConfiguration;
			baseConfigurationReference = DDB4991320C018B9E28E0C4A /* Pods-LeakEye_Tests.release.xcconfig */;
			buildSettings = {
				FRAMEWORK_SEARCH_PATHS = (
					"$(SDKROOT)/Developer/Library/Frameworks",
					"$(inherited)",
				);
				INFOPLIST_FILE = Tests/Info.plist;
				LD_RUNPATH_SEARCH_PATHS = "$(inherited) @executable_path/Frameworks @loader_path/Frameworks";
				PRODUCT_BUNDLE_IDENTIFIER = "org.cocoapods.$(PRODUCT_NAME:rfc1034identifier)";
				PRODUCT_NAME = "$(TARGET_NAME)";
				SWIFT_VERSION = 3.0;
			};
			name = Release;
		};
		9E24FA861E81165D001AD0D7 /* Debug */ = {
			isa = XCBuildConfiguration;
			buildSettings = {
				CLANG_ANALYZER_NONNULL = YES;
				CLANG_WARN_DOCUMENTATION_COMMENTS = YES;
				CLANG_WARN_INFINITE_RECURSION = YES;
				CLANG_WARN_SUSPICIOUS_MOVE = YES;
				CODE_SIGN_IDENTITY = "";
				CURRENT_PROJECT_VERSION = 1;
				DEBUG_INFORMATION_FORMAT = dwarf;
				DEFINES_MODULE = YES;
				DYLIB_COMPATIBILITY_VERSION = 1;
				DYLIB_CURRENT_VERSION = 1;
				DYLIB_INSTALL_NAME_BASE = "@rpath";
				FRAMEWORK_SEARCH_PATHS = "$(SRCROOT)/../Carthage/Build/iOS/**";
				INFOPLIST_FILE = LeakEye/Info.plist;
				INSTALL_PATH = "$(LOCAL_LIBRARY_DIR)/Frameworks";
				IPHONEOS_DEPLOYMENT_TARGET = 10.2;
				LD_RUNPATH_SEARCH_PATHS = "$(inherited) @executable_path/Frameworks @loader_path/Frameworks";
				PRODUCT_BUNDLE_IDENTIFIER = com.zixun.LeakEye;
				PRODUCT_NAME = "$(TARGET_NAME)";
				SKIP_INSTALL = YES;
				SWIFT_VERSION = 3.0;
				TARGETED_DEVICE_FAMILY = "1,2";
				VERSIONING_SYSTEM = "apple-generic";
				VERSION_INFO_PREFIX = "";
			};
			name = Debug;
		};
		9E24FA871E81165D001AD0D7 /* Release */ = {
			isa = XCBuildConfiguration;
			buildSettings = {
				CLANG_ANALYZER_NONNULL = YES;
				CLANG_WARN_DOCUMENTATION_COMMENTS = YES;
				CLANG_WARN_INFINITE_RECURSION = YES;
				CLANG_WARN_SUSPICIOUS_MOVE = YES;
				CODE_SIGN_IDENTITY = "";
				CURRENT_PROJECT_VERSION = 1;
				DEFINES_MODULE = YES;
				DYLIB_COMPATIBILITY_VERSION = 1;
				DYLIB_CURRENT_VERSION = 1;
				DYLIB_INSTALL_NAME_BASE = "@rpath";
				FRAMEWORK_SEARCH_PATHS = "$(SRCROOT)/../Carthage/Build/iOS/**";
				INFOPLIST_FILE = LeakEye/Info.plist;
				INSTALL_PATH = "$(LOCAL_LIBRARY_DIR)/Frameworks";
				IPHONEOS_DEPLOYMENT_TARGET = 10.2;
				LD_RUNPATH_SEARCH_PATHS = "$(inherited) @executable_path/Frameworks @loader_path/Frameworks";
				PRODUCT_BUNDLE_IDENTIFIER = com.zixun.LeakEye;
				PRODUCT_NAME = "$(TARGET_NAME)";
				SKIP_INSTALL = YES;
				SWIFT_VERSION = 3.0;
				TARGETED_DEVICE_FAMILY = "1,2";
				VERSIONING_SYSTEM = "apple-generic";
				VERSION_INFO_PREFIX = "";
			};
			name = Release;
		};
/* End XCBuildConfiguration section */

/* Begin XCConfigurationList section */
		607FACCB1AFB9204008FA782 /* Build configuration list for PBXProject "LeakEye" */ = {
			isa = XCConfigurationList;
			buildConfigurations = (
				607FACED1AFB9204008FA782 /* Debug */,
				607FACEE1AFB9204008FA782 /* Release */,
			);
			defaultConfigurationIsVisible = 0;
			defaultConfigurationName = Release;
		};
		607FACEF1AFB9204008FA782 /* Build configuration list for PBXNativeTarget "LeakEye_Example" */ = {
			isa = XCConfigurationList;
			buildConfigurations = (
				607FACF01AFB9204008FA782 /* Debug */,
				607FACF11AFB9204008FA782 /* Release */,
			);
			defaultConfigurationIsVisible = 0;
			defaultConfigurationName = Release;
		};
		607FACF21AFB9204008FA782 /* Build configuration list for PBXNativeTarget "LeakEye_Tests" */ = {
			isa = XCConfigurationList;
			buildConfigurations = (
				607FACF31AFB9204008FA782 /* Debug */,
				607FACF41AFB9204008FA782 /* Release */,
			);
			defaultConfigurationIsVisible = 0;
			defaultConfigurationName = Release;
		};
		9E24FA881E81165D001AD0D7 /* Build configuration list for PBXNativeTarget "LeakEye" */ = {
			isa = XCConfigurationList;
			buildConfigurations = (
				9E24FA861E81165D001AD0D7 /* Debug */,
				9E24FA871E81165D001AD0D7 /* Release */,
			);
			defaultConfigurationIsVisible = 0;
		};
/* End XCConfigurationList section */
	};
	rootObject = 607FACC81AFB9204008FA782 /* Project object */;
}
