// !$*UTF8*$!
{
	archiveVersion = 1;
	classes = {
	};
	objectVersion = 46;
	objects = {

/* Begin PBXBuildFile section */
		5C38CC72AF78AE043A8D3563 /* Pods_AppBaseKit_Example.framework in Frameworks */ = {isa = PBXBuildFile; fileRef = ADF42F6221573B041F34DBBA /* Pods_AppBaseKit_Example.framework */; };
		607FACD61AFB9204008FA782 /* AppDelegate.swift in Sources */ = {isa = PBXBuildFile; fileRef = 607FACD51AFB9204008FA782 /* AppDelegate.swift */; };
		607FACD81AFB9204008FA782 /* ViewController.swift in Sources */ = {isa = PBXBuildFile; fileRef = 607FACD71AFB9204008FA782 /* ViewController.swift */; };
		607FACDD1AFB9204008FA782 /* Images.xcassets in Resources */ = {isa = PBXBuildFile; fileRef = 607FACDC1AFB9204008FA782 /* Images.xcassets */; };
		607FACE01AFB9204008FA782 /* LaunchScreen.xib in Resources */ = {isa = PBXBuildFile; fileRef = 607FACDE1AFB9204008FA782 /* LaunchScreen.xib */; };
		607FACEC1AFB9204008FA782 /* Tests.swift in Sources */ = {isa = PBXBuildFile; fileRef = 607FACEB1AFB9204008FA782 /* Tests.swift */; };
		8E374C58DEE1F5954DD39592 /* Pods_AppBaseKit_Tests.framework in Frameworks */ = {isa = PBXBuildFile; fileRef = 25E6BC4B5222A1C69B7A4F2A /* Pods_AppBaseKit_Tests.framework */; };
		9E24F9891E7FAED9001AD0D7 /* AppBaseKit.h in Headers */ = {isa = PBXBuildFile; fileRef = 9E24F9871E7FAED9001AD0D7 /* AppBaseKit.h */; settings = {ATTRIBUTES = (Public, ); }; };
		9E24F9A41E7FAEF1001AD0D7 /* NSFileManager+AppBaseKit.swift in Sources */ = {isa = PBXBuildFile; fileRef = 9E24F9941E7FAEF1001AD0D7 /* NSFileManager+AppBaseKit.swift */; };
		9E24F9A51E7FAEF1001AD0D7 /* NSObject+Closure.swift in Sources */ = {isa = PBXBuildFile; fileRef = 9E24F9951E7FAEF1001AD0D7 /* NSObject+Closure.swift */; };
		9E24F9A61E7FAEF1001AD0D7 /* String+AppBaseKit.swift in Sources */ = {isa = PBXBuildFile; fileRef = 9E24F9961E7FAEF1001AD0D7 /* String+AppBaseKit.swift */; };
		9E24F9A71E7FAEF1001AD0D7 /* UIAlertController+AppBaseKit.swift in Sources */ = {isa = PBXBuildFile; fileRef = 9E24F9981E7FAEF1001AD0D7 /* UIAlertController+AppBaseKit.swift */; };
		9E24F9A81E7FAEF1001AD0D7 /* UIAlertView+AppBaseKit.swift in Sources */ = {isa = PBXBuildFile; fileRef = 9E24F9991E7FAEF1001AD0D7 /* UIAlertView+AppBaseKit.swift */; };
		9E24F9A91E7FAEF1001AD0D7 /* UIApplication+AppBaseKit.swift in Sources */ = {isa = PBXBuildFile; fileRef = 9E24F99A1E7FAEF1001AD0D7 /* UIApplication+AppBaseKit.swift */; };
		9E24F9AA1E7FAEF1001AD0D7 /* UIColor+AppBaseKit.swift in Sources */ = {isa = PBXBuildFile; fileRef = 9E24F99B1E7FAEF1001AD0D7 /* UIColor+AppBaseKit.swift */; };
		9E24F9AB1E7FAEF1001AD0D7 /* UIFont+AppBaseKit.swift in Sources */ = {isa = PBXBuildFile; fileRef = 9E24F99C1E7FAEF1001AD0D7 /* UIFont+AppBaseKit.swift */; };
		9E24F9AC1E7FAEF1001AD0D7 /* UIImage+AppBaseKit.swift in Sources */ = {isa = PBXBuildFile; fileRef = 9E24F99D1E7FAEF1001AD0D7 /* UIImage+AppBaseKit.swift */; };
		9E24F9AD1E7FAEF1001AD0D7 /* UIView+AppBaseKit.swift in Sources */ = {isa = PBXBuildFile; fileRef = 9E24F99E1E7FAEF1001AD0D7 /* UIView+AppBaseKit.swift */; };
		9E24F9AE1E7FAEF1001AD0D7 /* AppNavigationController.swift in Sources */ = {isa = PBXBuildFile; fileRef = 9E24F9A01E7FAEF1001AD0D7 /* AppNavigationController.swift */; };
		9E24F9AF1E7FAEF1001AD0D7 /* AppPaths.swift in Sources */ = {isa = PBXBuildFile; fileRef = 9E24F9A11E7FAEF1001AD0D7 /* AppPaths.swift */; };
		9ECCC76E1DBD299F005B4705 /* ViewController2.swift in Sources */ = {isa = PBXBuildFile; fileRef = 9ECCC76D1DBD299F005B4705 /* ViewController2.swift */; };
/* End PBXBuildFile section */

/* Begin PBXContainerItemProxy section */
		607FACE61AFB9204008FA782 /* PBXContainerItemProxy */ = {
			isa = PBXContainerItemProxy;
			containerPortal = 607FACC81AFB9204008FA782 /* Project object */;
			proxyType = 1;
			remoteGlobalIDString = 607FACCF1AFB9204008FA782;
			remoteInfo = AppBaseKit;
		};
/* End PBXContainerItemProxy section */

/* Begin PBXFileReference section */
		0E5969C692F16822DD8DEBE5 /* Pods-AppBaseKit_Example.release.xcconfig */ = {isa = PBXFileReference; includeInIndex = 1; lastKnownFileType = text.xcconfig; name = "Pods-AppBaseKit_Example.release.xcconfig"; path = "Pods/Target Support Files/Pods-AppBaseKit_Example/Pods-AppBaseKit_Example.release.xcconfig"; sourceTree = "<group>"; };
		11B50876088F077D4478E390 /* LICENSE */ = {isa = PBXFileReference; includeInIndex = 1; lastKnownFileType = text; name = LICENSE; path = ../LICENSE; sourceTree = "<group>"; };
		25E6BC4B5222A1C69B7A4F2A /* Pods_AppBaseKit_Tests.framework */ = {isa = PBXFileReference; explicitFileType = wrapper.framework; includeInIndex = 0; path = Pods_AppBaseKit_Tests.framework; sourceTree = BUILT_PRODUCTS_DIR; };
		26506621862CE38119D8EE97 /* Pods-AppBaseKit_Tests.debug.xcconfig */ = {isa = PBXFileReference; includeInIndex = 1; lastKnownFileType = text.xcconfig; name = "Pods-AppBaseKit_Tests.debug.xcconfig"; path = "Pods/Target Support Files/Pods-AppBaseKit_Tests/Pods-AppBaseKit_Tests.debug.xcconfig"; sourceTree = "<group>"; };
		3E4D767F320243702251E875 /* README.md */ = {isa = PBXFileReference; includeInIndex = 1; lastKnownFileType = net.daringfireball.markdown; name = README.md; path = ../README.md; sourceTree = "<group>"; };
		4DD76BA36EC95BF996D1DECB /* AppBaseKit.podspec */ = {isa = PBXFileReference; includeInIndex = 1; lastKnownFileType = text; name = AppBaseKit.podspec; path = ../AppBaseKit.podspec; sourceTree = "<group>"; };
		607FACD01AFB9204008FA782 /* AppBaseKit_Example.app */ = {isa = PBXFileReference; explicitFileType = wrapper.application; includeInIndex = 0; path = AppBaseKit_Example.app; sourceTree = BUILT_PRODUCTS_DIR; };
		607FACD41AFB9204008FA782 /* Info.plist */ = {isa = PBXFileReference; lastKnownFileType = text.plist.xml; path = Info.plist; sourceTree = "<group>"; };
		607FACD51AFB9204008FA782 /* AppDelegate.swift */ = {isa = PBXFileReference; lastKnownFileType = sourcecode.swift; path = AppDelegate.swift; sourceTree = "<group>"; };
		607FACD71AFB9204008FA782 /* ViewController.swift */ = {isa = PBXFileReference; lastKnownFileType = sourcecode.swift; path = ViewController.swift; sourceTree = "<group>"; };
		607FACDC1AFB9204008FA782 /* Images.xcassets */ = {isa = PBXFileReference; lastKnownFileType = folder.assetcatalog; path = Images.xcassets; sourceTree = "<group>"; };
		607FACDF1AFB9204008FA782 /* Base */ = {isa = PBXFileReference; lastKnownFileType = file.xib; name = Base; path = Base.lproj/LaunchScreen.xib; sourceTree = "<group>"; };
		607FACE51AFB9204008FA782 /* AppBaseKit_Tests.xctest */ = {isa = PBXFileReference; explicitFileType = wrapper.cfbundle; includeInIndex = 0; path = AppBaseKit_Tests.xctest; sourceTree = BUILT_PRODUCTS_DIR; };
		607FACEA1AFB9204008FA782 /* Info.plist */ = {isa = PBXFileReference; lastKnownFileType = text.plist.xml; path = Info.plist; sourceTree = "<group>"; };
		607FACEB1AFB9204008FA782 /* Tests.swift */ = {isa = PBXFileReference; lastKnownFileType = sourcecode.swift; path = Tests.swift; sourceTree = "<group>"; };
		85786E234EA99C27803F8D59 /* Pods-AppBaseKit_Example.debug.xcconfig */ = {isa = PBXFileReference; includeInIndex = 1; lastKnownFileType = text.xcconfig; name = "Pods-AppBaseKit_Example.debug.xcconfig"; path = "Pods/Target Support Files/Pods-AppBaseKit_Example/Pods-AppBaseKit_Example.debug.xcconfig"; sourceTree = "<group>"; };
		9E24F9851E7FAED9001AD0D7 /* AppBaseKit.framework */ = {isa = PBXFileReference; explicitFileType = wrapper.framework; includeInIndex = 0; path = AppBaseKit.framework; sourceTree = BUILT_PRODUCTS_DIR; };
		9E24F9871E7FAED9001AD0D7 /* AppBaseKit.h */ = {isa = PBXFileReference; lastKnownFileType = sourcecode.c.h; path = AppBaseKit.h; sourceTree = "<group>"; };
		9E24F9881E7FAED9001AD0D7 /* Info.plist */ = {isa = PBXFileReference; lastKnownFileType = text.plist.xml; path = Info.plist; sourceTree = "<group>"; };
		9E24F9941E7FAEF1001AD0D7 /* NSFileManager+AppBaseKit.swift */ = {isa = PBXFileReference; fileEncoding = 4; lastKnownFileType = sourcecode.swift; path = "NSFileManager+AppBaseKit.swift"; sourceTree = "<group>"; };
		9E24F9951E7FAEF1001AD0D7 /* NSObject+Closure.swift */ = {isa = PBXFileReference; fileEncoding = 4; lastKnownFileType = sourcecode.swift; path = "NSObject+Closure.swift"; sourceTree = "<group>"; };
		9E24F9961E7FAEF1001AD0D7 /* String+AppBaseKit.swift */ = {isa = PBXFileReference; fileEncoding = 4; lastKnownFileType = sourcecode.swift; path = "String+AppBaseKit.swift"; sourceTree = "<group>"; };
		9E24F9981E7FAEF1001AD0D7 /* UIAlertController+AppBaseKit.swift */ = {isa = PBXFileReference; fileEncoding = 4; lastKnownFileType = sourcecode.swift; path = "UIAlertController+AppBaseKit.swift"; sourceTree = "<group>"; };
		9E24F9991E7FAEF1001AD0D7 /* UIAlertView+AppBaseKit.swift */ = {isa = PBXFileReference; fileEncoding = 4; lastKnownFileType = sourcecode.swift; path = "UIAlertView+AppBaseKit.swift"; sourceTree = "<group>"; };
		9E24F99A1E7FAEF1001AD0D7 /* UIApplication+AppBaseKit.swift */ = {isa = PBXFileReference; fileEncoding = 4; lastKnownFileType = sourcecode.swift; path = "UIApplication+AppBaseKit.swift"; sourceTree = "<group>"; };
		9E24F99B1E7FAEF1001AD0D7 /* UIColor+AppBaseKit.swift */ = {isa = PBXFileReference; fileEncoding = 4; lastKnownFileType = sourcecode.swift; path = "UIColor+AppBaseKit.swift"; sourceTree = "<group>"; };
		9E24F99C1E7FAEF1001AD0D7 /* UIFont+AppBaseKit.swift */ = {isa = PBXFileReference; fileEncoding = 4; lastKnownFileType = sourcecode.swift; path = "UIFont+AppBaseKit.swift"; sourceTree = "<group>"; };
		9E24F99D1E7FAEF1001AD0D7 /* UIImage+AppBaseKit.swift */ = {isa = PBXFileReference; fileEncoding = 4; lastKnownFileType = sourcecode.swift; path = "UIImage+AppBaseKit.swift"; sourceTree = "<group>"; };
		9E24F99E1E7FAEF1001AD0D7 /* UIView+AppBaseKit.swift */ = {isa = PBXFileReference; fileEncoding = 4; lastKnownFileType = sourcecode.swift; path = "UIView+AppBaseKit.swift"; sourceTree = "<group>"; };
		9E24F9A01E7FAEF1001AD0D7 /* AppNavigationController.swift */ = {isa = PBXFileReference; fileEncoding = 4; lastKnownFileType = sourcecode.swift; path = AppNavigationController.swift; sourceTree = "<group>"; };
		9E24F9A11E7FAEF1001AD0D7 /* AppPaths.swift */ = {isa = PBXFileReference; fileEncoding = 4; lastKnownFileType = sourcecode.swift; path = AppPaths.swift; sourceTree = "<group>"; };
		9ECCC76D1DBD299F005B4705 /* ViewController2.swift */ = {isa = PBXFileReference; fileEncoding = 4; lastKnownFileType = sourcecode.swift; path = ViewController2.swift; sourceTree = "<group>"; };
		ADF42F6221573B041F34DBBA /* Pods_AppBaseKit_Example.framework */ = {isa = PBXFileReference; explicitFileType = wrapper.framework; includeInIndex = 0; path = Pods_AppBaseKit_Example.framework; sourceTree = BUILT_PRODUCTS_DIR; };
		BA2F8DCFF2CFF3328DF50735 /* Pods-AppBaseKit_Tests.release.xcconfig */ = {isa = PBXFileReference; includeInIndex = 1; lastKnownFileType = text.xcconfig; name = "Pods-AppBaseKit_Tests.release.xcconfig"; path = "Pods/Target Support Files/Pods-AppBaseKit_Tests/Pods-AppBaseKit_Tests.release.xcconfig"; sourceTree = "<group>"; };
/* End PBXFileReference section */

/* Begin PBXFrameworksBuildPhase section */
		607FACCD1AFB9204008FA782 /* Frameworks */ = {
			isa = PBXFrameworksBuildPhase;
			buildActionMask = 2147483647;
			files = (
				5C38CC72AF78AE043A8D3563 /* Pods_AppBaseKit_Example.framework in Frameworks */,
			);
			runOnlyForDeploymentPostprocessing = 0;
		};
		607FACE21AFB9204008FA782 /* Frameworks */ = {
			isa = PBXFrameworksBuildPhase;
			buildActionMask = 2147483647;
			files = (
				8E374C58DEE1F5954DD39592 /* Pods_AppBaseKit_Tests.framework in Frameworks */,
			);
			runOnlyForDeploymentPostprocessing = 0;
		};
		9E24F9811E7FAED9001AD0D7 /* Frameworks */ = {
			isa = PBXFrameworksBuildPhase;
			buildActionMask = 2147483647;
			files = (
			);
			runOnlyForDeploymentPostprocessing = 0;
		};
/* End PBXFrameworksBuildPhase section */

/* Begin PBXGroup section */
		607FACC71AFB9204008FA782 = {
			isa = PBXGroup;
			children = (
				607FACF51AFB993E008FA782 /* Podspec Metadata */,
				607FACD21AFB9204008FA782 /* Example for AppBaseKit */,
				607FACE81AFB9204008FA782 /* Tests */,
				9E24F9861E7FAED9001AD0D7 /* AppBaseKit */,
				607FACD11AFB9204008FA782 /* Products */,
				AC40615017F79EF175EBCF69 /* Pods */,
				745282724A18705E4388B062 /* Frameworks */,
			);
			sourceTree = "<group>";
		};
		607FACD11AFB9204008FA782 /* Products */ = {
			isa = PBXGroup;
			children = (
				607FACD01AFB9204008FA782 /* AppBaseKit_Example.app */,
				607FACE51AFB9204008FA782 /* AppBaseKit_Tests.xctest */,
				9E24F9851E7FAED9001AD0D7 /* AppBaseKit.framework */,
			);
			name = Products;
			sourceTree = "<group>";
		};
		607FACD21AFB9204008FA782 /* Example for AppBaseKit */ = {
			isa = PBXGroup;
			children = (
				607FACD51AFB9204008FA782 /* AppDelegate.swift */,
				607FACD71AFB9204008FA782 /* ViewController.swift */,
				9ECCC76D1DBD299F005B4705 /* ViewController2.swift */,
				607FACDC1AFB9204008FA782 /* Images.xcassets */,
				607FACDE1AFB9204008FA782 /* LaunchScreen.xib */,
				607FACD31AFB9204008FA782 /* Supporting Files */,
			);
			name = "Example for AppBaseKit";
			path = AppBaseKit;
			sourceTree = "<group>";
		};
		607FACD31AFB9204008FA782 /* Supporting Files */ = {
			isa = PBXGroup;
			children = (
				607FACD41AFB9204008FA782 /* Info.plist */,
			);
			name = "Supporting Files";
			sourceTree = "<group>";
		};
		607FACE81AFB9204008FA782 /* Tests */ = {
			isa = PBXGroup;
			children = (
				607FACEB1AFB9204008FA782 /* Tests.swift */,
				607FACE91AFB9204008FA782 /* Supporting Files */,
			);
			path = Tests;
			sourceTree = "<group>";
		};
		607FACE91AFB9204008FA782 /* Supporting Files */ = {
			isa = PBXGroup;
			children = (
				607FACEA1AFB9204008FA782 /* Info.plist */,
			);
			name = "Supporting Files";
			sourceTree = "<group>";
		};
		607FACF51AFB993E008FA782 /* Podspec Metadata */ = {
			isa = PBXGroup;
			children = (
				4DD76BA36EC95BF996D1DECB /* AppBaseKit.podspec */,
				3E4D767F320243702251E875 /* README.md */,
				11B50876088F077D4478E390 /* LICENSE */,
			);
			name = "Podspec Metadata";
			sourceTree = "<group>";
		};
		745282724A18705E4388B062 /* Frameworks */ = {
			isa = PBXGroup;
			children = (
				ADF42F6221573B041F34DBBA /* Pods_AppBaseKit_Example.framework */,
				25E6BC4B5222A1C69B7A4F2A /* Pods_AppBaseKit_Tests.framework */,
			);
			name = Frameworks;
			sourceTree = "<group>";
		};
		9E24F9861E7FAED9001AD0D7 /* AppBaseKit */ = {
			isa = PBXGroup;
			children = (
				9E24F98D1E7FAEF1001AD0D7 /* AppBaseKit */,
				9E24F9871E7FAED9001AD0D7 /* AppBaseKit.h */,
				9E24F9881E7FAED9001AD0D7 /* Info.plist */,
			);
			path = AppBaseKit;
			sourceTree = "<group>";
		};
		9E24F98D1E7FAEF1001AD0D7 /* AppBaseKit */ = {
			isa = PBXGroup;
			children = (
				9E24F9901E7FAEF1001AD0D7 /* Classes */,
			);
			name = AppBaseKit;
			path = ../../AppBaseKit;
			sourceTree = "<group>";
		};
		9E24F9901E7FAEF1001AD0D7 /* Classes */ = {
			isa = PBXGroup;
			children = (
				9E24F9921E7FAEF1001AD0D7 /* Extension */,
				9E24F99F1E7FAEF1001AD0D7 /* Util */,
			);
			path = Classes;
			sourceTree = "<group>";
		};
		9E24F9921E7FAEF1001AD0D7 /* Extension */ = {
			isa = PBXGroup;
			children = (
				9E24F9931E7FAEF1001AD0D7 /* Foundation */,
				9E24F9971E7FAEF1001AD0D7 /* UIKit */,
			);
			path = Extension;
			sourceTree = "<group>";
		};
		9E24F9931E7FAEF1001AD0D7 /* Foundation */ = {
			isa = PBXGroup;
			children = (
				9E24F9941E7FAEF1001AD0D7 /* NSFileManager+AppBaseKit.swift */,
				9E24F9951E7FAEF1001AD0D7 /* NSObject+Closure.swift */,
				9E24F9961E7FAEF1001AD0D7 /* String+AppBaseKit.swift */,
			);
			path = Foundation;
			sourceTree = "<group>";
		};
		9E24F9971E7FAEF1001AD0D7 /* UIKit */ = {
			isa = PBXGroup;
			children = (
				9E24F9981E7FAEF1001AD0D7 /* UIAlertController+AppBaseKit.swift */,
				9E24F9991E7FAEF1001AD0D7 /* UIAlertView+AppBaseKit.swift */,
				9E24F99A1E7FAEF1001AD0D7 /* UIApplication+AppBaseKit.swift */,
				9E24F99B1E7FAEF1001AD0D7 /* UIColor+AppBaseKit.swift */,
				9E24F99C1E7FAEF1001AD0D7 /* UIFont+AppBaseKit.swift */,
				9E24F99D1E7FAEF1001AD0D7 /* UIImage+AppBaseKit.swift */,
				9E24F99E1E7FAEF1001AD0D7 /* UIView+AppBaseKit.swift */,
			);
			path = UIKit;
			sourceTree = "<group>";
		};
		9E24F99F1E7FAEF1001AD0D7 /* Util */ = {
			isa = PBXGroup;
			children = (
				9E24F9A01E7FAEF1001AD0D7 /* AppNavigationController.swift */,
				9E24F9A11E7FAEF1001AD0D7 /* AppPaths.swift */,
			);
			path = Util;
			sourceTree = "<group>";
		};
		AC40615017F79EF175EBCF69 /* Pods */ = {
			isa = PBXGroup;
			children = (
				85786E234EA99C27803F8D59 /* Pods-AppBaseKit_Example.debug.xcconfig */,
				0E5969C692F16822DD8DEBE5 /* Pods-AppBaseKit_Example.release.xcconfig */,
				26506621862CE38119D8EE97 /* Pods-AppBaseKit_Tests.debug.xcconfig */,
				BA2F8DCFF2CFF3328DF50735 /* Pods-AppBaseKit_Tests.release.xcconfig */,
			);
			name = Pods;
			sourceTree = "<group>";
		};
/* End PBXGroup section */

/* Begin PBXHeadersBuildPhase section */
		9E24F9821E7FAED9001AD0D7 /* Headers */ = {
			isa = PBXHeadersBuildPhase;
			buildActionMask = 2147483647;
			files = (
				9E24F9891E7FAED9001AD0D7 /* AppBaseKit.h in Headers */,
			);
			runOnlyForDeploymentPostprocessing = 0;
		};
/* End PBXHeadersBuildPhase section */

/* Begin PBXNativeTarget section */
		607FACCF1AFB9204008FA782 /* AppBaseKit_Example */ = {
			isa = PBXNativeTarget;
			buildConfigurationList = 607FACEF1AFB9204008FA782 /* Build configuration list for PBXNativeTarget "AppBaseKit_Example" */;
			buildPhases = (
				60151BFF5B0BB14ED5BC4101 /* [CP] Check Pods Manifest.lock */,
				607FACCC1AFB9204008FA782 /* Sources */,
				607FACCD1AFB9204008FA782 /* Frameworks */,
				607FACCE1AFB9204008FA782 /* Resources */,
				CA3C5A4CAA457B255D30F709 /* [CP] Embed Pods Frameworks */,
				72C3F126D90FD9D2F1DFD28D /* [CP] Copy Pods Resources */,
			);
			buildRules = (
			);
			dependencies = (
			);
			name = AppBaseKit_Example;
			productName = AppBaseKit;
			productReference = 607FACD01AFB9204008FA782 /* AppBaseKit_Example.app */;
			productType = "com.apple.product-type.application";
		};
		607FACE41AFB9204008FA782 /* AppBaseKit_Tests */ = {
			isa = PBXNativeTarget;
			buildConfigurationList = 607FACF21AFB9204008FA782 /* Build configuration list for PBXNativeTarget "AppBaseKit_Tests" */;
			buildPhases = (
				3B5CE0171ACAD89C49B59A3F /* [CP] Check Pods Manifest.lock */,
				607FACE11AFB9204008FA782 /* Sources */,
				607FACE21AFB9204008FA782 /* Frameworks */,
				607FACE31AFB9204008FA782 /* Resources */,
				C08A9096B12B86D6BB4D67A9 /* [CP] Embed Pods Frameworks */,
				509764B3066C32FB57B7E18F /* [CP] Copy Pods Resources */,
			);
			buildRules = (
			);
			dependencies = (
				607FACE71AFB9204008FA782 /* PBXTargetDependency */,
			);
			name = AppBaseKit_Tests;
			productName = Tests;
			productReference = 607FACE51AFB9204008FA782 /* AppBaseKit_Tests.xctest */;
			productType = "com.apple.product-type.bundle.unit-test";
		};
		9E24F9841E7FAED9001AD0D7 /* AppBaseKit */ = {
			isa = PBXNativeTarget;
			buildConfigurationList = 9E24F98C1E7FAED9001AD0D7 /* Build configuration list for PBXNativeTarget "AppBaseKit" */;
			buildPhases = (
				9E24F9801E7FAED9001AD0D7 /* Sources */,
				9E24F9811E7FAED9001AD0D7 /* Frameworks */,
				9E24F9821E7FAED9001AD0D7 /* Headers */,
				9E24F9831E7FAED9001AD0D7 /* Resources */,
			);
			buildRules = (
			);
			dependencies = (
			);
			name = AppBaseKit;
			productName = AppBaseKit;
			productReference = 9E24F9851E7FAED9001AD0D7 /* AppBaseKit.framework */;
			productType = "com.apple.product-type.framework";
		};
/* End PBXNativeTarget section */

/* Begin PBXProject section */
		607FACC81AFB9204008FA782 /* Project object */ = {
			isa = PBXProject;
			attributes = {
				LastSwiftUpdateCheck = 0720;
				LastUpgradeCheck = 0720;
				ORGANIZATIONNAME = CocoaPods;
				TargetAttributes = {
					607FACCF1AFB9204008FA782 = {
						CreatedOnToolsVersion = 6.3.1;
						LastSwiftMigration = 0800;
					};
					607FACE41AFB9204008FA782 = {
						CreatedOnToolsVersion = 6.3.1;
						LastSwiftMigration = 0800;
						TestTargetID = 607FACCF1AFB9204008FA782;
					};
					9E24F9841E7FAED9001AD0D7 = {
						CreatedOnToolsVersion = 8.2.1;
						DevelopmentTeam = L35WZWVC98;
						ProvisioningStyle = Automatic;
					};
				};
			};
			buildConfigurationList = 607FACCB1AFB9204008FA782 /* Build configuration list for PBXProject "AppBaseKit" */;
			compatibilityVersion = "Xcode 3.2";
			developmentRegion = English;
			hasScannedForEncodings = 0;
			knownRegions = (
				en,
				Base,
			);
			mainGroup = 607FACC71AFB9204008FA782;
			productRefGroup = 607FACD11AFB9204008FA782 /* Products */;
			projectDirPath = "";
			projectRoot = "";
			targets = (
				607FACCF1AFB9204008FA782 /* AppBaseKit_Example */,
				607FACE41AFB9204008FA782 /* AppBaseKit_Tests */,
				9E24F9841E7FAED9001AD0D7 /* AppBaseKit */,
			);
		};
/* End PBXProject section */

/* Begin PBXResourcesBuildPhase section */
		607FACCE1AFB9204008FA782 /* Resources */ = {
			isa = PBXResourcesBuildPhase;
			buildActionMask = 2147483647;
			files = (
				607FACE01AFB9204008FA782 /* LaunchScreen.xib in Resources */,
				607FACDD1AFB9204008FA782 /* Images.xcassets in Resources */,
			);
			runOnlyForDeploymentPostprocessing = 0;
		};
		607FACE31AFB9204008FA782 /* Resources */ = {
			isa = PBXResourcesBuildPhase;
			buildActionMask = 2147483647;
			files = (
			);
			runOnlyForDeploymentPostprocessing = 0;
		};
		9E24F9831E7FAED9001AD0D7 /* Resources */ = {
			isa = PBXResourcesBuildPhase;
			buildActionMask = 2147483647;
			files = (
			);
			runOnlyForDeploymentPostprocessing = 0;
		};
/* End PBXResourcesBuildPhase section */

/* Begin PBXShellScriptBuildPhase section */
		3B5CE0171ACAD89C49B59A3F /* [CP] Check Pods Manifest.lock */ = {
			isa = PBXShellScriptBuildPhase;
			buildActionMask = 2147483647;
			files = (
			);
			inputPaths = (
			);
			name = "[CP] Check Pods Manifest.lock";
			outputPaths = (
			);
			runOnlyForDeploymentPostprocessing = 0;
			shellPath = /bin/sh;
			shellScript = "diff \"${PODS_ROOT}/../Podfile.lock\" \"${PODS_ROOT}/Manifest.lock\" > /dev/null\nif [ $? != 0 ] ; then\n    # print error to STDERR\n    echo \"error: The sandbox is not in sync with the Podfile.lock. Run 'pod install' or update your CocoaPods installation.\" >&2\n    exit 1\nfi\n";
			showEnvVarsInLog = 0;
		};
		509764B3066C32FB57B7E18F /* [CP] Copy Pods Resources */ = {
			isa = PBXShellScriptBuildPhase;
			buildActionMask = 2147483647;
			files = (
			);
			inputPaths = (
			);
			name = "[CP] Copy Pods Resources";
			outputPaths = (
			);
			runOnlyForDeploymentPostprocessing = 0;
			shellPath = /bin/sh;
			shellScript = "\"${SRCROOT}/Pods/Target Support Files/Pods-AppBaseKit_Tests/Pods-AppBaseKit_Tests-resources.sh\"\n";
			showEnvVarsInLog = 0;
		};
		60151BFF5B0BB14ED5BC4101 /* [CP] Check Pods Manifest.lock */ = {
			isa = PBXShellScriptBuildPhase;
			buildActionMask = 2147483647;
			files = (
			);
			inputPaths = (
			);
			name = "[CP] Check Pods Manifest.lock";
			outputPaths = (
			);
			runOnlyForDeploymentPostprocessing = 0;
			shellPath = /bin/sh;
			shellScript = "diff \"${PODS_ROOT}/../Podfile.lock\" \"${PODS_ROOT}/Manifest.lock\" > /dev/null\nif [ $? != 0 ] ; then\n    # print error to STDERR\n    echo \"error: The sandbox is not in sync with the Podfile.lock. Run 'pod install' or update your CocoaPods installation.\" >&2\n    exit 1\nfi\n";
			showEnvVarsInLog = 0;
		};
		72C3F126D90FD9D2F1DFD28D /* [CP] Copy Pods Resources */ = {
			isa = PBXShellScriptBuildPhase;
			buildActionMask = 2147483647;
			files = (
			);
			inputPaths = (
			);
			name = "[CP] Copy Pods Resources";
			outputPaths = (
			);
			runOnlyForDeploymentPostprocessing = 0;
			shellPath = /bin/sh;
			shellScript = "\"${SRCROOT}/Pods/Target Support Files/Pods-AppBaseKit_Example/Pods-AppBaseKit_Example-resources.sh\"\n";
			showEnvVarsInLog = 0;
		};
		C08A9096B12B86D6BB4D67A9 /* [CP] Embed Pods Frameworks */ = {
			isa = PBXShellScriptBuildPhase;
			buildActionMask = 2147483647;
			files = (
			);
			inputPaths = (
			);
			name = "[CP] Embed Pods Frameworks";
			outputPaths = (
			);
			runOnlyForDeploymentPostprocessing = 0;
			shellPath = /bin/sh;
			shellScript = "\"${SRCROOT}/Pods/Target Support Files/Pods-AppBaseKit_Tests/Pods-AppBaseKit_Tests-frameworks.sh\"\n";
			showEnvVarsInLog = 0;
		};
		CA3C5A4CAA457B255D30F709 /* [CP] Embed Pods Frameworks */ = {
			isa = PBXShellScriptBuildPhase;
			buildActionMask = 2147483647;
			files = (
			);
			inputPaths = (
			);
			name = "[CP] Embed Pods Frameworks";
			outputPaths = (
			);
			runOnlyForDeploymentPostprocessing = 0;
			shellPath = /bin/sh;
			shellScript = "\"${SRCROOT}/Pods/Target Support Files/Pods-AppBaseKit_Example/Pods-AppBaseKit_Example-frameworks.sh\"\n";
			showEnvVarsInLog = 0;
		};
/* End PBXShellScriptBuildPhase section */

/* Begin PBXSourcesBuildPhase section */
		607FACCC1AFB9204008FA782 /* Sources */ = {
			isa = PBXSourcesBuildPhase;
			buildActionMask = 2147483647;
			files = (
				607FACD81AFB9204008FA782 /* ViewController.swift in Sources */,
				607FACD61AFB9204008FA782 /* AppDelegate.swift in Sources */,
				9ECCC76E1DBD299F005B4705 /* ViewController2.swift in Sources */,
			);
			runOnlyForDeploymentPostprocessing = 0;
		};
		607FACE11AFB9204008FA782 /* Sources */ = {
			isa = PBXSourcesBuildPhase;
			buildActionMask = 2147483647;
			files = (
				607FACEC1AFB9204008FA782 /* Tests.swift in Sources */,
			);
			runOnlyForDeploymentPostprocessing = 0;
		};
		9E24F9801E7FAED9001AD0D7 /* Sources */ = {
			isa = PBXSourcesBuildPhase;
			buildActionMask = 2147483647;
			files = (
				9E24F9A91E7FAEF1001AD0D7 /* UIApplication+AppBaseKit.swift in Sources */,
				9E24F9A41E7FAEF1001AD0D7 /* NSFileManager+AppBaseKit.swift in Sources */,
				9E24F9A61E7FAEF1001AD0D7 /* String+AppBaseKit.swift in Sources */,
				9E24F9AC1E7FAEF1001AD0D7 /* UIImage+AppBaseKit.swift in Sources */,
				9E24F9A81E7FAEF1001AD0D7 /* UIAlertView+AppBaseKit.swift in Sources */,
				9E24F9A71E7FAEF1001AD0D7 /* UIAlertController+AppBaseKit.swift in Sources */,
				9E24F9AF1E7FAEF1001AD0D7 /* AppPaths.swift in Sources */,
				9E24F9AD1E7FAEF1001AD0D7 /* UIView+AppBaseKit.swift in Sources */,
				9E24F9AE1E7FAEF1001AD0D7 /* AppNavigationController.swift in Sources */,
				9E24F9AA1E7FAEF1001AD0D7 /* UIColor+AppBaseKit.swift in Sources */,
				9E24F9AB1E7FAEF1001AD0D7 /* UIFont+AppBaseKit.swift in Sources */,
				9E24F9A51E7FAEF1001AD0D7 /* NSObject+Closure.swift in Sources */,
			);
			runOnlyForDeploymentPostprocessing = 0;
		};
/* End PBXSourcesBuildPhase section */

/* Begin PBXTargetDependency section */
		607FACE71AFB9204008FA782 /* PBXTargetDependency */ = {
			isa = PBXTargetDependency;
			target = 607FACCF1AFB9204008FA782 /* AppBaseKit_Example */;
			targetProxy = 607FACE61AFB9204008FA782 /* PBXContainerItemProxy */;
		};
/* End PBXTargetDependency section */

/* Begin PBXVariantGroup section */
		607FACDE1AFB9204008FA782 /* LaunchScreen.xib */ = {
			isa = PBXVariantGroup;
			children = (
				607FACDF1AFB9204008FA782 /* Base */,
			);
			name = LaunchScreen.xib;
			sourceTree = "<group>";
		};
/* End PBXVariantGroup section */

/* Begin XCBuildConfiguration section */
		607FACED1AFB9204008FA782 /* Debug */ = {
			isa = XCBuildConfiguration;
			buildSettings = {
				ALWAYS_SEARCH_USER_PATHS = NO;
				CLANG_CXX_LANGUAGE_STANDARD = "gnu++0x";
				CLANG_CXX_LIBRARY = "libc++";
				CLANG_ENABLE_MODULES = YES;
				CLANG_ENABLE_OBJC_ARC = YES;
				CLANG_WARN_BOOL_CONVERSION = YES;
				CLANG_WARN_CONSTANT_CONVERSION = YES;
				CLANG_WARN_DIRECT_OBJC_ISA_USAGE = YES_ERROR;
				CLANG_WARN_EMPTY_BODY = YES;
				CLANG_WARN_ENUM_CONVERSION = YES;
				CLANG_WARN_INT_CONVERSION = YES;
				CLANG_WARN_OBJC_ROOT_CLASS = YES_ERROR;
				CLANG_WARN_UNREACHABLE_CODE = YES;
				CLANG_WARN__DUPLICATE_METHOD_MATCH = YES;
				"CODE_SIGN_IDENTITY[sdk=iphoneos*]" = "iPhone Developer";
				COPY_PHASE_STRIP = NO;
				DEBUG_INFORMATION_FORMAT = "dwarf-with-dsym";
				ENABLE_STRICT_OBJC_MSGSEND = YES;
				ENABLE_TESTABILITY = YES;
				GCC_C_LANGUAGE_STANDARD = gnu99;
				GCC_DYNAMIC_NO_PIC = NO;
				GCC_NO_COMMON_BLOCKS = YES;
				GCC_OPTIMIZATION_LEVEL = 0;
				GCC_PREPROCESSOR_DEFINITIONS = (
					"DEBUG=1",
					"$(inherited)",
				);
				GCC_SYMBOLS_PRIVATE_EXTERN = NO;
				GCC_WARN_64_TO_32_BIT_CONVERSION = YES;
				GCC_WARN_ABOUT_RETURN_TYPE = YES_ERROR;
				GCC_WARN_UNDECLARED_SELECTOR = YES;
				GCC_WARN_UNINITIALIZED_AUTOS = YES_AGGRESSIVE;
				GCC_WARN_UNUSED_FUNCTION = YES;
				GCC_WARN_UNUSED_VARIABLE = YES;
				IPHONEOS_DEPLOYMENT_TARGET = 8.3;
				MTL_ENABLE_DEBUG_INFO = YES;
				ONLY_ACTIVE_ARCH = YES;
				SDKROOT = iphoneos;
				SWIFT_OPTIMIZATION_LEVEL = "-Onone";
			};
			name = Debug;
		};
		607FACEE1AFB9204008FA782 /* Release */ = {
			isa = XCBuildConfiguration;
			buildSettings = {
				ALWAYS_SEARCH_USER_PATHS = NO;
				CLANG_CXX_LANGUAGE_STANDARD = "gnu++0x";
				CLANG_CXX_LIBRARY = "libc++";
				CLANG_ENABLE_MODULES = YES;
				CLANG_ENABLE_OBJC_ARC = YES;
				CLANG_WARN_BOOL_CONVERSION = YES;
				CLANG_WARN_CONSTANT_CONVERSION = YES;
				CLANG_WARN_DIRECT_OBJC_ISA_USAGE = YES_ERROR;
				CLANG_WARN_EMPTY_BODY = YES;
				CLANG_WARN_ENUM_CONVERSION = YES;
				CLANG_WARN_INT_CONVERSION = YES;
				CLANG_WARN_OBJC_ROOT_CLASS = YES_ERROR;
				CLANG_WARN_UNREACHABLE_CODE = YES;
				CLANG_WARN__DUPLICATE_METHOD_MATCH = YES;
				"CODE_SIGN_IDENTITY[sdk=iphoneos*]" = "iPhone Developer";
				COPY_PHASE_STRIP = NO;
				DEBUG_INFORMATION_FORMAT = "dwarf-with-dsym";
				ENABLE_NS_ASSERTIONS = NO;
				ENABLE_STRICT_OBJC_MSGSEND = YES;
				GCC_C_LANGUAGE_STANDARD = gnu99;
				GCC_NO_COMMON_BLOCKS = YES;
				GCC_WARN_64_TO_32_BIT_CONVERSION = YES;
				GCC_WARN_ABOUT_RETURN_TYPE = YES_ERROR;
				GCC_WARN_UNDECLARED_SELECTOR = YES;
				GCC_WARN_UNINITIALIZED_AUTOS = YES_AGGRESSIVE;
				GCC_WARN_UNUSED_FUNCTION = YES;
				GCC_WARN_UNUSED_VARIABLE = YES;
				IPHONEOS_DEPLOYMENT_TARGET = 8.3;
				MTL_ENABLE_DEBUG_INFO = NO;
				SDKROOT = iphoneos;
				VALIDATE_PRODUCT = YES;
			};
			name = Release;
		};
		607FACF01AFB9204008FA782 /* Debug */ = {
			isa = XCBuildConfiguration;
			baseConfigurationReference = 85786E234EA99C27803F8D59 /* Pods-AppBaseKit_Example.debug.xcconfig */;
			buildSettings = {
				ASSETCATALOG_COMPILER_APPICON_NAME = AppIcon;
				INFOPLIST_FILE = AppBaseKit/Info.plist;
				IPHONEOS_DEPLOYMENT_TARGET = 10.0;
				LD_RUNPATH_SEARCH_PATHS = "$(inherited) @executable_path/Frameworks";
				MODULE_NAME = ExampleApp;
				PRODUCT_BUNDLE_IDENTIFIER = "org.cocoapods.demo.$(PRODUCT_NAME:rfc1034identifier)";
				PRODUCT_NAME = "$(TARGET_NAME)";
				SWIFT_VERSION = 3.0;
			};
			name = Debug;
		};
		607FACF11AFB9204008FA782 /* Release */ = {
			isa = XCBuildConfiguration;
			baseConfigurationReference = 0E5969C692F16822DD8DEBE5 /* Pods-AppBaseKit_Example.release.xcconfig */;
			buildSettings = {
				ASSETCATALOG_COMPILER_APPICON_NAME = AppIcon;
				INFOPLIST_FILE = AppBaseKit/Info.plist;
				IPHONEOS_DEPLOYMENT_TARGET = 10.0;
				LD_RUNPATH_SEARCH_PATHS = "$(inherited) @executable_path/Frameworks";
				MODULE_NAME = ExampleApp;
				PRODUCT_BUNDLE_IDENTIFIER = "org.cocoapods.demo.$(PRODUCT_NAME:rfc1034identifier)";
				PRODUCT_NAME = "$(TARGET_NAME)";
				SWIFT_VERSION = 3.0;
			};
			name = Release;
		};
		607FACF31AFB9204008FA782 /* Debug */ = {
			isa = XCBuildConfiguration;
			baseConfigurationReference = 26506621862CE38119D8EE97 /* Pods-AppBaseKit_Tests.debug.xcconfig */;
			buildSettings = {
				FRAMEWORK_SEARCH_PATHS = (
					"$(SDKROOT)/Developer/Library/Frameworks",
					"$(inherited)",
				);
				GCC_PREPROCESSOR_DEFINITIONS = (
					"DEBUG=1",
					"$(inherited)",
				);
				INFOPLIST_FILE = Tests/Info.plist;
				LD_RUNPATH_SEARCH_PATHS = "$(inherited) @executable_path/Frameworks @loader_path/Frameworks";
				PRODUCT_BUNDLE_IDENTIFIER = "org.cocoapods.$(PRODUCT_NAME:rfc1034identifier)";
				PRODUCT_NAME = "$(TARGET_NAME)";
				SWIFT_VERSION = 3.0;
			};
			name = Debug;
		};
		607FACF41AFB9204008FA782 /* Release */ = {
			isa = XCBuildConfiguration;
			baseConfigurationReference = BA2F8DCFF2CFF3328DF50735 /* Pods-AppBaseKit_Tests.release.xcconfig */;
			buildSettings = {
				FRAMEWORK_SEARCH_PATHS = (
					"$(SDKROOT)/Developer/Library/Frameworks",
					"$(inherited)",
				);
				INFOPLIST_FILE = Tests/Info.plist;
				LD_RUNPATH_SEARCH_PATHS = "$(inherited) @executable_path/Frameworks @loader_path/Frameworks";
				PRODUCT_BUNDLE_IDENTIFIER = "org.cocoapods.$(PRODUCT_NAME:rfc1034identifier)";
				PRODUCT_NAME = "$(TARGET_NAME)";
				SWIFT_VERSION = 3.0;
			};
			name = Release;
		};
		9E24F98A1E7FAED9001AD0D7 /* Debug */ = {
			isa = XCBuildConfiguration;
			buildSettings = {
				CLANG_ANALYZER_NONNULL = YES;
				CLANG_WARN_DOCUMENTATION_COMMENTS = YES;
				CLANG_WARN_INFINITE_RECURSION = YES;
				CLANG_WARN_SUSPICIOUS_MOVE = YES;
				CODE_SIGN_IDENTITY = "";
				CURRENT_PROJECT_VERSION = 1;
				DEBUG_INFORMATION_FORMAT = dwarf;
				DEFINES_MODULE = YES;
				DEVELOPMENT_TEAM = L35WZWVC98;
				DYLIB_COMPATIBILITY_VERSION = 1;
				DYLIB_CURRENT_VERSION = 1;
				DYLIB_INSTALL_NAME_BASE = "@rpath";
				INFOPLIST_FILE = AppBaseKit/Info.plist;
				INSTALL_PATH = "$(LOCAL_LIBRARY_DIR)/Frameworks";
				IPHONEOS_DEPLOYMENT_TARGET = 8.0;
				LD_RUNPATH_SEARCH_PATHS = "$(inherited) @executable_path/Frameworks @loader_path/Frameworks";
				PRODUCT_BUNDLE_IDENTIFIER = com.zixun.AppBaseKit;
				PRODUCT_NAME = "$(TARGET_NAME)";
				SKIP_INSTALL = YES;
				SWIFT_ACTIVE_COMPILATION_CONDITIONS = DEBUG;
				SWIFT_VERSION = 3.0;
				TARGETED_DEVICE_FAMILY = "1,2";
				VERSIONING_SYSTEM = "apple-generic";
				VERSION_INFO_PREFIX = "";
			};
			name = Debug;
		};
		9E24F98B1E7FAED9001AD0D7 /* Release */ = {
			isa = XCBuildConfiguration;
			buildSettings = {
				CLANG_ANALYZER_NONNULL = YES;
				CLANG_WARN_DOCUMENTATION_COMMENTS = YES;
				CLANG_WARN_INFINITE_RECURSION = YES;
				CLANG_WARN_SUSPICIOUS_MOVE = YES;
				CODE_SIGN_IDENTITY = "";
				CURRENT_PROJECT_VERSION = 1;
				DEFINES_MODULE = YES;
				DEVELOPMENT_TEAM = L35WZWVC98;
				DYLIB_COMPATIBILITY_VERSION = 1;
				DYLIB_CURRENT_VERSION = 1;
				DYLIB_INSTALL_NAME_BASE = "@rpath";
				INFOPLIST_FILE = AppBaseKit/Info.plist;
				INSTALL_PATH = "$(LOCAL_LIBRARY_DIR)/Frameworks";
				IPHONEOS_DEPLOYMENT_TARGET = 8.0;
				LD_RUNPATH_SEARCH_PATHS = "$(inherited) @executable_path/Frameworks @loader_path/Frameworks";
				PRODUCT_BUNDLE_IDENTIFIER = com.zixun.AppBaseKit;
				PRODUCT_NAME = "$(TARGET_NAME)";
				SKIP_INSTALL = YES;
				SWIFT_OPTIMIZATION_LEVEL = "-Owholemodule";
				SWIFT_VERSION = 3.0;
				TARGETED_DEVICE_FAMILY = "1,2";
				VERSIONING_SYSTEM = "apple-generic";
				VERSION_INFO_PREFIX = "";
			};
			name = Release;
		};
/* End XCBuildConfiguration section */

/* Begin XCConfigurationList section */
		607FACCB1AFB9204008FA782 /* Build configuration list for PBXProject "AppBaseKit" */ = {
			isa = XCConfigurationList;
			buildConfigurations = (
				607FACED1AFB9204008FA782 /* Debug */,
				607FACEE1AFB9204008FA782 /* Release */,
			);
			defaultConfigurationIsVisible = 0;
			defaultConfigurationName = Release;
		};
		607FACEF1AFB9204008FA782 /* Build configuration list for PBXNativeTarget "AppBaseKit_Example" */ = {
			isa = XCConfigurationList;
			buildConfigurations = (
				607FACF01AFB9204008FA782 /* Debug */,
				607FACF11AFB9204008FA782 /* Release */,
			);
			defaultConfigurationIsVisible = 0;
			defaultConfigurationName = Release;
		};
		607FACF21AFB9204008FA782 /* Build configuration list for PBXNativeTarget "AppBaseKit_Tests" */ = {
			isa = XCConfigurationList;
			buildConfigurations = (
				607FACF31AFB9204008FA782 /* Debug */,
				607FACF41AFB9204008FA782 /* Release */,
			);
			defaultConfigurationIsVisible = 0;
			defaultConfigurationName = Release;
		};
		9E24F98C1E7FAED9001AD0D7 /* Build configuration list for PBXNativeTarget "AppBaseKit" */ = {
			isa = XCConfigurationList;
			buildConfigurations = (
				9E24F98A1E7FAED9001AD0D7 /* Debug */,
				9E24F98B1E7FAED9001AD0D7 /* Release */,
			);
			defaultConfigurationIsVisible = 0;
			defaultConfigurationName = Release;
		};
/* End XCConfigurationList section */
	};
	rootObject = 607FACC81AFB9204008FA782 /* Project object */;
}
