// !$*UTF8*$!
{
	archiveVersion = 1;
	classes = {
	};
	objectVersion = 46;
	objects = {

/* Begin PBXBuildFile section */
		48A199B61D8C53AC00C443D3 /* Main.storyboard in Resources */ = {isa = PBXBuildFile; fileRef = 48A199B41D8C53AC00C443D3 /* Main.storyboard */; };
		48A199B81D8C53AC00C443D3 /* Assets.xcassets in Resources */ = {isa = PBXBuildFile; fileRef = 48A199B71D8C53AC00C443D3 /* Assets.xcassets */; };
		48A199BB1D8C53AC00C443D3 /* LaunchScreen.storyboard in Resources */ = {isa = PBXBuildFile; fileRef = 48A199B91D8C53AC00C443D3 /* LaunchScreen.storyboard */; };
		48A199C51D8C53DB00C443D3 /* AppDelegate.swift in Sources */ = {isa = PBXBuildFile; fileRef = 48A199C31D8C53DB00C443D3 /* AppDelegate.swift */; };
		48A199C81D8C53E200C443D3 /* MainViewController.swift in Sources */ = {isa = PBXBuildFile; fileRef = 48A199C71D8C53E200C443D3 /* MainViewController.swift */; };
		48A199CD1D8C546000C443D3 /* Baymax.jpg in Resources */ = {isa = PBXBuildFile; fileRef = 48A199C91D8C546000C443D3 /* Baymax.jpg */; };
		48A199CE1D8C546000C443D3 /* BB8.jpg in Resources */ = {isa = PBXBuildFile; fileRef = 48A199CA1D8C546000C443D3 /* BB8.jpg */; };
		48A199CF1D8C546000C443D3 /* Images.zip in Resources */ = {isa = PBXBuildFile; fileRef = 48A199CB1D8C546000C443D3 /* Images.zip */; };
		48A199D01D8C546000C443D3 /* Stitch.jpg in Resources */ = {isa = PBXBuildFile; fileRef = 48A199CC1D8C546000C443D3 /* Stitch.jpg */; };
		48A24C331D8C59250044C697 /* FileBrowser.framework in Frameworks */ = {isa = PBXBuildFile; fileRef = 48A24C321D8C59250044C697 /* FileBrowser.framework */; };
/* End PBXBuildFile section */

/* Begin PBXCopyFilesBuildPhase section */
		48A199DD1D8C564100C443D3 /* Embed Frameworks */ = {
			isa = PBXCopyFilesBuildPhase;
			buildActionMask = 2147483647;
			dstPath = "";
			dstSubfolderSpec = 10;
			files = (
			);
			name = "Embed Frameworks";
			runOnlyForDeploymentPostprocessing = 0;
		};
/* End PBXCopyFilesBuildPhase section */

/* Begin PBXFileReference section */
		48A199AD1D8C53AC00C443D3 /* Sample.app */ = {isa = PBXFileReference; explicitFileType = wrapper.application; includeInIndex = 0; path = Sample.app; sourceTree = BUILT_PRODUCTS_DIR; };
		48A199B51D8C53AC00C443D3 /* Base */ = {isa = PBXFileReference; lastKnownFileType = file.storyboard; name = Base; path = Base.lproj/Main.storyboard; sourceTree = "<group>"; };
		48A199B71D8C53AC00C443D3 /* Assets.xcassets */ = {isa = PBXFileReference; lastKnownFileType = folder.assetcatalog; path = Assets.xcassets; sourceTree = "<group>"; };
		48A199BA1D8C53AC00C443D3 /* Base */ = {isa = PBXFileReference; lastKnownFileType = file.storyboard; name = Base; path = Base.lproj/LaunchScreen.storyboard; sourceTree = "<group>"; };
		48A199C31D8C53DB00C443D3 /* AppDelegate.swift */ = {isa = PBXFileReference; fileEncoding = 4; lastKnownFileType = sourcecode.swift; name = AppDelegate.swift; path = "Supporting Files/AppDelegate.swift"; sourceTree = "<group>"; };
		48A199C41D8C53DB00C443D3 /* Info.plist */ = {isa = PBXFileReference; fileEncoding = 4; lastKnownFileType = text.plist.xml; name = Info.plist; path = "Supporting Files/Info.plist"; sourceTree = "<group>"; };
		48A199C71D8C53E200C443D3 /* MainViewController.swift */ = {isa = PBXFileReference; fileEncoding = 4; lastKnownFileType = sourcecode.swift; name = MainViewController.swift; path = "View Controller/MainViewController.swift"; sourceTree = "<group>"; };
		48A199C91D8C546000C443D3 /* Baymax.jpg */ = {isa = PBXFileReference; lastKnownFileType = image.jpeg; path = Baymax.jpg; sourceTree = "<group>"; };
		48A199CA1D8C546000C443D3 /* BB8.jpg */ = {isa = PBXFileReference; lastKnownFileType = image.jpeg; path = BB8.jpg; sourceTree = "<group>"; };
		48A199CB1D8C546000C443D3 /* Images.zip */ = {isa = PBXFileReference; lastKnownFileType = archive.zip; path = Images.zip; sourceTree = "<group>"; };
		48A199CC1D8C546000C443D3 /* Stitch.jpg */ = {isa = PBXFileReference; lastKnownFileType = image.jpeg; path = Stitch.jpg; sourceTree = "<group>"; };
		48A24C321D8C59250044C697 /* FileBrowser.framework */ = {isa = PBXFileReference; lastKnownFileType = wrapper.framework; name = FileBrowser.framework; path = "../../../../Library/Developer/Xcode/DerivedData/FileBrowserWorkspace-gvwbufuzyigeyaecovnmsyswnfyi/Build/Products/Debug-iphoneos/FileBrowser.framework"; sourceTree = "<group>"; };
/* End PBXFileReference section */

/* Begin PBXFrameworksBuildPhase section */
		48A199AA1D8C53AC00C443D3 /* Frameworks */ = {
			isa = PBXFrameworksBuildPhase;
			buildActionMask = 2147483647;
			files = (
				48A24C331D8C59250044C697 /* FileBrowser.framework in Frameworks */,
			);
			runOnlyForDeploymentPostprocessing = 0;
		};
/* End PBXFrameworksBuildPhase section */

/* Begin PBXGroup section */
		48A199A41D8C53AC00C443D3 = {
			isa = PBXGroup;
			children = (
				48A199AF1D8C53AC00C443D3 /* Sample */,
				48A199AE1D8C53AC00C443D3 /* Products */,
				48A24C2F1D8C57390044C697 /* Frameworks */,
			);
			sourceTree = "<group>";
		};
		48A199AE1D8C53AC00C443D3 /* Products */ = {
			isa = PBXGroup;
			children = (
				48A199AD1D8C53AC00C443D3 /* Sample.app */,
			);
			name = Products;
			sourceTree = "<group>";
		};
		48A199AF1D8C53AC00C443D3 /* Sample */ = {
			isa = PBXGroup;
			children = (
				48A199D21D8C546F00C443D3 /* View Controller */,
				48A199C21D8C53B700C443D3 /* Supporting Files */,
			);
			path = Sample;
			sourceTree = "<group>";
		};
		48A199C21D8C53B700C443D3 /* Supporting Files */ = {
			isa = PBXGroup;
			children = (
				48A199D11D8C546500C443D3 /* Resources */,
				48A199C31D8C53DB00C443D3 /* AppDelegate.swift */,
				48A199C41D8C53DB00C443D3 /* Info.plist */,
				48A199B41D8C53AC00C443D3 /* Main.storyboard */,
				48A199B71D8C53AC00C443D3 /* Assets.xcassets */,
				48A199B91D8C53AC00C443D3 /* LaunchScreen.storyboard */,
			);
			name = "Supporting Files";
			sourceTree = "<group>";
		};
		48A199D11D8C546500C443D3 /* Resources */ = {
			isa = PBXGroup;
			children = (
				48A199C91D8C546000C443D3 /* Baymax.jpg */,
				48A199CA1D8C546000C443D3 /* BB8.jpg */,
				48A199CB1D8C546000C443D3 /* Images.zip */,
				48A199CC1D8C546000C443D3 /* Stitch.jpg */,
			);
			name = Resources;
			sourceTree = "<group>";
		};
		48A199D21D8C546F00C443D3 /* View Controller */ = {
			isa = PBXGroup;
			children = (
				48A199C71D8C53E200C443D3 /* MainViewController.swift */,
			);
			name = "View Controller";
			sourceTree = "<group>";
		};
		48A24C2F1D8C57390044C697 /* Frameworks */ = {
			isa = PBXGroup;
			children = (
				48A24C321D8C59250044C697 /* FileBrowser.framework */,
			);
			name = Frameworks;
			sourceTree = "<group>";
		};
/* End PBXGroup section */

/* Begin PBXNativeTarget section */
		48A199AC1D8C53AC00C443D3 /* Sample */ = {
			isa = PBXNativeTarget;
			buildConfigurationList = 48A199BF1D8C53AC00C443D3 /* Build configuration list for PBXNativeTarget "Sample" */;
			buildPhases = (
				48A199A91D8C53AC00C443D3 /* Sources */,
				48A199AA1D8C53AC00C443D3 /* Frameworks */,
				48A199AB1D8C53AC00C443D3 /* Resources */,
				48A199DD1D8C564100C443D3 /* Embed Frameworks */,
			);
			buildRules = (
			);
			dependencies = (
			);
			name = Sample;
			productName = Sample;
			productReference = 48A199AD1D8C53AC00C443D3 /* Sample.app */;
			productType = "com.apple.product-type.application";
		};
/* End PBXNativeTarget section */

/* Begin PBXProject section */
		48A199A51D8C53AC00C443D3 /* Project object */ = {
			isa = PBXProject;
			attributes = {
				LastSwiftUpdateCheck = 0800;
				LastUpgradeCheck = 0800;
				ORGANIZATIONNAME = "Mihail Șalari";
				TargetAttributes = {
					48A199AC1D8C53AC00C443D3 = {
						CreatedOnToolsVersion = 8.0;
						DevelopmentTeam = U82TG7992X;
						LastSwiftMigration = 0800;
						ProvisioningStyle = Automatic;
					};
				};
			};
			buildConfigurationList = 48A199A81D8C53AC00C443D3 /* Build configuration list for PBXProject "Sample" */;
			compatibilityVersion = "Xcode 3.2";
			developmentRegion = English;
			hasScannedForEncodings = 0;
			knownRegions = (
				en,
				Base,
			);
			mainGroup = 48A199A41D8C53AC00C443D3;
			productRefGroup = 48A199AE1D8C53AC00C443D3 /* Products */;
			projectDirPath = "";
			projectRoot = "";
			targets = (
				48A199AC1D8C53AC00C443D3 /* Sample */,
			);
		};
/* End PBXProject section */

/* Begin PBXResourcesBuildPhase section */
		48A199AB1D8C53AC00C443D3 /* Resources */ = {
			isa = PBXResourcesBuildPhase;
			buildActionMask = 2147483647;
			files = (
				48A199BB1D8C53AC00C443D3 /* LaunchScreen.storyboard in Resources */,
				48A199CF1D8C546000C443D3 /* Images.zip in Resources */,
				48A199B81D8C53AC00C443D3 /* Assets.xcassets in Resources */,
				48A199B61D8C53AC00C443D3 /* Main.storyboard in Resources */,
				48A199CD1D8C546000C443D3 /* Baymax.jpg in Resources */,
				48A199D01D8C546000C443D3 /* Stitch.jpg in Resources */,
				48A199CE1D8C546000C443D3 /* BB8.jpg in Resources */,
			);
			runOnlyForDeploymentPostprocessing = 0;
		};
/* End PBXResourcesBuildPhase section */

/* Begin PBXSourcesBuildPhase section */
		48A199A91D8C53AC00C443D3 /* Sources */ = {
			isa = PBXSourcesBuildPhase;
			buildActionMask = 2147483647;
			files = (
				48A199C81D8C53E200C443D3 /* MainViewController.swift in Sources */,
				48A199C51D8C53DB00C443D3 /* AppDelegate.swift in Sources */,
			);
			runOnlyForDeploymentPostprocessing = 0;
		};
/* End PBXSourcesBuildPhase section */

/* Begin PBXVariantGroup section */
		48A199B41D8C53AC00C443D3 /* Main.storyboard */ = {
			isa = PBXVariantGroup;
			children = (
				48A199B51D8C53AC00C443D3 /* Base */,
			);
			name = Main.storyboard;
			sourceTree = "<group>";
		};
		48A199B91D8C53AC00C443D3 /* LaunchScreen.storyboard */ = {
			isa = PBXVariantGroup;
			children = (
				48A199BA1D8C53AC00C443D3 /* Base */,
			);
			name = LaunchScreen.storyboard;
			sourceTree = "<group>";
		};
/* End PBXVariantGroup section */

/* Begin XCBuildConfiguration section */
		48A199BD1D8C53AC00C443D3 /* Debug */ = {
			isa = XCBuildConfiguration;
			buildSettings = {
				ALWAYS_SEARCH_USER_PATHS = NO;
				CLANG_ANALYZER_NONNULL = YES;
				CLANG_CXX_LANGUAGE_STANDARD = "gnu++0x";
				CLANG_CXX_LIBRARY = "libc++";
				CLANG_ENABLE_MODULES = YES;
				CLANG_ENABLE_OBJC_ARC = YES;
				CLANG_WARN_BOOL_CONVERSION = YES;
				CLANG_WARN_CONSTANT_CONVERSION = YES;
				CLANG_WARN_DIRECT_OBJC_ISA_USAGE = YES_ERROR;
				CLANG_WARN_DOCUMENTATION_COMMENTS = YES;
				CLANG_WARN_EMPTY_BODY = YES;
				CLANG_WARN_ENUM_CONVERSION = YES;
				CLANG_WARN_INFINITE_RECURSION = YES;
				CLANG_WARN_INT_CONVERSION = YES;
				CLANG_WARN_OBJC_ROOT_CLASS = YES_ERROR;
				CLANG_WARN_SUSPICIOUS_MOVES = YES;
				CLANG_WARN_UNREACHABLE_CODE = YES;
				CLANG_WARN__DUPLICATE_METHOD_MATCH = YES;
				"CODE_SIGN_IDENTITY[sdk=iphoneos*]" = "iPhone Developer";
				COPY_PHASE_STRIP = NO;
				DEBUG_INFORMATION_FORMAT = dwarf;
				ENABLE_STRICT_OBJC_MSGSEND = YES;
				ENABLE_TESTABILITY = YES;
				GCC_C_LANGUAGE_STANDARD = gnu99;
				GCC_DYNAMIC_NO_PIC = NO;
				GCC_NO_COMMON_BLOCKS = YES;
				GCC_OPTIMIZATION_LEVEL = 0;
				GCC_PREPROCESSOR_DEFINITIONS = (
					"DEBUG=1",
					"$(inherited)",
				);
				GCC_WARN_64_TO_32_BIT_CONVERSION = YES;
				GCC_WARN_ABOUT_RETURN_TYPE = YES_ERROR;
				GCC_WARN_UNDECLARED_SELECTOR = YES;
				GCC_WARN_UNINITIALIZED_AUTOS = YES_AGGRESSIVE;
				GCC_WARN_UNUSED_FUNCTION = YES;
				GCC_WARN_UNUSED_VARIABLE = YES;
				IPHONEOS_DEPLOYMENT_TARGET = 10.0;
				MTL_ENABLE_DEBUG_INFO = YES;
				ONLY_ACTIVE_ARCH = YES;
				SDKROOT = iphoneos;
				SWIFT_ACTIVE_COMPILATION_CONDITIONS = DEBUG;
				SWIFT_OPTIMIZATION_LEVEL = "-Onone";
				TARGETED_DEVICE_FAMILY = "1,2";
			};
			name = Debug;
		};
		48A199BE1D8C53AC00C443D3 /* Release */ = {
			isa = XCBuildConfiguration;
			buildSettings = {
				ALWAYS_SEARCH_USER_PATHS = NO;
				CLANG_ANALYZER_NONNULL = YES;
				CLANG_CXX_LANGUAGE_STANDARD = "gnu++0x";
				CLANG_CXX_LIBRARY = "libc++";
				CLANG_ENABLE_MODULES = YES;
				CLANG_ENABLE_OBJC_ARC = YES;
				CLANG_WARN_BOOL_CONVERSION = YES;
				CLANG_WARN_CONSTANT_CONVERSION = YES;
				CLANG_WARN_DIRECT_OBJC_ISA_USAGE = YES_ERROR;
				CLANG_WARN_DOCUMENTATION_COMMENTS = YES;
				CLANG_WARN_EMPTY_BODY = YES;
				CLANG_WARN_ENUM_CONVERSION = YES;
				CLANG_WARN_INFINITE_RECURSION = YES;
				CLANG_WARN_INT_CONVERSION = YES;
				CLANG_WARN_OBJC_ROOT_CLASS = YES_ERROR;
				CLANG_WARN_SUSPICIOUS_MOVES = YES;
				CLANG_WARN_UNREACHABLE_CODE = YES;
				CLANG_WARN__DUPLICATE_METHOD_MATCH = YES;
				"CODE_SIGN_IDENTITY[sdk=iphoneos*]" = "iPhone Developer";
				COPY_PHASE_STRIP = NO;
				DEBUG_INFORMATION_FORMAT = "dwarf-with-dsym";
				ENABLE_NS_ASSERTIONS = NO;
				ENABLE_STRICT_OBJC_MSGSEND = YES;
				GCC_C_LANGUAGE_STANDARD = gnu99;
				GCC_NO_COMMON_BLOCKS = YES;
				GCC_WARN_64_TO_32_BIT_CONVERSION = YES;
				GCC_WARN_ABOUT_RETURN_TYPE = YES_ERROR;
				GCC_WARN_UNDECLARED_SELECTOR = YES;
				GCC_WARN_UNINITIALIZED_AUTOS = YES_AGGRESSIVE;
				GCC_WARN_UNUSED_FUNCTION = YES;
				GCC_WARN_UNUSED_VARIABLE = YES;
				IPHONEOS_DEPLOYMENT_TARGET = 10.0;
				MTL_ENABLE_DEBUG_INFO = NO;
				SDKROOT = iphoneos;
				SWIFT_OPTIMIZATION_LEVEL = "-Owholemodule";
				TARGETED_DEVICE_FAMILY = "1,2";
				VALIDATE_PRODUCT = YES;
			};
			name = Release;
		};
		48A199C01D8C53AC00C443D3 /* Debug */ = {
			isa = XCBuildConfiguration;
			buildSettings = {
				ALWAYS_EMBED_SWIFT_STANDARD_LIBRARIES = YES;
				ASSETCATALOG_COMPILER_APPICON_NAME = AppIcon;
				CLANG_ENABLE_MODULES = YES;
				DEVELOPMENT_TEAM = U82TG7992X;
				FRAMEWORK_SEARCH_PATHS = "$(inherited)";
				INFOPLIST_FILE = "$(SRCROOT)/Sample/Supporting Files/Info.plist";
				LD_RUNPATH_SEARCH_PATHS = "$(inherited) @executable_path/Frameworks";
				PRODUCT_BUNDLE_IDENTIFIER = com.mihailsalari.Sample;
				PRODUCT_NAME = "$(TARGET_NAME)";
				SWIFT_OPTIMIZATION_LEVEL = "-Onone";
				SWIFT_VERSION = 3.0;
			};
			name = Debug;
		};
		48A199C11D8C53AC00C443D3 /* Release */ = {
			isa = XCBuildConfiguration;
			buildSettings = {
				ALWAYS_EMBED_SWIFT_STANDARD_LIBRARIES = YES;
				ASSETCATALOG_COMPILER_APPICON_NAME = AppIcon;
				CLANG_ENABLE_MODULES = YES;
				DEVELOPMENT_TEAM = U82TG7992X;
				FRAMEWORK_SEARCH_PATHS = "$(inherited)";
				INFOPLIST_FILE = "$(SRCROOT)/Sample/Supporting Files/Info.plist";
				LD_RUNPATH_SEARCH_PATHS = "$(inherited) @executable_path/Frameworks";
				PRODUCT_BUNDLE_IDENTIFIER = com.mihailsalari.Sample;
				PRODUCT_NAME = "$(TARGET_NAME)";
				SWIFT_VERSION = 3.0;
			};
			name = Release;
		};
/* End XCBuildConfiguration section */

/* Begin XCConfigurationList section */
		48A199A81D8C53AC00C443D3 /* Build configuration list for PBXProject "Sample" */ = {
			isa = XCConfigurationList;
			buildConfigurations = (
				48A199BD1D8C53AC00C443D3 /* Debug */,
				48A199BE1D8C53AC00C443D3 /* Release */,
			);
			defaultConfigurationIsVisible = 0;
			defaultConfigurationName = Release;
		};
		48A199BF1D8C53AC00C443D3 /* Build configuration list for PBXNativeTarget "Sample" */ = {
			isa = XCConfigurationList;
			buildConfigurations = (
				48A199C01D8C53AC00C443D3 /* Debug */,
				48A199C11D8C53AC00C443D3 /* Release */,
			);
			defaultConfigurationIsVisible = 0;
			defaultConfigurationName = Release;
		};
/* End XCConfigurationList section */
	};
	rootObject = 48A199A51D8C53AC00C443D3 /* Project object */;
}
